// !$*UTF8*$!
{
	archiveVersion = 1;
	classes = {
	};
	objectVersion = 55;
	objects = {

/* Begin PBXBuildFile section */
		0755E77B9CAAC16263FCBCAF /* RouteDestination.swift in Sources */ = {isa = PBXBuildFile; fileRef = 4AF6E1195F7E76FB1E65B3A4 /* RouteDestination.swift */; };
		137C4A49312E72E171DB20AE /* LaunchScreen.storyboard in Resources */ = {isa = PBXBuildFile; fileRef = F1D33090D6053A9909551D0F /* LaunchScreen.storyboard */; };
		2831CAFE3EDD91F1FB6EF3BA /* CheckboxToggleStyle.swift in Sources */ = {isa = PBXBuildFile; fileRef = BA18CF671F047E67E2062966 /* CheckboxToggleStyle.swift */; };
		48A52D30B623E451E21452DC /* Iso18013HolderDemoTests.swift in Sources */ = {isa = PBXBuildFile; fileRef = 00F56BB0335D7B191B6A3F0A /* Iso18013HolderDemoTests.swift */; };
		4AA91D0A50549036FAB1B023 /* mdoc_holderUITests.swift in Sources */ = {isa = PBXBuildFile; fileRef = C9962B21F26110B93252A501 /* mdoc_holderUITests.swift */; };
		4AC8A4F5D00CE53C32BAF47E /* mdoc_holderUITestsLaunchTests.swift in Sources */ = {isa = PBXBuildFile; fileRef = 8E70A9DCAFF6730722841C9D /* mdoc_holderUITestsLaunchTests.swift */; };
		646F8E620073B5CD2B1ACC08 /* ButtonControls.swift in Sources */ = {isa = PBXBuildFile; fileRef = 7E024C74A273788B2E6BE2B7 /* ButtonControls.swift */; };
		68C9142F71DA324B35570DDD /* DocDataView.swift in Sources */ = {isa = PBXBuildFile; fileRef = 9C168568AE72A55E14FF960A /* DocDataView.swift */; };
		6D697236484FE71D3E547213 /* CodeScanner in Frameworks */ = {isa = PBXBuildFile; productRef = 1E6EC900D12B703E7BC17B9D /* CodeScanner */; };
		AC2B2F7C55C2B9D24B67A706 /* Localizable.strings in Resources */ = {isa = PBXBuildFile; fileRef = 75A663A39A851322A212B0A4 /* Localizable.strings */; };
		B0267A6A2AFC7DBA000CBD7E /* EudiWalletKit in Frameworks */ = {isa = PBXBuildFile; productRef = B0267A692AFC7DBA000CBD7E /* EudiWalletKit */; };
		BF400B2EB660ABE2031C8FB7 /* MainHolderView.swift in Sources */ = {isa = PBXBuildFile; fileRef = 89A5A599800B794397ECD218 /* MainHolderView.swift */; };
		BF4AC5C1FC5D94A2C5BAD79E /* EUDI_sample_data.json in Resources */ = {isa = PBXBuildFile; fileRef = 1E667FD0ED0BE9CDAB8F44CD /* EUDI_sample_data.json */; };
		C2714E0CCBB5E3CA4B184F0D /* TuistBundle+AppWalletUI.swift in Sources */ = {isa = PBXBuildFile; fileRef = A9F7BE41A4D398B7F47E3156 /* TuistBundle+AppWalletUI.swift */; };
		E1DF46794CEF87BE28D49147 /* WalletUiApp.swift in Sources */ = {isa = PBXBuildFile; fileRef = 6F67E53CF5F6ADBB8CC08FD6 /* WalletUiApp.swift */; };
		E1F46421317B51187BC99BDA /* Assets.xcassets in Resources */ = {isa = PBXBuildFile; fileRef = 82F936434862986E6F6EE3D7 /* Assets.xcassets */; };
		E90AE0E607DB8C2E1760A93E /* Extensions.swift in Sources */ = {isa = PBXBuildFile; fileRef = BBDA3B721143FBCA5399E0B4 /* Extensions.swift */; };
		EA16CDC6343CECAF2F14C7FE /* scytales_root_ca.der in Resources */ = {isa = PBXBuildFile; fileRef = D1D572382ADDD6EEAA3414A1 /* scytales_root_ca.der */; };
		F2E5F2B3B8E22B9E155AA0E5 /* ShareView.swift in Sources */ = {isa = PBXBuildFile; fileRef = 95142D2FACE27999ACC509CC /* ShareView.swift */; };
		FE28A63A68C500BBF1244A16 /* Mockingbird in Frameworks */ = {isa = PBXBuildFile; productRef = 1DE2B3B6C0278F5B747FC69B /* Mockingbird */; };
/* End PBXBuildFile section */

/* Begin PBXContainerItemProxy section */
		7A1CF195045755D3D66FF93C /* PBXContainerItemProxy */ = {
			isa = PBXContainerItemProxy;
			containerPortal = D73AA1CA13963F6BD4A7FEA2 /* Project object */;
			proxyType = 1;
			remoteGlobalIDString = 95FB1C2D56AA0885EB99EC8C;
			remoteInfo = AppWalletUI;
		};
		CA86333CCFA1EF39F8BAB7B1 /* PBXContainerItemProxy */ = {
			isa = PBXContainerItemProxy;
			containerPortal = D73AA1CA13963F6BD4A7FEA2 /* Project object */;
			proxyType = 1;
			remoteGlobalIDString = 95FB1C2D56AA0885EB99EC8C;
			remoteInfo = AppWalletUI;
		};
/* End PBXContainerItemProxy section */

/* Begin PBXCopyFilesBuildPhase section */
		443B9D4FF010EA95137E804A /* Embed Frameworks */ = {
			isa = PBXCopyFilesBuildPhase;
			buildActionMask = 2147483647;
			dstPath = "";
			dstSubfolderSpec = 10;
			files = (
			);
			name = "Embed Frameworks";
			runOnlyForDeploymentPostprocessing = 0;
		};
		6C4EFEC602271C7CA4167FA1 /* Embed Frameworks */ = {
			isa = PBXCopyFilesBuildPhase;
			buildActionMask = 2147483647;
			dstPath = "";
			dstSubfolderSpec = 10;
			files = (
			);
			name = "Embed Frameworks";
			runOnlyForDeploymentPostprocessing = 0;
		};
		7665A1C80E270D652A03AEF7 /* Embed Frameworks */ = {
			isa = PBXCopyFilesBuildPhase;
			buildActionMask = 2147483647;
			dstPath = "";
			dstSubfolderSpec = 10;
			files = (
			);
			name = "Embed Frameworks";
			runOnlyForDeploymentPostprocessing = 0;
		};
/* End PBXCopyFilesBuildPhase section */

/* Begin PBXFileReference section */
		00E5BADE8466669835DCF955 /* AppWalletUITests.xctest */ = {isa = PBXFileReference; explicitFileType = wrapper.cfbundle; includeInIndex = 0; path = AppWalletUITests.xctest; sourceTree = BUILT_PRODUCTS_DIR; };
		00F56BB0335D7B191B6A3F0A /* Iso18013HolderDemoTests.swift */ = {isa = PBXFileReference; lastKnownFileType = sourcecode.swift; path = Iso18013HolderDemoTests.swift; sourceTree = "<group>"; };
		1E667FD0ED0BE9CDAB8F44CD /* EUDI_sample_data.json */ = {isa = PBXFileReference; lastKnownFileType = text.json; path = EUDI_sample_data.json; sourceTree = "<group>"; };
		233AFB61250D044070A69684 /* Info.plist */ = {isa = PBXFileReference; lastKnownFileType = text.plist; path = Info.plist; sourceTree = "<group>"; };
		35FC666D8D44465BD7AFAFFC /* Info.plist */ = {isa = PBXFileReference; lastKnownFileType = text.plist; path = Info.plist; sourceTree = "<group>"; };
		4AF6E1195F7E76FB1E65B3A4 /* RouteDestination.swift */ = {isa = PBXFileReference; lastKnownFileType = sourcecode.swift; path = RouteDestination.swift; sourceTree = "<group>"; };
		4B218B2FA59CA388735D1C68 /* en */ = {isa = PBXFileReference; lastKnownFileType = text.plist.strings; name = en; path = en.lproj/Localizable.strings; sourceTree = "<group>"; };
		516949D2D2F47BC10F034815 /* AppWalletUIUITests.xctest */ = {isa = PBXFileReference; explicitFileType = wrapper.cfbundle; includeInIndex = 0; path = AppWalletUIUITests.xctest; sourceTree = BUILT_PRODUCTS_DIR; };
		6F67E53CF5F6ADBB8CC08FD6 /* WalletUiApp.swift */ = {isa = PBXFileReference; lastKnownFileType = sourcecode.swift; path = WalletUiApp.swift; sourceTree = "<group>"; };
		792B8A651CDB1597E17DE2EB /* Info.plist */ = {isa = PBXFileReference; lastKnownFileType = text.plist; path = Info.plist; sourceTree = "<group>"; };
		7E024C74A273788B2E6BE2B7 /* ButtonControls.swift */ = {isa = PBXFileReference; lastKnownFileType = sourcecode.swift; path = ButtonControls.swift; sourceTree = "<group>"; };
		82F936434862986E6F6EE3D7 /* Assets.xcassets */ = {isa = PBXFileReference; lastKnownFileType = folder.assetcatalog; path = Assets.xcassets; sourceTree = "<group>"; };
		89A5A599800B794397ECD218 /* MainHolderView.swift */ = {isa = PBXFileReference; lastKnownFileType = sourcecode.swift; path = MainHolderView.swift; sourceTree = "<group>"; };
		8E70A9DCAFF6730722841C9D /* mdoc_holderUITestsLaunchTests.swift */ = {isa = PBXFileReference; lastKnownFileType = sourcecode.swift; path = mdoc_holderUITestsLaunchTests.swift; sourceTree = "<group>"; };
		95142D2FACE27999ACC509CC /* ShareView.swift */ = {isa = PBXFileReference; lastKnownFileType = sourcecode.swift; path = ShareView.swift; sourceTree = "<group>"; };
		9C168568AE72A55E14FF960A /* DocDataView.swift */ = {isa = PBXFileReference; lastKnownFileType = sourcecode.swift; path = DocDataView.swift; sourceTree = "<group>"; };
		A9F7BE41A4D398B7F47E3156 /* TuistBundle+AppWalletUI.swift */ = {isa = PBXFileReference; lastKnownFileType = sourcecode.swift; path = "TuistBundle+AppWalletUI.swift"; sourceTree = "<group>"; };
		BA18CF671F047E67E2062966 /* CheckboxToggleStyle.swift */ = {isa = PBXFileReference; lastKnownFileType = sourcecode.swift; path = CheckboxToggleStyle.swift; sourceTree = "<group>"; };
		BBDA3B721143FBCA5399E0B4 /* Extensions.swift */ = {isa = PBXFileReference; lastKnownFileType = sourcecode.swift; path = Extensions.swift; sourceTree = "<group>"; };
		C9962B21F26110B93252A501 /* mdoc_holderUITests.swift */ = {isa = PBXFileReference; lastKnownFileType = sourcecode.swift; path = mdoc_holderUITests.swift; sourceTree = "<group>"; };
		D1D572382ADDD6EEAA3414A1 /* scytales_root_ca.der */ = {isa = PBXFileReference; lastKnownFileType = file; path = scytales_root_ca.der; sourceTree = "<group>"; };
		E979049EC84A42C44A32394B /* AppWalletUI.app */ = {isa = PBXFileReference; explicitFileType = wrapper.application; includeInIndex = 0; path = AppWalletUI.app; sourceTree = BUILT_PRODUCTS_DIR; };
		F1D33090D6053A9909551D0F /* LaunchScreen.storyboard */ = {isa = PBXFileReference; lastKnownFileType = file.storyboard; path = LaunchScreen.storyboard; sourceTree = "<group>"; };
/* End PBXFileReference section */

/* Begin PBXFrameworksBuildPhase section */
		34461774FFD4B62506A6CF8A /* Frameworks */ = {
			isa = PBXFrameworksBuildPhase;
			buildActionMask = 2147483647;
			files = (
			);
			runOnlyForDeploymentPostprocessing = 0;
		};
		CA33C54B1D4FFFAE559975CC /* Frameworks */ = {
			isa = PBXFrameworksBuildPhase;
			buildActionMask = 2147483647;
			files = (
				FE28A63A68C500BBF1244A16 /* Mockingbird in Frameworks */,
			);
			runOnlyForDeploymentPostprocessing = 0;
		};
		E50587A0A418A1ADDDCA894F /* Frameworks */ = {
			isa = PBXFrameworksBuildPhase;
			buildActionMask = 2147483647;
			files = (
				6D697236484FE71D3E547213 /* CodeScanner in Frameworks */,
				B0267A6A2AFC7DBA000CBD7E /* EudiWalletKit in Frameworks */,
			);
			runOnlyForDeploymentPostprocessing = 0;
		};
/* End PBXFrameworksBuildPhase section */

/* Begin PBXGroup section */
		1F2BD7A0750585D379650B47 /* Sources */ = {
			isa = PBXGroup;
			children = (
				6F31E5B1AD6330DD237D9F50 /* Views */,
				6F67E53CF5F6ADBB8CC08FD6 /* WalletUiApp.swift */,
				4AF6E1195F7E76FB1E65B3A4 /* RouteDestination.swift */,
			);
			path = Sources;
			sourceTree = "<group>";
		};
		337716188DFF55EFF395167C /* Sources */ = {
			isa = PBXGroup;
			children = (
				BBDA3B721143FBCA5399E0B4 /* Extensions.swift */,
				C9962B21F26110B93252A501 /* mdoc_holderUITests.swift */,
				8E70A9DCAFF6730722841C9D /* mdoc_holderUITestsLaunchTests.swift */,
			);
			path = Sources;
			sourceTree = "<group>";
		};
		39F5E5C17B0356604D126B1F /* Products */ = {
			isa = PBXGroup;
			children = (
				E979049EC84A42C44A32394B /* AppWalletUI.app */,
				00E5BADE8466669835DCF955 /* AppWalletUITests.xctest */,
				516949D2D2F47BC10F034815 /* AppWalletUIUITests.xctest */,
			);
			name = Products;
			sourceTree = "<group>";
		};
		417CC0689A8A80D6438A02A3 /* Project */ = {
			isa = PBXGroup;
			children = (
				9B2F4D6FFC998509FE71EC43 /* AppWalletUI */,
				A84F5AD98CA83BEFA13BA28C /* Derived */,
			);
			name = Project;
			sourceTree = "<group>";
		};
		476B8F3A6D89C1740EE1E4D9 /* Sample_data */ = {
			isa = PBXGroup;
			children = (
				1E667FD0ED0BE9CDAB8F44CD /* EUDI_sample_data.json */,
				D1D572382ADDD6EEAA3414A1 /* scytales_root_ca.der */,
			);
			path = Sample_data;
			sourceTree = "<group>";
		};
		6C369E857F5870E6FF0BB82C /* Frameworks */ = {
			isa = PBXGroup;
			children = (
			);
			name = Frameworks;
			sourceTree = "<group>";
		};
		6F31E5B1AD6330DD237D9F50 /* Views */ = {
			isa = PBXGroup;
			children = (
				7E024C74A273788B2E6BE2B7 /* ButtonControls.swift */,
				BA18CF671F047E67E2062966 /* CheckboxToggleStyle.swift */,
				9C168568AE72A55E14FF960A /* DocDataView.swift */,
				89A5A599800B794397ECD218 /* MainHolderView.swift */,
				95142D2FACE27999ACC509CC /* ShareView.swift */,
			);
			path = Views;
			sourceTree = "<group>";
		};
		7BAB1285A677005BD4E8AA1F /* Sources */ = {
			isa = PBXGroup;
			children = (
				A9F7BE41A4D398B7F47E3156 /* TuistBundle+AppWalletUI.swift */,
			);
			path = Sources;
			sourceTree = "<group>";
		};
		9B2F4D6FFC998509FE71EC43 /* AppWalletUI */ = {
			isa = PBXGroup;
			children = (
				BC10AFC661F35D13D28D0E72 /* Resources */,
				1F2BD7A0750585D379650B47 /* Sources */,
				FC6E68E3809AA5A3EB2C1435 /* Tests */,
				AD7BD541B7D0F9CB2C3EA414 /* UITests */,
				792B8A651CDB1597E17DE2EB /* Info.plist */,
			);
			path = AppWalletUI;
			sourceTree = "<group>";
		};
		A09B2967052EEFAAACF54E41 = {
			isa = PBXGroup;
			children = (
				417CC0689A8A80D6438A02A3 /* Project */,
				6C369E857F5870E6FF0BB82C /* Frameworks */,
				39F5E5C17B0356604D126B1F /* Products */,
			);
			sourceTree = "<group>";
		};
		A84F5AD98CA83BEFA13BA28C /* Derived */ = {
			isa = PBXGroup;
			children = (
				7BAB1285A677005BD4E8AA1F /* Sources */,
			);
			path = Derived;
			sourceTree = "<group>";
		};
		AD7BD541B7D0F9CB2C3EA414 /* UITests */ = {
			isa = PBXGroup;
			children = (
				337716188DFF55EFF395167C /* Sources */,
				233AFB61250D044070A69684 /* Info.plist */,
			);
			path = UITests;
			sourceTree = "<group>";
		};
		BC10AFC661F35D13D28D0E72 /* Resources */ = {
			isa = PBXGroup;
			children = (
				75A663A39A851322A212B0A4 /* Localizable.strings */,
				476B8F3A6D89C1740EE1E4D9 /* Sample_data */,
				82F936434862986E6F6EE3D7 /* Assets.xcassets */,
				F1D33090D6053A9909551D0F /* LaunchScreen.storyboard */,
			);
			path = Resources;
			sourceTree = "<group>";
		};
		E10BC6F9799496B2B16C1F66 /* Sources */ = {
			isa = PBXGroup;
			children = (
				00F56BB0335D7B191B6A3F0A /* Iso18013HolderDemoTests.swift */,
			);
			path = Sources;
			sourceTree = "<group>";
		};
		FC6E68E3809AA5A3EB2C1435 /* Tests */ = {
			isa = PBXGroup;
			children = (
				E10BC6F9799496B2B16C1F66 /* Sources */,
				35FC666D8D44465BD7AFAFFC /* Info.plist */,
			);
			path = Tests;
			sourceTree = "<group>";
		};
/* End PBXGroup section */

/* Begin PBXNativeTarget section */
		1C1E83D8F0B710D4299D511B /* AppWalletUIUITests */ = {
			isa = PBXNativeTarget;
			buildConfigurationList = 26857C385344AAC3577D0B17 /* Build configuration list for PBXNativeTarget "AppWalletUIUITests" */;
			buildPhases = (
				89C88A5AF63374CD6E5D55C1 /* Sources */,
				B02DE979D1FB6631349D311A /* Resources */,
				443B9D4FF010EA95137E804A /* Embed Frameworks */,
				34461774FFD4B62506A6CF8A /* Frameworks */,
			);
			buildRules = (
			);
			dependencies = (
				F7E0506BAC4387E51FC9E8A8 /* PBXTargetDependency */,
			);
			name = AppWalletUIUITests;
			productName = AppWalletUIUITests;
			productReference = 516949D2D2F47BC10F034815 /* AppWalletUIUITests.xctest */;
			productType = "com.apple.product-type.bundle.ui-testing";
		};
		1E091924599444FDB774C590 /* AppWalletUITests */ = {
			isa = PBXNativeTarget;
			buildConfigurationList = 93D574D210BA942D0D42E75E /* Build configuration list for PBXNativeTarget "AppWalletUITests" */;
			buildPhases = (
				3DF95DC87C0BD034026A7C84 /* Sources */,
				4133C4D1AB45A5AFCA6C20C5 /* Resources */,
				7665A1C80E270D652A03AEF7 /* Embed Frameworks */,
				CA33C54B1D4FFFAE559975CC /* Frameworks */,
			);
			buildRules = (
			);
			dependencies = (
				9587FB61B53C0F00B93E281B /* PBXTargetDependency */,
			);
			name = AppWalletUITests;
			packageProductDependencies = (
				1DE2B3B6C0278F5B747FC69B /* Mockingbird */,
			);
			productName = AppWalletUITests;
			productReference = 00E5BADE8466669835DCF955 /* AppWalletUITests.xctest */;
			productType = "com.apple.product-type.bundle.ui-testing";
		};
		95FB1C2D56AA0885EB99EC8C /* AppWalletUI */ = {
			isa = PBXNativeTarget;
			buildConfigurationList = 42F3F76BA28CDC8DD5443012 /* Build configuration list for PBXNativeTarget "AppWalletUI" */;
			buildPhases = (
				A0826E2B83CB6D284E1F9474 /* Sources */,
				19DDA7B8BEA3EC96B1EB1A44 /* Resources */,
				6C4EFEC602271C7CA4167FA1 /* Embed Frameworks */,
				E50587A0A418A1ADDDCA894F /* Frameworks */,
			);
			buildRules = (
			);
			dependencies = (
			);
			name = AppWalletUI;
			packageProductDependencies = (
				1E6EC900D12B703E7BC17B9D /* CodeScanner */,
				B0267A692AFC7DBA000CBD7E /* EudiWalletKit */,
			);
			productName = AppWalletUI;
			productReference = E979049EC84A42C44A32394B /* AppWalletUI.app */;
			productType = "com.apple.product-type.application";
		};
/* End PBXNativeTarget section */

/* Begin PBXProject section */
		D73AA1CA13963F6BD4A7FEA2 /* Project object */ = {
			isa = PBXProject;
			attributes = {
				BuildIndependentTargetsInParallel = YES;
				ORGANIZATIONNAME = EUDIW;
				TargetAttributes = {
					1C1E83D8F0B710D4299D511B = {
						TestTargetID = 95FB1C2D56AA0885EB99EC8C;
					};
					1E091924599444FDB774C590 = {
						TestTargetID = 95FB1C2D56AA0885EB99EC8C;
					};
				};
			};
			buildConfigurationList = 9AA7AC0F09CEC04821BFC603 /* Build configuration list for PBXProject "AppWalletUI" */;
			compatibilityVersion = "Xcode 13.0";
			developmentRegion = en;
			hasScannedForEncodings = 0;
			knownRegions = (
				Base,
				en,
			);
			mainGroup = A09B2967052EEFAAACF54E41;
			packageReferences = (
				454347FA150C90F12514CBFA /* XCRemoteSwiftPackageReference "mockingbird" */,
				837260188995F5FD097D3E04 /* XCRemoteSwiftPackageReference "eudi-lib-ios-wallet-kit" */,
				20E644FBA6225E6193776DDB /* XCRemoteSwiftPackageReference "CodeScanner" */,
			);
			productRefGroup = 39F5E5C17B0356604D126B1F /* Products */;
			projectDirPath = "";
			projectRoot = "";
			targets = (
				95FB1C2D56AA0885EB99EC8C /* AppWalletUI */,
				1E091924599444FDB774C590 /* AppWalletUITests */,
				1C1E83D8F0B710D4299D511B /* AppWalletUIUITests */,
			);
		};
/* End PBXProject section */

/* Begin PBXResourcesBuildPhase section */
		19DDA7B8BEA3EC96B1EB1A44 /* Resources */ = {
			isa = PBXResourcesBuildPhase;
			buildActionMask = 2147483647;
			files = (
				E1F46421317B51187BC99BDA /* Assets.xcassets in Resources */,
				137C4A49312E72E171DB20AE /* LaunchScreen.storyboard in Resources */,
				BF4AC5C1FC5D94A2C5BAD79E /* EUDI_sample_data.json in Resources */,
				EA16CDC6343CECAF2F14C7FE /* scytales_root_ca.der in Resources */,
				AC2B2F7C55C2B9D24B67A706 /* Localizable.strings in Resources */,
			);
			runOnlyForDeploymentPostprocessing = 0;
		};
		4133C4D1AB45A5AFCA6C20C5 /* Resources */ = {
			isa = PBXResourcesBuildPhase;
			buildActionMask = 2147483647;
			files = (
			);
			runOnlyForDeploymentPostprocessing = 0;
		};
		B02DE979D1FB6631349D311A /* Resources */ = {
			isa = PBXResourcesBuildPhase;
			buildActionMask = 2147483647;
			files = (
			);
			runOnlyForDeploymentPostprocessing = 0;
		};
/* End PBXResourcesBuildPhase section */

/* Begin PBXSourcesBuildPhase section */
		3DF95DC87C0BD034026A7C84 /* Sources */ = {
			isa = PBXSourcesBuildPhase;
			buildActionMask = 2147483647;
			files = (
				48A52D30B623E451E21452DC /* Iso18013HolderDemoTests.swift in Sources */,
			);
			runOnlyForDeploymentPostprocessing = 0;
		};
		89C88A5AF63374CD6E5D55C1 /* Sources */ = {
			isa = PBXSourcesBuildPhase;
			buildActionMask = 2147483647;
			files = (
				E90AE0E607DB8C2E1760A93E /* Extensions.swift in Sources */,
				4AA91D0A50549036FAB1B023 /* mdoc_holderUITests.swift in Sources */,
				4AC8A4F5D00CE53C32BAF47E /* mdoc_holderUITestsLaunchTests.swift in Sources */,
			);
			runOnlyForDeploymentPostprocessing = 0;
		};
		A0826E2B83CB6D284E1F9474 /* Sources */ = {
			isa = PBXSourcesBuildPhase;
			buildActionMask = 2147483647;
			files = (
				0755E77B9CAAC16263FCBCAF /* RouteDestination.swift in Sources */,
				646F8E620073B5CD2B1ACC08 /* ButtonControls.swift in Sources */,
				2831CAFE3EDD91F1FB6EF3BA /* CheckboxToggleStyle.swift in Sources */,
				68C9142F71DA324B35570DDD /* DocDataView.swift in Sources */,
				BF400B2EB660ABE2031C8FB7 /* MainHolderView.swift in Sources */,
				F2E5F2B3B8E22B9E155AA0E5 /* ShareView.swift in Sources */,
				E1DF46794CEF87BE28D49147 /* WalletUiApp.swift in Sources */,
				C2714E0CCBB5E3CA4B184F0D /* TuistBundle+AppWalletUI.swift in Sources */,
			);
			runOnlyForDeploymentPostprocessing = 0;
		};
/* End PBXSourcesBuildPhase section */

/* Begin PBXTargetDependency section */
		9587FB61B53C0F00B93E281B /* PBXTargetDependency */ = {
			isa = PBXTargetDependency;
			name = AppWalletUI;
			target = 95FB1C2D56AA0885EB99EC8C /* AppWalletUI */;
			targetProxy = 7A1CF195045755D3D66FF93C /* PBXContainerItemProxy */;
		};
		F7E0506BAC4387E51FC9E8A8 /* PBXTargetDependency */ = {
			isa = PBXTargetDependency;
			name = AppWalletUI;
			target = 95FB1C2D56AA0885EB99EC8C /* AppWalletUI */;
			targetProxy = CA86333CCFA1EF39F8BAB7B1 /* PBXContainerItemProxy */;
		};
/* End PBXTargetDependency section */

/* Begin PBXVariantGroup section */
		75A663A39A851322A212B0A4 /* Localizable.strings */ = {
			isa = PBXVariantGroup;
			children = (
				4B218B2FA59CA388735D1C68 /* en */,
			);
			name = Localizable.strings;
			sourceTree = "<group>";
		};
/* End PBXVariantGroup section */

/* Begin XCBuildConfiguration section */
		1C55E6F8D8177B705894E2DB /* Debug */ = {
			isa = XCBuildConfiguration;
			buildSettings = {
				CODE_SIGN_IDENTITY = "iPhone Developer";
				INFOPLIST_FILE = AppWalletUI/Tests/Info.plist;
				LD_RUNPATH_SEARCH_PATHS = (
					"$(inherited)",
					"@executable_path/Frameworks",
					"@loader_path/Frameworks",
				);
				PRODUCT_BUNDLE_IDENTIFIER = org.eudiw.AppWalletUITests;
				PRODUCT_NAME = AppWalletUITests;
				SDKROOT = iphoneos;
				SWIFT_ACTIVE_COMPILATION_CONDITIONS = DEBUG;
				SWIFT_COMPILATION_MODE = singlefile;
				SWIFT_OPTIMIZATION_LEVEL = "-Onone";
				SWIFT_VERSION = 5.0;
				TARGETED_DEVICE_FAMILY = "1,2";
				TEST_TARGET_NAME = AppWalletUI;
			};
			name = Debug;
		};
		414DF3DF4A9CFD48BF5E4946 /* Release */ = {
			isa = XCBuildConfiguration;
			buildSettings = {
				CODE_SIGN_IDENTITY = "iPhone Developer";
				INFOPLIST_FILE = AppWalletUI/Tests/Info.plist;
				LD_RUNPATH_SEARCH_PATHS = (
					"$(inherited)",
					"@executable_path/Frameworks",
					"@loader_path/Frameworks",
				);
				PRODUCT_BUNDLE_IDENTIFIER = org.eudiw.AppWalletUITests;
				PRODUCT_NAME = AppWalletUITests;
				SDKROOT = iphoneos;
				SWIFT_COMPILATION_MODE = wholemodule;
				SWIFT_OPTIMIZATION_LEVEL = "-Owholemodule";
				SWIFT_VERSION = 5.0;
				TARGETED_DEVICE_FAMILY = "1,2";
				TEST_TARGET_NAME = AppWalletUI;
			};
			name = Release;
		};
		54587A2AEDA6CADD68B718E5 /* Debug */ = {
			isa = XCBuildConfiguration;
			buildSettings = {
				ALWAYS_SEARCH_USER_PATHS = NO;
				ASSETCATALOG_COMPILER_APPICON_NAME = AppIcon;
				CLANG_ANALYZER_LOCALIZABILITY_NONLOCALIZED = YES;
				CLANG_ANALYZER_NONNULL = YES;
				CLANG_ANALYZER_NUMBER_OBJECT_CONVERSION = YES_AGGRESSIVE;
				CLANG_CXX_LANGUAGE_STANDARD = "gnu++14";
				CLANG_CXX_LIBRARY = "libc++";
				CLANG_ENABLE_MODULES = YES;
				CLANG_ENABLE_OBJC_ARC = YES;
				CLANG_ENABLE_OBJC_WEAK = YES;
				CLANG_WARN_BLOCK_CAPTURE_AUTORELEASING = YES;
				CLANG_WARN_BOOL_CONVERSION = YES;
				CLANG_WARN_COMMA = YES;
				CLANG_WARN_CONSTANT_CONVERSION = YES;
				CLANG_WARN_DEPRECATED_OBJC_IMPLEMENTATIONS = YES;
				CLANG_WARN_DIRECT_OBJC_ISA_USAGE = YES_ERROR;
				CLANG_WARN_DOCUMENTATION_COMMENTS = YES;
				CLANG_WARN_EMPTY_BODY = YES;
				CLANG_WARN_ENUM_CONVERSION = YES;
				CLANG_WARN_INFINITE_RECURSION = YES;
				CLANG_WARN_INT_CONVERSION = YES;
				CLANG_WARN_NON_LITERAL_NULL_CONVERSION = YES;
				CLANG_WARN_OBJC_IMPLICIT_RETAIN_SELF = YES;
				CLANG_WARN_OBJC_LITERAL_CONVERSION = YES;
				CLANG_WARN_OBJC_ROOT_CLASS = YES_ERROR;
				CLANG_WARN_QUOTED_INCLUDE_IN_FRAMEWORK_HEADER = YES;
				CLANG_WARN_RANGE_LOOP_ANALYSIS = YES;
				CLANG_WARN_STRICT_PROTOTYPES = YES;
				CLANG_WARN_SUSPICIOUS_MOVE = YES;
				CLANG_WARN_UNGUARDED_AVAILABILITY = YES_AGGRESSIVE;
				CLANG_WARN_UNREACHABLE_CODE = YES;
				CLANG_WARN__DUPLICATE_METHOD_MATCH = YES;
				COPY_PHASE_STRIP = NO;
				DEAD_CODE_STRIPPING = YES;
				DEBUG_INFORMATION_FORMAT = dwarf;
				DEVELOPMENT_TEAM = 5T7UHW36CL;
				ENABLE_STRICT_OBJC_MSGSEND = YES;
				ENABLE_TESTABILITY = YES;
				GCC_C_LANGUAGE_STANDARD = gnu11;
				GCC_DYNAMIC_NO_PIC = NO;
				GCC_NO_COMMON_BLOCKS = YES;
				GCC_OPTIMIZATION_LEVEL = 0;
				GCC_PREPROCESSOR_DEFINITIONS = (
					"DEBUG=1",
					"$(inherited)",
				);
				GCC_WARN_64_TO_32_BIT_CONVERSION = YES;
				GCC_WARN_ABOUT_RETURN_TYPE = YES_ERROR;
				GCC_WARN_UNDECLARED_SELECTOR = YES;
				GCC_WARN_UNINITIALIZED_AUTOS = YES_AGGRESSIVE;
				GCC_WARN_UNUSED_FUNCTION = YES;
				GCC_WARN_UNUSED_VARIABLE = YES;
				MTL_ENABLE_DEBUG_INFO = YES;
				ONLY_ACTIVE_ARCH = YES;
				PRODUCT_NAME = "$(TARGET_NAME)";
			};
			name = Debug;
		};
		76E68B17F8E642DEE1F330EA /* Debug */ = {
			isa = XCBuildConfiguration;
			buildSettings = {
				ASSETCATALOG_COMPILER_APPICON_NAME = AppIcon;
				CODE_SIGN_IDENTITY = "iPhone Developer";
				ENABLE_PREVIEWS = YES;
				INFOPLIST_FILE = AppWalletUI/Info.plist;
				IPHONEOS_DEPLOYMENT_TARGET = 16.0;
				LD_RUNPATH_SEARCH_PATHS = (
					"$(inherited)",
					"@executable_path/Frameworks",
				);
				PRODUCT_BUNDLE_IDENTIFIER = org.eudiw.Iso18013HolderDemo;
				PRODUCT_NAME = AppWalletUI;
				SDKROOT = iphoneos;
				STRIP_STYLE = debugging;
				SUPPORTS_MACCATALYST = NO;
				SUPPORTS_MAC_DESIGNED_FOR_IPHONE_IPAD = YES;
				SWIFT_ACTIVE_COMPILATION_CONDITIONS = DEBUG;
				SWIFT_COMPILATION_MODE = singlefile;
				SWIFT_OPTIMIZATION_LEVEL = "-Onone";
				SWIFT_VERSION = 5.0;
				TARGETED_DEVICE_FAMILY = 1;
			};
			name = Debug;
		};
		AC6DBC4C0BC017A367AD7753 /* Release */ = {
			isa = XCBuildConfiguration;
			buildSettings = {
				ASSETCATALOG_COMPILER_APPICON_NAME = AppIcon;
				CODE_SIGN_IDENTITY = "iPhone Developer";
				ENABLE_PREVIEWS = YES;
				INFOPLIST_FILE = AppWalletUI/Info.plist;
				IPHONEOS_DEPLOYMENT_TARGET = 16.0;
				LD_RUNPATH_SEARCH_PATHS = (
					"$(inherited)",
					"@executable_path/Frameworks",
				);
				PRODUCT_BUNDLE_IDENTIFIER = org.eudiw.Iso18013HolderDemo;
				PRODUCT_NAME = AppWalletUI;
				SDKROOT = iphoneos;
				STRIP_STYLE = debugging;
				SUPPORTS_MACCATALYST = NO;
				SUPPORTS_MAC_DESIGNED_FOR_IPHONE_IPAD = YES;
				SWIFT_COMPILATION_MODE = wholemodule;
				SWIFT_OPTIMIZATION_LEVEL = "-Owholemodule";
				SWIFT_VERSION = 5.0;
				TARGETED_DEVICE_FAMILY = 1;
			};
			name = Release;
		};
		C2765287D52C64D1B13AFA77 /* Debug */ = {
			isa = XCBuildConfiguration;
			buildSettings = {
				CODE_SIGN_IDENTITY = "iPhone Developer";
				INFOPLIST_FILE = AppWalletUI/UITests/Info.plist;
				LD_RUNPATH_SEARCH_PATHS = (
					"$(inherited)",
					"@executable_path/Frameworks",
					"@loader_path/Frameworks",
				);
				PRODUCT_BUNDLE_IDENTIFIER = org.eudiw.AppWalletUIUITests;
				PRODUCT_NAME = AppWalletUIUITests;
				SDKROOT = iphoneos;
				SWIFT_ACTIVE_COMPILATION_CONDITIONS = DEBUG;
				SWIFT_COMPILATION_MODE = singlefile;
				SWIFT_OPTIMIZATION_LEVEL = "-Onone";
				SWIFT_VERSION = 5.0;
				TARGETED_DEVICE_FAMILY = "1,2";
				TEST_TARGET_NAME = AppWalletUI;
			};
			name = Debug;
		};
		E012746A967F217E3ABB90A7 /* Release */ = {
			isa = XCBuildConfiguration;
			buildSettings = {
				ALWAYS_SEARCH_USER_PATHS = NO;
				ASSETCATALOG_COMPILER_APPICON_NAME = AppIcon;
				CLANG_ANALYZER_LOCALIZABILITY_NONLOCALIZED = YES;
				CLANG_ANALYZER_NONNULL = YES;
				CLANG_ANALYZER_NUMBER_OBJECT_CONVERSION = YES_AGGRESSIVE;
				CLANG_CXX_LANGUAGE_STANDARD = "gnu++14";
				CLANG_CXX_LIBRARY = "libc++";
				CLANG_ENABLE_MODULES = YES;
				CLANG_ENABLE_OBJC_ARC = YES;
				CLANG_ENABLE_OBJC_WEAK = YES;
				CLANG_WARN_BLOCK_CAPTURE_AUTORELEASING = YES;
				CLANG_WARN_BOOL_CONVERSION = YES;
				CLANG_WARN_COMMA = YES;
				CLANG_WARN_CONSTANT_CONVERSION = YES;
				CLANG_WARN_DEPRECATED_OBJC_IMPLEMENTATIONS = YES;
				CLANG_WARN_DIRECT_OBJC_ISA_USAGE = YES_ERROR;
				CLANG_WARN_DOCUMENTATION_COMMENTS = YES;
				CLANG_WARN_EMPTY_BODY = YES;
				CLANG_WARN_ENUM_CONVERSION = YES;
				CLANG_WARN_INFINITE_RECURSION = YES;
				CLANG_WARN_INT_CONVERSION = YES;
				CLANG_WARN_NON_LITERAL_NULL_CONVERSION = YES;
				CLANG_WARN_OBJC_IMPLICIT_RETAIN_SELF = YES;
				CLANG_WARN_OBJC_LITERAL_CONVERSION = YES;
				CLANG_WARN_OBJC_ROOT_CLASS = YES_ERROR;
				CLANG_WARN_QUOTED_INCLUDE_IN_FRAMEWORK_HEADER = YES;
				CLANG_WARN_RANGE_LOOP_ANALYSIS = YES;
				CLANG_WARN_STRICT_PROTOTYPES = YES;
				CLANG_WARN_SUSPICIOUS_MOVE = YES;
				CLANG_WARN_UNGUARDED_AVAILABILITY = YES_AGGRESSIVE;
				CLANG_WARN_UNREACHABLE_CODE = YES;
				CLANG_WARN__DUPLICATE_METHOD_MATCH = YES;
				COPY_PHASE_STRIP = NO;
				DEAD_CODE_STRIPPING = YES;
				DEBUG_INFORMATION_FORMAT = "dwarf-with-dsym";
				DEVELOPMENT_TEAM = 5T7UHW36CL;
				ENABLE_NS_ASSERTIONS = NO;
				ENABLE_STRICT_OBJC_MSGSEND = YES;
				GCC_C_LANGUAGE_STANDARD = gnu11;
				GCC_NO_COMMON_BLOCKS = YES;
				GCC_WARN_64_TO_32_BIT_CONVERSION = YES;
				GCC_WARN_ABOUT_RETURN_TYPE = YES_ERROR;
				GCC_WARN_UNDECLARED_SELECTOR = YES;
				GCC_WARN_UNINITIALIZED_AUTOS = YES_AGGRESSIVE;
				GCC_WARN_UNUSED_FUNCTION = YES;
				GCC_WARN_UNUSED_VARIABLE = YES;
				MTL_ENABLE_DEBUG_INFO = NO;
				PRODUCT_NAME = "$(TARGET_NAME)";
				VALIDATE_PRODUCT = YES;
			};
			name = Release;
		};
		FFE1471AE6EB99D7FEA1E658 /* Release */ = {
			isa = XCBuildConfiguration;
			buildSettings = {
				CODE_SIGN_IDENTITY = "iPhone Developer";
				INFOPLIST_FILE = AppWalletUI/UITests/Info.plist;
				LD_RUNPATH_SEARCH_PATHS = (
					"$(inherited)",
					"@executable_path/Frameworks",
					"@loader_path/Frameworks",
				);
				PRODUCT_BUNDLE_IDENTIFIER = org.eudiw.AppWalletUIUITests;
				PRODUCT_NAME = AppWalletUIUITests;
				SDKROOT = iphoneos;
				SWIFT_COMPILATION_MODE = wholemodule;
				SWIFT_OPTIMIZATION_LEVEL = "-Owholemodule";
				SWIFT_VERSION = 5.0;
				TARGETED_DEVICE_FAMILY = "1,2";
				TEST_TARGET_NAME = AppWalletUI;
			};
			name = Release;
		};
/* End XCBuildConfiguration section */

/* Begin XCConfigurationList section */
		26857C385344AAC3577D0B17 /* Build configuration list for PBXNativeTarget "AppWalletUIUITests" */ = {
			isa = XCConfigurationList;
			buildConfigurations = (
				C2765287D52C64D1B13AFA77 /* Debug */,
				FFE1471AE6EB99D7FEA1E658 /* Release */,
			);
			defaultConfigurationIsVisible = 0;
			defaultConfigurationName = Release;
		};
		42F3F76BA28CDC8DD5443012 /* Build configuration list for PBXNativeTarget "AppWalletUI" */ = {
			isa = XCConfigurationList;
			buildConfigurations = (
				76E68B17F8E642DEE1F330EA /* Debug */,
				AC6DBC4C0BC017A367AD7753 /* Release */,
			);
			defaultConfigurationIsVisible = 0;
			defaultConfigurationName = Release;
		};
		93D574D210BA942D0D42E75E /* Build configuration list for PBXNativeTarget "AppWalletUITests" */ = {
			isa = XCConfigurationList;
			buildConfigurations = (
				1C55E6F8D8177B705894E2DB /* Debug */,
				414DF3DF4A9CFD48BF5E4946 /* Release */,
			);
			defaultConfigurationIsVisible = 0;
			defaultConfigurationName = Release;
		};
		9AA7AC0F09CEC04821BFC603 /* Build configuration list for PBXProject "AppWalletUI" */ = {
			isa = XCConfigurationList;
			buildConfigurations = (
				54587A2AEDA6CADD68B718E5 /* Debug */,
				E012746A967F217E3ABB90A7 /* Release */,
			);
			defaultConfigurationIsVisible = 0;
			defaultConfigurationName = Release;
		};
/* End XCConfigurationList section */

/* Begin XCRemoteSwiftPackageReference section */
		20E644FBA6225E6193776DDB /* XCRemoteSwiftPackageReference "CodeScanner" */ = {
			isa = XCRemoteSwiftPackageReference;
			repositoryURL = "https://github.com/twostraws/CodeScanner.git";
			requirement = {
				branch = main;
				kind = branch;
			};
		};
		454347FA150C90F12514CBFA /* XCRemoteSwiftPackageReference "mockingbird" */ = {
			isa = XCRemoteSwiftPackageReference;
			repositoryURL = "https://github.com/birdrides/mockingbird.git";
			requirement = {
				branch = master;
				kind = branch;
			};
		};
		837260188995F5FD097D3E04 /* XCRemoteSwiftPackageReference "eudi-lib-ios-wallet-kit" */ = {
			isa = XCRemoteSwiftPackageReference;
			repositoryURL = "https://github.com/eu-digital-identity-wallet/eudi-lib-ios-wallet-kit";
			requirement = {
				branch = develop;
				kind = branch;
			};
		};
/* End XCRemoteSwiftPackageReference section */

/* Begin XCSwiftPackageProductDependency section */
		1DE2B3B6C0278F5B747FC69B /* Mockingbird */ = {
			isa = XCSwiftPackageProductDependency;
			productName = Mockingbird;
		};
		1E6EC900D12B703E7BC17B9D /* CodeScanner */ = {
			isa = XCSwiftPackageProductDependency;
			productName = CodeScanner;
		};
		B0267A692AFC7DBA000CBD7E /* EudiWalletKit */ = {
			isa = XCSwiftPackageProductDependency;
			package = 837260188995F5FD097D3E04 /* XCRemoteSwiftPackageReference "eudi-lib-ios-wallet-kit" */;
			productName = EudiWalletKit;
		};
/* End XCSwiftPackageProductDependency section */
	};
	rootObject = D73AA1CA13963F6BD4A7FEA2 /* Project object */;
}
