{
  "pins" : [
    {
      "identity" : "eudi-lib-ios-iso18013-data-model",
      "kind" : "remoteSourceControl",
      "location" : "https://github.com/eu-digital-identity-wallet/eudi-lib-ios-iso18013-data-model.git",
      "state" : {
        "branch" : "main",
        "revision" : "9914d5cded989234b49867530e595224825d3f2c"
      }
    },
    {
      "identity" : "swiftcbor",
      "kind" : "remoteSourceControl",
      "location" : "https://github.com/valpackett/SwiftCBOR.git",
      "state" : {
        "branch" : "master",
        "revision" : "edc01765cf6b3685bb622bb09242ef5964fb991b"
      }
    }
  ],
  "version" : 2
}
