{
  "pins" : [
    {
      "identity" : "combinecorebluetooth",
      "kind" : "remoteSourceControl",
      "location" : "https://github.com/StarryInternet/CombineCoreBluetooth.git",
      "state" : {
        "revision" : "05df53532ba6eee30df83a20dd22c447bc223f8a",
        "version" : "0.4.0"
      }
    },
    {
      "identity" : "swift-log",
      "kind" : "remoteSourceControl",
      "location" : "https://github.com/apple/swift-log.git",
      "state" : {
        "branch" : "main",
        "revision" : "f8ce47d3b04c217a5aa0f3e26a632fc3fec22f4a"
      }
    },
    {
      "identity" : "swiftcbor",
      "kind" : "remoteSourceControl",
      "location" : "https://github.com/valpackett/SwiftCBOR.git",
      "state" : {
        "branch" : "master",
        "revision" : "edc01765cf6b3685bb622bb09242ef5964fb991b"
      }
    }
  ],
  "version" : 2
}
