// !$*UTF8*$!
{
	archiveVersion = 1;
	classes = {
	};
	objectVersion = 56;
	objects = {

/* Begin PBXBuildFile section */
		F12E940F2ABC6C000086EC93 /* AppDelegate.swift in Sources */ = {isa = PBXBuildFile; fileRef = F12E940E2ABC6C000086EC93 /* AppDelegate.swift */; };
		F14907BC2ABAF54B00DDFE56 /* Application.swift in Sources */ = {isa = PBXBuildFile; fileRef = F14907BB2ABAF54B00DDFE56 /* Application.swift */; };
		F14907C02ABAF55000DDFE56 /* Assets.xcassets in Resources */ = {isa = PBXBuildFile; fileRef = F14907BF2ABAF55000DDFE56 /* Assets.xcassets */; };
		F14907C32ABAF55000DDFE56 /* Preview Assets.xcassets in Resources */ = {isa = PBXBuildFile; fileRef = F14907C22ABAF55000DDFE56 /* Preview Assets.xcassets */; };
		F1CACADC2AC3051D00B40DED /* logic_navigation in Frameworks */ = {isa = PBXBuildFile; productRef = F1CACADB2AC3051D00B40DED /* logic_navigation */; };
		F1CACAE02AC3097100B40DED /* EudiDev.xcconfig in Resources */ = {isa = PBXBuildFile; fileRef = F1CACADF2AC3097100B40DED /* EudiDev.xcconfig */; };
		F1CACAE22AC3098C00B40DED /* EudiRelease.xcconfig in Resources */ = {isa = PBXBuildFile; fileRef = F1CACAE12AC3098C00B40DED /* EudiRelease.xcconfig */; };
		F1CACAE62AC3122700B40DED /* GoogleService-Info-dev.plist in Resources */ = {isa = PBXBuildFile; fileRef = F1CACAE42AC3122700B40DED /* GoogleService-Info-dev.plist */; };
		F1CACAE72AC3122700B40DED /* GoogleService-Info-release.plist in Resources */ = {isa = PBXBuildFile; fileRef = F1CACAE52AC3122700B40DED /* GoogleService-Info-release.plist */; };
/* End PBXBuildFile section */

/* Begin PBXFileReference section */
		F12E93E92ABC48850086EC93 /* logic_api */ = {isa = PBXFileReference; lastKnownFileType = wrapper; name = logic_api; path = Modules/logic_api; sourceTree = "<group>"; };
		F12E93EA2ABC48910086EC93 /* logic_ui */ = {isa = PBXFileReference; lastKnownFileType = wrapper; name = logic_ui; path = Modules/logic_ui; sourceTree = "<group>"; };
		F12E93EB2ABC489E0086EC93 /* logic_business */ = {isa = PBXFileReference; lastKnownFileType = wrapper; name = logic_business; path = Modules/logic_business; sourceTree = "<group>"; };
		F12E940E2ABC6C000086EC93 /* AppDelegate.swift */ = {isa = PBXFileReference; lastKnownFileType = sourcecode.swift; path = AppDelegate.swift; sourceTree = "<group>"; };
		F14907B82ABAF54B00DDFE56 /* EUDI Reference App.app */ = {isa = PBXFileReference; explicitFileType = wrapper.application; includeInIndex = 0; path = "EUDI Reference App.app"; sourceTree = BUILT_PRODUCTS_DIR; };
		F14907BB2ABAF54B00DDFE56 /* Application.swift */ = {isa = PBXFileReference; lastKnownFileType = sourcecode.swift; path = Application.swift; sourceTree = "<group>"; };
		F14907BF2ABAF55000DDFE56 /* Assets.xcassets */ = {isa = PBXFileReference; lastKnownFileType = folder.assetcatalog; path = Assets.xcassets; sourceTree = "<group>"; };
		F14907C22ABAF55000DDFE56 /* Preview Assets.xcassets */ = {isa = PBXFileReference; lastKnownFileType = folder.assetcatalog; path = "Preview Assets.xcassets"; sourceTree = "<group>"; };
		F16A99382ABD7DAC006C018D /* logic_tests */ = {isa = PBXFileReference; lastKnownFileType = wrapper; name = logic_tests; path = Modules/logic_tests; sourceTree = "<group>"; };
		F1C717442AC16D850067FCC9 /* logic_navigation */ = {isa = PBXFileReference; lastKnownFileType = wrapper; name = logic_navigation; path = Modules/logic_navigation; sourceTree = "<group>"; };
		F1C717452AC2EAAD0067FCC9 /* feature_startup */ = {isa = PBXFileReference; lastKnownFileType = wrapper; name = feature_startup; path = Modules/feature_startup; sourceTree = "<group>"; };
		F1CACADF2AC3097100B40DED /* EudiDev.xcconfig */ = {isa = PBXFileReference; lastKnownFileType = text.xcconfig; path = EudiDev.xcconfig; sourceTree = "<group>"; };
		F1CACAE12AC3098C00B40DED /* EudiRelease.xcconfig */ = {isa = PBXFileReference; lastKnownFileType = text.xcconfig; path = EudiRelease.xcconfig; sourceTree = "<group>"; };
		F1CACAE42AC3122700B40DED /* GoogleService-Info-dev.plist */ = {isa = PBXFileReference; fileEncoding = 4; lastKnownFileType = text.plist.xml; path = "GoogleService-Info-dev.plist"; sourceTree = "<group>"; };
		F1CACAE52AC3122700B40DED /* GoogleService-Info-release.plist */ = {isa = PBXFileReference; fileEncoding = 4; lastKnownFileType = text.plist.xml; path = "GoogleService-Info-release.plist"; sourceTree = "<group>"; };
/* End PBXFileReference section */

/* Begin PBXFrameworksBuildPhase section */
		F14907B52ABAF54B00DDFE56 /* Frameworks */ = {
			isa = PBXFrameworksBuildPhase;
			buildActionMask = 2147483647;
			files = (
				F1CACADC2AC3051D00B40DED /* logic_navigation in Frameworks */,
			);
			runOnlyForDeploymentPostprocessing = 0;
		};
/* End PBXFrameworksBuildPhase section */

/* Begin PBXGroup section */
		F14907AF2ABAF54B00DDFE56 = {
			isa = PBXGroup;
			children = (
				F14907BA2ABAF54B00DDFE56 /* EUDI */,
				F14908692ABC467600DDFE56 /* Packages */,
				F14907B92ABAF54B00DDFE56 /* Products */,
				F14908182ABC3D0400DDFE56 /* Frameworks */,
			);
			sourceTree = "<group>";
		};
		F14907B92ABAF54B00DDFE56 /* Products */ = {
			isa = PBXGroup;
			children = (
				F14907B82ABAF54B00DDFE56 /* EUDI Reference App.app */,
			);
			name = Products;
			sourceTree = "<group>";
		};
		F14907BA2ABAF54B00DDFE56 /* EUDI */ = {
			isa = PBXGroup;
			children = (
				F1CACAE32AC311D300B40DED /* Firebase */,
				F1CACADD2AC3090200B40DED /* Common */,
				F14907BB2ABAF54B00DDFE56 /* Application.swift */,
				F12E940E2ABC6C000086EC93 /* AppDelegate.swift */,
				F14907BF2ABAF55000DDFE56 /* Assets.xcassets */,
				F14907C12ABAF55000DDFE56 /* Preview Content */,
			);
			path = EUDI;
			sourceTree = "<group>";
		};
		F14907C12ABAF55000DDFE56 /* Preview Content */ = {
			isa = PBXGroup;
			children = (
				F14907C22ABAF55000DDFE56 /* Preview Assets.xcassets */,
			);
			path = "Preview Content";
			sourceTree = "<group>";
		};
		F14908182ABC3D0400DDFE56 /* Frameworks */ = {
			isa = PBXGroup;
			children = (
			);
			name = Frameworks;
			sourceTree = "<group>";
		};
		F14908692ABC467600DDFE56 /* Packages */ = {
			isa = PBXGroup;
			children = (
				F1C717452AC2EAAD0067FCC9 /* feature_startup */,
				F1C717442AC16D850067FCC9 /* logic_navigation */,
				F16A99382ABD7DAC006C018D /* logic_tests */,
				F12E93EB2ABC489E0086EC93 /* logic_business */,
				F12E93EA2ABC48910086EC93 /* logic_ui */,
				F12E93E92ABC48850086EC93 /* logic_api */,
			);
			name = Packages;
			sourceTree = "<group>";
		};
		F1CACADD2AC3090200B40DED /* Common */ = {
			isa = PBXGroup;
			children = (
				F1CACADE2AC3090C00B40DED /* Environment */,
			);
			path = Common;
			sourceTree = "<group>";
		};
		F1CACADE2AC3090C00B40DED /* Environment */ = {
			isa = PBXGroup;
			children = (
				F1CACADF2AC3097100B40DED /* EudiDev.xcconfig */,
				F1CACAE12AC3098C00B40DED /* EudiRelease.xcconfig */,
			);
			path = Environment;
			sourceTree = "<group>";
		};
		F1CACAE32AC311D300B40DED /* Firebase */ = {
			isa = PBXGroup;
			children = (
				F1CACAE42AC3122700B40DED /* GoogleService-Info-dev.plist */,
				F1CACAE52AC3122700B40DED /* GoogleService-Info-release.plist */,
			);
			path = Firebase;
			sourceTree = "<group>";
		};
/* End PBXGroup section */

/* Begin PBXNativeTarget section */
		F14907B72ABAF54B00DDFE56 /* EUDI Reference App */ = {
			isa = PBXNativeTarget;
			buildConfigurationList = F14907DC2ABAF55000DDFE56 /* Build configuration list for PBXNativeTarget "EUDI Reference App" */;
			buildPhases = (
				F14907B42ABAF54B00DDFE56 /* Sources */,
				F14907B52ABAF54B00DDFE56 /* Frameworks */,
				F14907B62ABAF54B00DDFE56 /* Resources */,
			);
			buildRules = (
			);
			dependencies = (
			);
			name = "EUDI Reference App";
			packageProductDependencies = (
				F1CACADB2AC3051D00B40DED /* logic_navigation */,
			);
			productName = "EUDI Reference App";
			productReference = F14907B82ABAF54B00DDFE56 /* EUDI Reference App.app */;
			productType = "com.apple.product-type.application";
		};
/* End PBXNativeTarget section */

/* Begin PBXProject section */
		F14907B02ABAF54B00DDFE56 /* Project object */ = {
			isa = PBXProject;
			attributes = {
				BuildIndependentTargetsInParallel = 1;
				LastSwiftUpdateCheck = 1500;
				LastUpgradeCheck = 1500;
				TargetAttributes = {
					F14907B72ABAF54B00DDFE56 = {
						CreatedOnToolsVersion = 15.0;
					};
				};
			};
			buildConfigurationList = F14907B32ABAF54B00DDFE56 /* Build configuration list for PBXProject "EUDI Reference App" */;
			compatibilityVersion = "Xcode 14.0";
			developmentRegion = en;
			hasScannedForEncodings = 0;
			knownRegions = (
				en,
				Base,
			);
			mainGroup = F14907AF2ABAF54B00DDFE56;
			packageReferences = (
			);
			productRefGroup = F14907B92ABAF54B00DDFE56 /* Products */;
			projectDirPath = "";
			projectRoot = "";
			targets = (
				F14907B72ABAF54B00DDFE56 /* EUDI Reference App */,
			);
		};
/* End PBXProject section */

/* Begin PBXResourcesBuildPhase section */
		F14907B62ABAF54B00DDFE56 /* Resources */ = {
			isa = PBXResourcesBuildPhase;
			buildActionMask = 2147483647;
			files = (
				F14907C32ABAF55000DDFE56 /* Preview Assets.xcassets in Resources */,
				F1CACAE62AC3122700B40DED /* GoogleService-Info-dev.plist in Resources */,
				F1CACAE72AC3122700B40DED /* GoogleService-Info-release.plist in Resources */,
				F14907C02ABAF55000DDFE56 /* Assets.xcassets in Resources */,
				F1CACAE02AC3097100B40DED /* EudiDev.xcconfig in Resources */,
				F1CACAE22AC3098C00B40DED /* EudiRelease.xcconfig in Resources */,
			);
			runOnlyForDeploymentPostprocessing = 0;
		};
/* End PBXResourcesBuildPhase section */

/* Begin PBXSourcesBuildPhase section */
		F14907B42ABAF54B00DDFE56 /* Sources */ = {
			isa = PBXSourcesBuildPhase;
			buildActionMask = 2147483647;
			files = (
				F12E940F2ABC6C000086EC93 /* AppDelegate.swift in Sources */,
				F14907BC2ABAF54B00DDFE56 /* Application.swift in Sources */,
			);
			runOnlyForDeploymentPostprocessing = 0;
		};
/* End PBXSourcesBuildPhase section */

/* Begin XCBuildConfiguration section */
		F14907DA2ABAF55000DDFE56 /* Debug */ = {
			isa = XCBuildConfiguration;
			buildSettings = {
				ALWAYS_SEARCH_USER_PATHS = NO;
				ASSETCATALOG_COMPILER_GENERATE_SWIFT_ASSET_SYMBOL_EXTENSIONS = YES;
				CLANG_ANALYZER_NONNULL = YES;
				CLANG_ANALYZER_NUMBER_OBJECT_CONVERSION = YES_AGGRESSIVE;
				CLANG_CXX_LANGUAGE_STANDARD = "gnu++20";
				CLANG_ENABLE_MODULES = YES;
				CLANG_ENABLE_OBJC_ARC = YES;
				CLANG_ENABLE_OBJC_WEAK = YES;
				CLANG_WARN_BLOCK_CAPTURE_AUTORELEASING = YES;
				CLANG_WARN_BOOL_CONVERSION = YES;
				CLANG_WARN_COMMA = YES;
				CLANG_WARN_CONSTANT_CONVERSION = YES;
				CLANG_WARN_DEPRECATED_OBJC_IMPLEMENTATIONS = YES;
				CLANG_WARN_DIRECT_OBJC_ISA_USAGE = YES_ERROR;
				CLANG_WARN_DOCUMENTATION_COMMENTS = YES;
				CLANG_WARN_EMPTY_BODY = YES;
				CLANG_WARN_ENUM_CONVERSION = YES;
				CLANG_WARN_INFINITE_RECURSION = YES;
				CLANG_WARN_INT_CONVERSION = YES;
				CLANG_WARN_NON_LITERAL_NULL_CONVERSION = YES;
				CLANG_WARN_OBJC_IMPLICIT_RETAIN_SELF = YES;
				CLANG_WARN_OBJC_LITERAL_CONVERSION = YES;
				CLANG_WARN_OBJC_ROOT_CLASS = YES_ERROR;
				CLANG_WARN_QUOTED_INCLUDE_IN_FRAMEWORK_HEADER = YES;
				CLANG_WARN_RANGE_LOOP_ANALYSIS = YES;
				CLANG_WARN_STRICT_PROTOTYPES = YES;
				CLANG_WARN_SUSPICIOUS_MOVE = YES;
				CLANG_WARN_UNGUARDED_AVAILABILITY = YES_AGGRESSIVE;
				CLANG_WARN_UNREACHABLE_CODE = YES;
				CLANG_WARN__DUPLICATE_METHOD_MATCH = YES;
				COPY_PHASE_STRIP = NO;
				DEBUG_INFORMATION_FORMAT = dwarf;
				ENABLE_STRICT_OBJC_MSGSEND = YES;
				ENABLE_TESTABILITY = YES;
				ENABLE_USER_SCRIPT_SANDBOXING = YES;
				GCC_C_LANGUAGE_STANDARD = gnu17;
				GCC_DYNAMIC_NO_PIC = NO;
				GCC_NO_COMMON_BLOCKS = YES;
				GCC_OPTIMIZATION_LEVEL = 0;
				GCC_PREPROCESSOR_DEFINITIONS = (
					"DEBUG=1",
					"$(inherited)",
				);
				GCC_WARN_64_TO_32_BIT_CONVERSION = YES;
				GCC_WARN_ABOUT_RETURN_TYPE = YES_ERROR;
				GCC_WARN_UNDECLARED_SELECTOR = YES;
				GCC_WARN_UNINITIALIZED_AUTOS = YES_AGGRESSIVE;
				GCC_WARN_UNUSED_FUNCTION = YES;
				GCC_WARN_UNUSED_VARIABLE = YES;
				IPHONEOS_DEPLOYMENT_TARGET = 16.0;
				LOCALIZATION_PREFERS_STRING_CATALOGS = YES;
				MTL_ENABLE_DEBUG_INFO = INCLUDE_SOURCE;
				MTL_FAST_MATH = YES;
				ONLY_ACTIVE_ARCH = YES;
				SDKROOT = iphoneos;
				SWIFT_ACTIVE_COMPILATION_CONDITIONS = "DEBUG $(inherited)";
				SWIFT_OPTIMIZATION_LEVEL = "-Onone";
			};
			name = Debug;
		};
		F14907DB2ABAF55000DDFE56 /* Release */ = {
			isa = XCBuildConfiguration;
			buildSettings = {
				ALWAYS_SEARCH_USER_PATHS = NO;
				ASSETCATALOG_COMPILER_GENERATE_SWIFT_ASSET_SYMBOL_EXTENSIONS = YES;
				CLANG_ANALYZER_NONNULL = YES;
				CLANG_ANALYZER_NUMBER_OBJECT_CONVERSION = YES_AGGRESSIVE;
				CLANG_CXX_LANGUAGE_STANDARD = "gnu++20";
				CLANG_ENABLE_MODULES = YES;
				CLANG_ENABLE_OBJC_ARC = YES;
				CLANG_ENABLE_OBJC_WEAK = YES;
				CLANG_WARN_BLOCK_CAPTURE_AUTORELEASING = YES;
				CLANG_WARN_BOOL_CONVERSION = YES;
				CLANG_WARN_COMMA = YES;
				CLANG_WARN_CONSTANT_CONVERSION = YES;
				CLANG_WARN_DEPRECATED_OBJC_IMPLEMENTATIONS = YES;
				CLANG_WARN_DIRECT_OBJC_ISA_USAGE = YES_ERROR;
				CLANG_WARN_DOCUMENTATION_COMMENTS = YES;
				CLANG_WARN_EMPTY_BODY = YES;
				CLANG_WARN_ENUM_CONVERSION = YES;
				CLANG_WARN_INFINITE_RECURSION = YES;
				CLANG_WARN_INT_CONVERSION = YES;
				CLANG_WARN_NON_LITERAL_NULL_CONVERSION = YES;
				CLANG_WARN_OBJC_IMPLICIT_RETAIN_SELF = YES;
				CLANG_WARN_OBJC_LITERAL_CONVERSION = YES;
				CLANG_WARN_OBJC_ROOT_CLASS = YES_ERROR;
				CLANG_WARN_QUOTED_INCLUDE_IN_FRAMEWORK_HEADER = YES;
				CLANG_WARN_RANGE_LOOP_ANALYSIS = YES;
				CLANG_WARN_STRICT_PROTOTYPES = YES;
				CLANG_WARN_SUSPICIOUS_MOVE = YES;
				CLANG_WARN_UNGUARDED_AVAILABILITY = YES_AGGRESSIVE;
				CLANG_WARN_UNREACHABLE_CODE = YES;
				CLANG_WARN__DUPLICATE_METHOD_MATCH = YES;
				COPY_PHASE_STRIP = NO;
				DEBUG_INFORMATION_FORMAT = "dwarf-with-dsym";
				ENABLE_NS_ASSERTIONS = NO;
				ENABLE_STRICT_OBJC_MSGSEND = YES;
				ENABLE_USER_SCRIPT_SANDBOXING = YES;
				GCC_C_LANGUAGE_STANDARD = gnu17;
				GCC_NO_COMMON_BLOCKS = YES;
				GCC_WARN_64_TO_32_BIT_CONVERSION = YES;
				GCC_WARN_ABOUT_RETURN_TYPE = YES_ERROR;
				GCC_WARN_UNDECLARED_SELECTOR = YES;
				GCC_WARN_UNINITIALIZED_AUTOS = YES_AGGRESSIVE;
				GCC_WARN_UNUSED_FUNCTION = YES;
				GCC_WARN_UNUSED_VARIABLE = YES;
				IPHONEOS_DEPLOYMENT_TARGET = 16.0;
				LOCALIZATION_PREFERS_STRING_CATALOGS = YES;
				MTL_ENABLE_DEBUG_INFO = NO;
				MTL_FAST_MATH = YES;
				SDKROOT = iphoneos;
				SWIFT_COMPILATION_MODE = wholemodule;
				VALIDATE_PRODUCT = YES;
			};
			name = Release;
		};
		F14907DD2ABAF55000DDFE56 /* Debug */ = {
			isa = XCBuildConfiguration;
			baseConfigurationReference = F1CACADF2AC3097100B40DED /* EudiDev.xcconfig */;
			buildSettings = {
				ASSETCATALOG_COMPILER_APPICON_NAME = AppIcon;
				ASSETCATALOG_COMPILER_GLOBAL_ACCENT_COLOR_NAME = AccentColor;
				"CODE_SIGN_IDENTITY[sdk=iphoneos*]" = "iPhone Developer";
				CODE_SIGN_STYLE = Manual;
				CURRENT_PROJECT_VERSION = 1;
				DEVELOPMENT_ASSET_PATHS = "\"EUDI/Preview Content\"";
				DEVELOPMENT_TEAM = "";
				"DEVELOPMENT_TEAM[sdk=iphoneos*]" = AZXQE7588Y;
				ENABLE_PREVIEWS = YES;
				GENERATE_INFOPLIST_FILE = YES;
				INFOPLIST_KEY_UIApplicationSceneManifest_Generation = YES;
				INFOPLIST_KEY_UIApplicationSupportsIndirectInputEvents = YES;
				INFOPLIST_KEY_UILaunchScreen_Generation = YES;
				INFOPLIST_KEY_UISupportedInterfaceOrientations_iPad = "UIInterfaceOrientationPortrait UIInterfaceOrientationPortraitUpsideDown UIInterfaceOrientationLandscapeLeft UIInterfaceOrientationLandscapeRight";
				INFOPLIST_KEY_UISupportedInterfaceOrientations_iPhone = "UIInterfaceOrientationPortrait UIInterfaceOrientationLandscapeLeft UIInterfaceOrientationLandscapeRight";
				IPHONEOS_DEPLOYMENT_TARGET = 16.0;
				LD_RUNPATH_SEARCH_PATHS = (
					"$(inherited)",
					"@executable_path/Frameworks",
				);
				MARKETING_VERSION = 1.0;
				PRODUCT_BUNDLE_IDENTIFIER = eu.europa.ec.euidi.dev;
				PRODUCT_NAME = "$(TARGET_NAME)";
				PROVISIONING_PROFILE_SPECIFIER = "";
				"PROVISIONING_PROFILE_SPECIFIER[sdk=iphoneos*]" = "EUDI Dev Debug";
				SWIFT_EMIT_LOC_STRINGS = YES;
				SWIFT_VERSION = 5.0;
				TARGETED_DEVICE_FAMILY = "1,2";
			};
			name = Debug;
		};
		F14907DE2ABAF55000DDFE56 /* Release */ = {
			isa = XCBuildConfiguration;
			baseConfigurationReference = F1CACAE12AC3098C00B40DED /* EudiRelease.xcconfig */;
			buildSettings = {
				ASSETCATALOG_COMPILER_APPICON_NAME = AppIcon;
				ASSETCATALOG_COMPILER_GLOBAL_ACCENT_COLOR_NAME = AccentColor;
				"CODE_SIGN_IDENTITY[sdk=iphoneos*]" = "iPhone Distribution";
				CODE_SIGN_STYLE = Manual;
				CURRENT_PROJECT_VERSION = 1;
				DEVELOPMENT_ASSET_PATHS = "\"EUDI/Preview Content\"";
				DEVELOPMENT_TEAM = "";
				"DEVELOPMENT_TEAM[sdk=iphoneos*]" = AZXQE7588Y;
				ENABLE_PREVIEWS = YES;
				GENERATE_INFOPLIST_FILE = YES;
				INFOPLIST_KEY_UIApplicationSceneManifest_Generation = YES;
				INFOPLIST_KEY_UIApplicationSupportsIndirectInputEvents = YES;
				INFOPLIST_KEY_UILaunchScreen_Generation = YES;
				INFOPLIST_KEY_UISupportedInterfaceOrientations_iPad = "UIInterfaceOrientationPortrait UIInterfaceOrientationPortraitUpsideDown UIInterfaceOrientationLandscapeLeft UIInterfaceOrientationLandscapeRight";
				INFOPLIST_KEY_UISupportedInterfaceOrientations_iPhone = "UIInterfaceOrientationPortrait UIInterfaceOrientationLandscapeLeft UIInterfaceOrientationLandscapeRight";
				IPHONEOS_DEPLOYMENT_TARGET = 16.0;
				LD_RUNPATH_SEARCH_PATHS = (
					"$(inherited)",
					"@executable_path/Frameworks",
				);
				MARKETING_VERSION = 1.0;
				PRODUCT_BUNDLE_IDENTIFIER = eu.europa.ec.euidi;
				PRODUCT_NAME = "$(TARGET_NAME)";
				PROVISIONING_PROFILE_SPECIFIER = "";
				"PROVISIONING_PROFILE_SPECIFIER[sdk=iphoneos*]" = "EUDI AdHoc";
				SWIFT_EMIT_LOC_STRINGS = YES;
				SWIFT_VERSION = 5.0;
				TARGETED_DEVICE_FAMILY = "1,2";
			};
			name = Release;
		};
/* End XCBuildConfiguration section */

/* Begin XCConfigurationList section */
		F14907B32ABAF54B00DDFE56 /* Build configuration list for PBXProject "EUDI Reference App" */ = {
			isa = XCConfigurationList;
			buildConfigurations = (
				F14907DA2ABAF55000DDFE56 /* Debug */,
				F14907DB2ABAF55000DDFE56 /* Release */,
			);
			defaultConfigurationIsVisible = 0;
			defaultConfigurationName = Release;
		};
		F14907DC2ABAF55000DDFE56 /* Build configuration list for PBXNativeTarget "EUDI Reference App" */ = {
			isa = XCConfigurationList;
			buildConfigurations = (
				F14907DD2ABAF55000DDFE56 /* Debug */,
				F14907DE2ABAF55000DDFE56 /* Release */,
			);
			defaultConfigurationIsVisible = 0;
			defaultConfigurationName = Release;
		};
/* End XCConfigurationList section */

/* Begin XCSwiftPackageProductDependency section */
		F1CACADB2AC3051D00B40DED /* logic_navigation */ = {
			isa = XCSwiftPackageProductDependency;
			productName = logic_navigation;
		};
/* End XCSwiftPackageProductDependency section */
	};
	rootObject = F14907B02ABAF54B00DDFE56 /* Project object */;
}
