// !$*UTF8*$!
{
	archiveVersion = 1;
	classes = {
	};
	objectVersion = 56;
	objects = {

/* Begin PBXBuildFile section */
		F14907BC2ABAF54B00DDFE56 /* EUDI_Reference_AppApp.swift in Sources */ = {isa = PBXBuildFile; fileRef = F14907BB2ABAF54B00DDFE56 /* EUDI_Reference_AppApp.swift */; };
		F14907BE2ABAF54B00DDFE56 /* ContentView.swift in Sources */ = {isa = PBXBuildFile; fileRef = F14907BD2ABAF54B00DDFE56 /* ContentView.swift */; };
		F14907C02ABAF55000DDFE56 /* Assets.xcassets in Resources */ = {isa = PBXBuildFile; fileRef = F14907BF2ABAF55000DDFE56 /* Assets.xcassets */; };
		F14907C32ABAF55000DDFE56 /* Preview Assets.xcassets in Resources */ = {isa = PBXBuildFile; fileRef = F14907C22ABAF55000DDFE56 /* Preview Assets.xcassets */; };
		F14907CD2ABAF55000DDFE56 /* EUDI_Reference_AppTests.swift in Sources */ = {isa = PBXBuildFile; fileRef = F14907CC2ABAF55000DDFE56 /* EUDI_Reference_AppTests.swift */; };
		F14907D72ABAF55000DDFE56 /* EUDI_Reference_AppUITests.swift in Sources */ = {isa = PBXBuildFile; fileRef = F14907D62ABAF55000DDFE56 /* EUDI_Reference_AppUITests.swift */; };
		F14907D92ABAF55000DDFE56 /* EUDI_Reference_AppUITestsLaunchTests.swift in Sources */ = {isa = PBXBuildFile; fileRef = F14907D82ABAF55000DDFE56 /* EUDI_Reference_AppUITestsLaunchTests.swift */; };
/* End PBXBuildFile section */

/* Begin PBXContainerItemProxy section */
		F14907C92ABAF55000DDFE56 /* PBXContainerItemProxy */ = {
			isa = PBXContainerItemProxy;
			containerPortal = F14907B02ABAF54B00DDFE56 /* Project object */;
			proxyType = 1;
			remoteGlobalIDString = F14907B72ABAF54B00DDFE56;
			remoteInfo = "EUDI Reference App";
		};
		F14907D32ABAF55000DDFE56 /* PBXContainerItemProxy */ = {
			isa = PBXContainerItemProxy;
			containerPortal = F14907B02ABAF54B00DDFE56 /* Project object */;
			proxyType = 1;
			remoteGlobalIDString = F14907B72ABAF54B00DDFE56;
			remoteInfo = "EUDI Reference App";
		};
/* End PBXContainerItemProxy section */

/* Begin PBXFileReference section */
		F14907B82ABAF54B00DDFE56 /* EUDI Reference App.app */ = {isa = PBXFileReference; explicitFileType = wrapper.application; includeInIndex = 0; path = "EUDI Reference App.app"; sourceTree = BUILT_PRODUCTS_DIR; };
		F14907BB2ABAF54B00DDFE56 /* EUDI_Reference_AppApp.swift */ = {isa = PBXFileReference; lastKnownFileType = sourcecode.swift; path = EUDI_Reference_AppApp.swift; sourceTree = "<group>"; };
		F14907BD2ABAF54B00DDFE56 /* ContentView.swift */ = {isa = PBXFileReference; lastKnownFileType = sourcecode.swift; path = ContentView.swift; sourceTree = "<group>"; };
		F14907BF2ABAF55000DDFE56 /* Assets.xcassets */ = {isa = PBXFileReference; lastKnownFileType = folder.assetcatalog; path = Assets.xcassets; sourceTree = "<group>"; };
		F14907C22ABAF55000DDFE56 /* Preview Assets.xcassets */ = {isa = PBXFileReference; lastKnownFileType = folder.assetcatalog; path = "Preview Assets.xcassets"; sourceTree = "<group>"; };
		F14907C82ABAF55000DDFE56 /* EUDI Reference AppTests.xctest */ = {isa = PBXFileReference; explicitFileType = wrapper.cfbundle; includeInIndex = 0; path = "EUDI Reference AppTests.xctest"; sourceTree = BUILT_PRODUCTS_DIR; };
		F14907CC2ABAF55000DDFE56 /* EUDI_Reference_AppTests.swift */ = {isa = PBXFileReference; lastKnownFileType = sourcecode.swift; path = EUDI_Reference_AppTests.swift; sourceTree = "<group>"; };
		F14907D22ABAF55000DDFE56 /* EUDI Reference AppUITests.xctest */ = {isa = PBXFileReference; explicitFileType = wrapper.cfbundle; includeInIndex = 0; path = "EUDI Reference AppUITests.xctest"; sourceTree = BUILT_PRODUCTS_DIR; };
		F14907D62ABAF55000DDFE56 /* EUDI_Reference_AppUITests.swift */ = {isa = PBXFileReference; lastKnownFileType = sourcecode.swift; path = EUDI_Reference_AppUITests.swift; sourceTree = "<group>"; };
		F14907D82ABAF55000DDFE56 /* EUDI_Reference_AppUITestsLaunchTests.swift */ = {isa = PBXFileReference; lastKnownFileType = sourcecode.swift; path = EUDI_Reference_AppUITestsLaunchTests.swift; sourceTree = "<group>"; };
/* End PBXFileReference section */

/* Begin PBXFrameworksBuildPhase section */
		F14907B52ABAF54B00DDFE56 /* Frameworks */ = {
			isa = PBXFrameworksBuildPhase;
			buildActionMask = 2147483647;
			files = (
			);
			runOnlyForDeploymentPostprocessing = 0;
		};
		F14907C52ABAF55000DDFE56 /* Frameworks */ = {
			isa = PBXFrameworksBuildPhase;
			buildActionMask = 2147483647;
			files = (
			);
			runOnlyForDeploymentPostprocessing = 0;
		};
		F14907CF2ABAF55000DDFE56 /* Frameworks */ = {
			isa = PBXFrameworksBuildPhase;
			buildActionMask = 2147483647;
			files = (
			);
			runOnlyForDeploymentPostprocessing = 0;
		};
/* End PBXFrameworksBuildPhase section */

/* Begin PBXGroup section */
		F14907AF2ABAF54B00DDFE56 = {
			isa = PBXGroup;
			children = (
				F14907BA2ABAF54B00DDFE56 /* EUDI Reference App */,
				F14907CB2ABAF55000DDFE56 /* EUDI Reference AppTests */,
				F14907D52ABAF55000DDFE56 /* EUDI Reference AppUITests */,
				F14907B92ABAF54B00DDFE56 /* Products */,
			);
			sourceTree = "<group>";
		};
		F14907B92ABAF54B00DDFE56 /* Products */ = {
			isa = PBXGroup;
			children = (
				F14907B82ABAF54B00DDFE56 /* EUDI Reference App.app */,
				F14907C82ABAF55000DDFE56 /* EUDI Reference AppTests.xctest */,
				F14907D22ABAF55000DDFE56 /* EUDI Reference AppUITests.xctest */,
			);
			name = Products;
			sourceTree = "<group>";
		};
		F14907BA2ABAF54B00DDFE56 /* EUDI Reference App */ = {
			isa = PBXGroup;
			children = (
				F14907BB2ABAF54B00DDFE56 /* EUDI_Reference_AppApp.swift */,
				F14907BD2ABAF54B00DDFE56 /* ContentView.swift */,
				F14907BF2ABAF55000DDFE56 /* Assets.xcassets */,
				F14907C12ABAF55000DDFE56 /* Preview Content */,
			);
			path = "EUDI Reference App";
			sourceTree = "<group>";
		};
		F14907C12ABAF55000DDFE56 /* Preview Content */ = {
			isa = PBXGroup;
			children = (
				F14907C22ABAF55000DDFE56 /* Preview Assets.xcassets */,
			);
			path = "Preview Content";
			sourceTree = "<group>";
		};
		F14907CB2ABAF55000DDFE56 /* EUDI Reference AppTests */ = {
			isa = PBXGroup;
			children = (
				F14907CC2ABAF55000DDFE56 /* EUDI_Reference_AppTests.swift */,
			);
			path = "EUDI Reference AppTests";
			sourceTree = "<group>";
		};
		F14907D52ABAF55000DDFE56 /* EUDI Reference AppUITests */ = {
			isa = PBXGroup;
			children = (
				F14907D62ABAF55000DDFE56 /* EUDI_Reference_AppUITests.swift */,
				F14907D82ABAF55000DDFE56 /* EUDI_Reference_AppUITestsLaunchTests.swift */,
			);
			path = "EUDI Reference AppUITests";
			sourceTree = "<group>";
		};
/* End PBXGroup section */

/* Begin PBXNativeTarget section */
		F14907B72ABAF54B00DDFE56 /* EUDI Reference App */ = {
			isa = PBXNativeTarget;
			buildConfigurationList = F14907DC2ABAF55000DDFE56 /* Build configuration list for PBXNativeTarget "EUDI Reference App" */;
			buildPhases = (
				F14907B42ABAF54B00DDFE56 /* Sources */,
				F14907B52ABAF54B00DDFE56 /* Frameworks */,
				F14907B62ABAF54B00DDFE56 /* Resources */,
			);
			buildRules = (
			);
			dependencies = (
			);
			name = "EUDI Reference App";
			productName = "EUDI Reference App";
			productReference = F14907B82ABAF54B00DDFE56 /* EUDI Reference App.app */;
			productType = "com.apple.product-type.application";
		};
		F14907C72ABAF55000DDFE56 /* EUDI Reference AppTests */ = {
			isa = PBXNativeTarget;
			buildConfigurationList = F14907DF2ABAF55000DDFE56 /* Build configuration list for PBXNativeTarget "EUDI Reference AppTests" */;
			buildPhases = (
				F14907C42ABAF55000DDFE56 /* Sources */,
				F14907C52ABAF55000DDFE56 /* Frameworks */,
				F14907C62ABAF55000DDFE56 /* Resources */,
			);
			buildRules = (
			);
			dependencies = (
				F14907CA2ABAF55000DDFE56 /* PBXTargetDependency */,
			);
			name = "EUDI Reference AppTests";
			productName = "EUDI Reference AppTests";
			productReference = F14907C82ABAF55000DDFE56 /* EUDI Reference AppTests.xctest */;
			productType = "com.apple.product-type.bundle.unit-test";
		};
		F14907D12ABAF55000DDFE56 /* EUDI Reference AppUITests */ = {
			isa = PBXNativeTarget;
			buildConfigurationList = F14907E22ABAF55000DDFE56 /* Build configuration list for PBXNativeTarget "EUDI Reference AppUITests" */;
			buildPhases = (
				F14907CE2ABAF55000DDFE56 /* Sources */,
				F14907CF2ABAF55000DDFE56 /* Frameworks */,
				F14907D02ABAF55000DDFE56 /* Resources */,
			);
			buildRules = (
			);
			dependencies = (
				F14907D42ABAF55000DDFE56 /* PBXTargetDependency */,
			);
			name = "EUDI Reference AppUITests";
			productName = "EUDI Reference AppUITests";
			productReference = F14907D22ABAF55000DDFE56 /* EUDI Reference AppUITests.xctest */;
			productType = "com.apple.product-type.bundle.ui-testing";
		};
/* End PBXNativeTarget section */

/* Begin PBXProject section */
		F14907B02ABAF54B00DDFE56 /* Project object */ = {
			isa = PBXProject;
			attributes = {
				BuildIndependentTargetsInParallel = 1;
				LastSwiftUpdateCheck = 1500;
				LastUpgradeCheck = 1500;
				TargetAttributes = {
					F14907B72ABAF54B00DDFE56 = {
						CreatedOnToolsVersion = 15.0;
					};
					F14907C72ABAF55000DDFE56 = {
						CreatedOnToolsVersion = 15.0;
						TestTargetID = F14907B72ABAF54B00DDFE56;
					};
					F14907D12ABAF55000DDFE56 = {
						CreatedOnToolsVersion = 15.0;
						TestTargetID = F14907B72ABAF54B00DDFE56;
					};
				};
			};
			buildConfigurationList = F14907B32ABAF54B00DDFE56 /* Build configuration list for PBXProject "EUDI Reference App" */;
			compatibilityVersion = "Xcode 14.0";
			developmentRegion = en;
			hasScannedForEncodings = 0;
			knownRegions = (
				en,
				Base,
			);
			mainGroup = F14907AF2ABAF54B00DDFE56;
			productRefGroup = F14907B92ABAF54B00DDFE56 /* Products */;
			projectDirPath = "";
			projectRoot = "";
			targets = (
				F14907B72ABAF54B00DDFE56 /* EUDI Reference App */,
				F14907C72ABAF55000DDFE56 /* EUDI Reference AppTests */,
				F14907D12ABAF55000DDFE56 /* EUDI Reference AppUITests */,
			);
		};
/* End PBXProject section */

/* Begin PBXResourcesBuildPhase section */
		F14907B62ABAF54B00DDFE56 /* Resources */ = {
			isa = PBXResourcesBuildPhase;
			buildActionMask = 2147483647;
			files = (
				F14907C32ABAF55000DDFE56 /* Preview Assets.xcassets in Resources */,
				F14907C02ABAF55000DDFE56 /* Assets.xcassets in Resources */,
			);
			runOnlyForDeploymentPostprocessing = 0;
		};
		F14907C62ABAF55000DDFE56 /* Resources */ = {
			isa = PBXResourcesBuildPhase;
			buildActionMask = 2147483647;
			files = (
			);
			runOnlyForDeploymentPostprocessing = 0;
		};
		F14907D02ABAF55000DDFE56 /* Resources */ = {
			isa = PBXResourcesBuildPhase;
			buildActionMask = 2147483647;
			files = (
			);
			runOnlyForDeploymentPostprocessing = 0;
		};
/* End PBXResourcesBuildPhase section */

/* Begin PBXSourcesBuildPhase section */
		F14907B42ABAF54B00DDFE56 /* Sources */ = {
			isa = PBXSourcesBuildPhase;
			buildActionMask = 2147483647;
			files = (
				F14907BE2ABAF54B00DDFE56 /* ContentView.swift in Sources */,
				F14907BC2ABAF54B00DDFE56 /* EUDI_Reference_AppApp.swift in Sources */,
			);
			runOnlyForDeploymentPostprocessing = 0;
		};
		F14907C42ABAF55000DDFE56 /* Sources */ = {
			isa = PBXSourcesBuildPhase;
			buildActionMask = 2147483647;
			files = (
				F14907CD2ABAF55000DDFE56 /* EUDI_Reference_AppTests.swift in Sources */,
			);
			runOnlyForDeploymentPostprocessing = 0;
		};
		F14907CE2ABAF55000DDFE56 /* Sources */ = {
			isa = PBXSourcesBuildPhase;
			buildActionMask = 2147483647;
			files = (
				F14907D72ABAF55000DDFE56 /* EUDI_Reference_AppUITests.swift in Sources */,
				F14907D92ABAF55000DDFE56 /* EUDI_Reference_AppUITestsLaunchTests.swift in Sources */,
			);
			runOnlyForDeploymentPostprocessing = 0;
		};
/* End PBXSourcesBuildPhase section */

/* Begin PBXTargetDependency section */
		F14907CA2ABAF55000DDFE56 /* PBXTargetDependency */ = {
			isa = PBXTargetDependency;
			target = F14907B72ABAF54B00DDFE56 /* EUDI Reference App */;
			targetProxy = F14907C92ABAF55000DDFE56 /* PBXContainerItemProxy */;
		};
		F14907D42ABAF55000DDFE56 /* PBXTargetDependency */ = {
			isa = PBXTargetDependency;
			target = F14907B72ABAF54B00DDFE56 /* EUDI Reference App */;
			targetProxy = F14907D32ABAF55000DDFE56 /* PBXContainerItemProxy */;
		};
/* End PBXTargetDependency section */

/* Begin XCBuildConfiguration section */
		F14907DA2ABAF55000DDFE56 /* Debug */ = {
			isa = XCBuildConfiguration;
			buildSettings = {
				ALWAYS_SEARCH_USER_PATHS = NO;
				ASSETCATALOG_COMPILER_GENERATE_SWIFT_ASSET_SYMBOL_EXTENSIONS = YES;
				CLANG_ANALYZER_NONNULL = YES;
				CLANG_ANALYZER_NUMBER_OBJECT_CONVERSION = YES_AGGRESSIVE;
				CLANG_CXX_LANGUAGE_STANDARD = "gnu++20";
				CLANG_ENABLE_MODULES = YES;
				CLANG_ENABLE_OBJC_ARC = YES;
				CLANG_ENABLE_OBJC_WEAK = YES;
				CLANG_WARN_BLOCK_CAPTURE_AUTORELEASING = YES;
				CLANG_WARN_BOOL_CONVERSION = YES;
				CLANG_WARN_COMMA = YES;
				CLANG_WARN_CONSTANT_CONVERSION = YES;
				CLANG_WARN_DEPRECATED_OBJC_IMPLEMENTATIONS = YES;
				CLANG_WARN_DIRECT_OBJC_ISA_USAGE = YES_ERROR;
				CLANG_WARN_DOCUMENTATION_COMMENTS = YES;
				CLANG_WARN_EMPTY_BODY = YES;
				CLANG_WARN_ENUM_CONVERSION = YES;
				CLANG_WARN_INFINITE_RECURSION = YES;
				CLANG_WARN_INT_CONVERSION = YES;
				CLANG_WARN_NON_LITERAL_NULL_CONVERSION = YES;
				CLANG_WARN_OBJC_IMPLICIT_RETAIN_SELF = YES;
				CLANG_WARN_OBJC_LITERAL_CONVERSION = YES;
				CLANG_WARN_OBJC_ROOT_CLASS = YES_ERROR;
				CLANG_WARN_QUOTED_INCLUDE_IN_FRAMEWORK_HEADER = YES;
				CLANG_WARN_RANGE_LOOP_ANALYSIS = YES;
				CLANG_WARN_STRICT_PROTOTYPES = YES;
				CLANG_WARN_SUSPICIOUS_MOVE = YES;
				CLANG_WARN_UNGUARDED_AVAILABILITY = YES_AGGRESSIVE;
				CLANG_WARN_UNREACHABLE_CODE = YES;
				CLANG_WARN__DUPLICATE_METHOD_MATCH = YES;
				COPY_PHASE_STRIP = NO;
				DEBUG_INFORMATION_FORMAT = dwarf;
				ENABLE_STRICT_OBJC_MSGSEND = YES;
				ENABLE_TESTABILITY = YES;
				ENABLE_USER_SCRIPT_SANDBOXING = YES;
				GCC_C_LANGUAGE_STANDARD = gnu17;
				GCC_DYNAMIC_NO_PIC = NO;
				GCC_NO_COMMON_BLOCKS = YES;
				GCC_OPTIMIZATION_LEVEL = 0;
				GCC_PREPROCESSOR_DEFINITIONS = (
					"DEBUG=1",
					"$(inherited)",
				);
				GCC_WARN_64_TO_32_BIT_CONVERSION = YES;
				GCC_WARN_ABOUT_RETURN_TYPE = YES_ERROR;
				GCC_WARN_UNDECLARED_SELECTOR = YES;
				GCC_WARN_UNINITIALIZED_AUTOS = YES_AGGRESSIVE;
				GCC_WARN_UNUSED_FUNCTION = YES;
				GCC_WARN_UNUSED_VARIABLE = YES;
				IPHONEOS_DEPLOYMENT_TARGET = 17.0;
				LOCALIZATION_PREFERS_STRING_CATALOGS = YES;
				MTL_ENABLE_DEBUG_INFO = INCLUDE_SOURCE;
				MTL_FAST_MATH = YES;
				ONLY_ACTIVE_ARCH = YES;
				SDKROOT = iphoneos;
				SWIFT_ACTIVE_COMPILATION_CONDITIONS = "DEBUG $(inherited)";
				SWIFT_OPTIMIZATION_LEVEL = "-Onone";
			};
			name = Debug;
		};
		F14907DB2ABAF55000DDFE56 /* Release */ = {
			isa = XCBuildConfiguration;
			buildSettings = {
				ALWAYS_SEARCH_USER_PATHS = NO;
				ASSETCATALOG_COMPILER_GENERATE_SWIFT_ASSET_SYMBOL_EXTENSIONS = YES;
				CLANG_ANALYZER_NONNULL = YES;
				CLANG_ANALYZER_NUMBER_OBJECT_CONVERSION = YES_AGGRESSIVE;
				CLANG_CXX_LANGUAGE_STANDARD = "gnu++20";
				CLANG_ENABLE_MODULES = YES;
				CLANG_ENABLE_OBJC_ARC = YES;
				CLANG_ENABLE_OBJC_WEAK = YES;
				CLANG_WARN_BLOCK_CAPTURE_AUTORELEASING = YES;
				CLANG_WARN_BOOL_CONVERSION = YES;
				CLANG_WARN_COMMA = YES;
				CLANG_WARN_CONSTANT_CONVERSION = YES;
				CLANG_WARN_DEPRECATED_OBJC_IMPLEMENTATIONS = YES;
				CLANG_WARN_DIRECT_OBJC_ISA_USAGE = YES_ERROR;
				CLANG_WARN_DOCUMENTATION_COMMENTS = YES;
				CLANG_WARN_EMPTY_BODY = YES;
				CLANG_WARN_ENUM_CONVERSION = YES;
				CLANG_WARN_INFINITE_RECURSION = YES;
				CLANG_WARN_INT_CONVERSION = YES;
				CLANG_WARN_NON_LITERAL_NULL_CONVERSION = YES;
				CLANG_WARN_OBJC_IMPLICIT_RETAIN_SELF = YES;
				CLANG_WARN_OBJC_LITERAL_CONVERSION = YES;
				CLANG_WARN_OBJC_ROOT_CLASS = YES_ERROR;
				CLANG_WARN_QUOTED_INCLUDE_IN_FRAMEWORK_HEADER = YES;
				CLANG_WARN_RANGE_LOOP_ANALYSIS = YES;
				CLANG_WARN_STRICT_PROTOTYPES = YES;
				CLANG_WARN_SUSPICIOUS_MOVE = YES;
				CLANG_WARN_UNGUARDED_AVAILABILITY = YES_AGGRESSIVE;
				CLANG_WARN_UNREACHABLE_CODE = YES;
				CLANG_WARN__DUPLICATE_METHOD_MATCH = YES;
				COPY_PHASE_STRIP = NO;
				DEBUG_INFORMATION_FORMAT = "dwarf-with-dsym";
				ENABLE_NS_ASSERTIONS = NO;
				ENABLE_STRICT_OBJC_MSGSEND = YES;
				ENABLE_USER_SCRIPT_SANDBOXING = YES;
				GCC_C_LANGUAGE_STANDARD = gnu17;
				GCC_NO_COMMON_BLOCKS = YES;
				GCC_WARN_64_TO_32_BIT_CONVERSION = YES;
				GCC_WARN_ABOUT_RETURN_TYPE = YES_ERROR;
				GCC_WARN_UNDECLARED_SELECTOR = YES;
				GCC_WARN_UNINITIALIZED_AUTOS = YES_AGGRESSIVE;
				GCC_WARN_UNUSED_FUNCTION = YES;
				GCC_WARN_UNUSED_VARIABLE = YES;
				IPHONEOS_DEPLOYMENT_TARGET = 17.0;
				LOCALIZATION_PREFERS_STRING_CATALOGS = YES;
				MTL_ENABLE_DEBUG_INFO = NO;
				MTL_FAST_MATH = YES;
				SDKROOT = iphoneos;
				SWIFT_COMPILATION_MODE = wholemodule;
				VALIDATE_PRODUCT = YES;
			};
			name = Release;
		};
		F14907DD2ABAF55000DDFE56 /* Debug */ = {
			isa = XCBuildConfiguration;
			buildSettings = {
				ASSETCATALOG_COMPILER_APPICON_NAME = AppIcon;
				ASSETCATALOG_COMPILER_GLOBAL_ACCENT_COLOR_NAME = AccentColor;
				CODE_SIGN_STYLE = Automatic;
				CURRENT_PROJECT_VERSION = 1;
				DEVELOPMENT_ASSET_PATHS = "\"EUDI Reference App/Preview Content\"";
				DEVELOPMENT_TEAM = AZXQE7588Y;
				ENABLE_PREVIEWS = YES;
				GENERATE_INFOPLIST_FILE = YES;
				INFOPLIST_KEY_UIApplicationSceneManifest_Generation = YES;
				INFOPLIST_KEY_UIApplicationSupportsIndirectInputEvents = YES;
				INFOPLIST_KEY_UILaunchScreen_Generation = YES;
				INFOPLIST_KEY_UISupportedInterfaceOrientations_iPad = "UIInterfaceOrientationPortrait UIInterfaceOrientationPortraitUpsideDown UIInterfaceOrientationLandscapeLeft UIInterfaceOrientationLandscapeRight";
				INFOPLIST_KEY_UISupportedInterfaceOrientations_iPhone = "UIInterfaceOrientationPortrait UIInterfaceOrientationLandscapeLeft UIInterfaceOrientationLandscapeRight";
				LD_RUNPATH_SEARCH_PATHS = (
					"$(inherited)",
					"@executable_path/Frameworks",
				);
				MARKETING_VERSION = 1.0;
				PRODUCT_BUNDLE_IDENTIFIER = "eu.europa.eu.EUDI-Reference-App";
				PRODUCT_NAME = "$(TARGET_NAME)";
				SWIFT_EMIT_LOC_STRINGS = YES;
				SWIFT_VERSION = 5.0;
				TARGETED_DEVICE_FAMILY = "1,2";
			};
			name = Debug;
		};
		F14907DE2ABAF55000DDFE56 /* Release */ = {
			isa = XCBuildConfiguration;
			buildSettings = {
				ASSETCATALOG_COMPILER_APPICON_NAME = AppIcon;
				ASSETCATALOG_COMPILER_GLOBAL_ACCENT_COLOR_NAME = AccentColor;
				CODE_SIGN_STYLE = Automatic;
				CURRENT_PROJECT_VERSION = 1;
				DEVELOPMENT_ASSET_PATHS = "\"EUDI Reference App/Preview Content\"";
				DEVELOPMENT_TEAM = AZXQE7588Y;
				ENABLE_PREVIEWS = YES;
				GENERATE_INFOPLIST_FILE = YES;
				INFOPLIST_KEY_UIApplicationSceneManifest_Generation = YES;
				INFOPLIST_KEY_UIApplicationSupportsIndirectInputEvents = YES;
				INFOPLIST_KEY_UILaunchScreen_Generation = YES;
				INFOPLIST_KEY_UISupportedInterfaceOrientations_iPad = "UIInterfaceOrientationPortrait UIInterfaceOrientationPortraitUpsideDown UIInterfaceOrientationLandscapeLeft UIInterfaceOrientationLandscapeRight";
				INFOPLIST_KEY_UISupportedInterfaceOrientations_iPhone = "UIInterfaceOrientationPortrait UIInterfaceOrientationLandscapeLeft UIInterfaceOrientationLandscapeRight";
				LD_RUNPATH_SEARCH_PATHS = (
					"$(inherited)",
					"@executable_path/Frameworks",
				);
				MARKETING_VERSION = 1.0;
				PRODUCT_BUNDLE_IDENTIFIER = "eu.europa.eu.EUDI-Reference-App";
				PRODUCT_NAME = "$(TARGET_NAME)";
				SWIFT_EMIT_LOC_STRINGS = YES;
				SWIFT_VERSION = 5.0;
				TARGETED_DEVICE_FAMILY = "1,2";
			};
			name = Release;
		};
		F14907E02ABAF55000DDFE56 /* Debug */ = {
			isa = XCBuildConfiguration;
			buildSettings = {
				ALWAYS_EMBED_SWIFT_STANDARD_LIBRARIES = YES;
				BUNDLE_LOADER = "$(TEST_HOST)";
				CODE_SIGN_STYLE = Automatic;
				CURRENT_PROJECT_VERSION = 1;
				DEVELOPMENT_TEAM = AZXQE7588Y;
				GENERATE_INFOPLIST_FILE = YES;
				IPHONEOS_DEPLOYMENT_TARGET = 17.0;
				MARKETING_VERSION = 1.0;
				PRODUCT_BUNDLE_IDENTIFIER = "eu.europa.eu.EUDI-Reference-AppTests";
				PRODUCT_NAME = "$(TARGET_NAME)";
				SWIFT_EMIT_LOC_STRINGS = NO;
				SWIFT_VERSION = 5.0;
				TARGETED_DEVICE_FAMILY = "1,2";
				TEST_HOST = "$(BUILT_PRODUCTS_DIR)/EUDI Reference App.app/$(BUNDLE_EXECUTABLE_FOLDER_PATH)/EUDI Reference App";
			};
			name = Debug;
		};
		F14907E12ABAF55000DDFE56 /* Release */ = {
			isa = XCBuildConfiguration;
			buildSettings = {
				ALWAYS_EMBED_SWIFT_STANDARD_LIBRARIES = YES;
				BUNDLE_LOADER = "$(TEST_HOST)";
				CODE_SIGN_STYLE = Automatic;
				CURRENT_PROJECT_VERSION = 1;
				DEVELOPMENT_TEAM = AZXQE7588Y;
				GENERATE_INFOPLIST_FILE = YES;
				IPHONEOS_DEPLOYMENT_TARGET = 17.0;
				MARKETING_VERSION = 1.0;
				PRODUCT_BUNDLE_IDENTIFIER = "eu.europa.eu.EUDI-Reference-AppTests";
				PRODUCT_NAME = "$(TARGET_NAME)";
				SWIFT_EMIT_LOC_STRINGS = NO;
				SWIFT_VERSION = 5.0;
				TARGETED_DEVICE_FAMILY = "1,2";
				TEST_HOST = "$(BUILT_PRODUCTS_DIR)/EUDI Reference App.app/$(BUNDLE_EXECUTABLE_FOLDER_PATH)/EUDI Reference App";
			};
			name = Release;
		};
		F14907E32ABAF55000DDFE56 /* Debug */ = {
			isa = XCBuildConfiguration;
			buildSettings = {
				ALWAYS_EMBED_SWIFT_STANDARD_LIBRARIES = YES;
				CODE_SIGN_STYLE = Automatic;
				CURRENT_PROJECT_VERSION = 1;
				DEVELOPMENT_TEAM = AZXQE7588Y;
				GENERATE_INFOPLIST_FILE = YES;
				MARKETING_VERSION = 1.0;
				PRODUCT_BUNDLE_IDENTIFIER = "eu.europa.eu.EUDI-Reference-AppUITests";
				PRODUCT_NAME = "$(TARGET_NAME)";
				SWIFT_EMIT_LOC_STRINGS = NO;
				SWIFT_VERSION = 5.0;
				TARGETED_DEVICE_FAMILY = "1,2";
				TEST_TARGET_NAME = "EUDI Reference App";
			};
			name = Debug;
		};
		F14907E42ABAF55000DDFE56 /* Release */ = {
			isa = XCBuildConfiguration;
			buildSettings = {
				ALWAYS_EMBED_SWIFT_STANDARD_LIBRARIES = YES;
				CODE_SIGN_STYLE = Automatic;
				CURRENT_PROJECT_VERSION = 1;
				DEVELOPMENT_TEAM = AZXQE7588Y;
				GENERATE_INFOPLIST_FILE = YES;
				MARKETING_VERSION = 1.0;
				PRODUCT_BUNDLE_IDENTIFIER = "eu.europa.eu.EUDI-Reference-AppUITests";
				PRODUCT_NAME = "$(TARGET_NAME)";
				SWIFT_EMIT_LOC_STRINGS = NO;
				SWIFT_VERSION = 5.0;
				TARGETED_DEVICE_FAMILY = "1,2";
				TEST_TARGET_NAME = "EUDI Reference App";
			};
			name = Release;
		};
/* End XCBuildConfiguration section */

/* Begin XCConfigurationList section */
		F14907B32ABAF54B00DDFE56 /* Build configuration list for PBXProject "EUDI Reference App" */ = {
			isa = XCConfigurationList;
			buildConfigurations = (
				F14907DA2ABAF55000DDFE56 /* Debug */,
				F14907DB2ABAF55000DDFE56 /* Release */,
			);
			defaultConfigurationIsVisible = 0;
			defaultConfigurationName = Release;
		};
		F14907DC2ABAF55000DDFE56 /* Build configuration list for PBXNativeTarget "EUDI Reference App" */ = {
			isa = XCConfigurationList;
			buildConfigurations = (
				F14907DD2ABAF55000DDFE56 /* Debug */,
				F14907DE2ABAF55000DDFE56 /* Release */,
			);
			defaultConfigurationIsVisible = 0;
			defaultConfigurationName = Release;
		};
		F14907DF2ABAF55000DDFE56 /* Build configuration list for PBXNativeTarget "EUDI Reference AppTests" */ = {
			isa = XCConfigurationList;
			buildConfigurations = (
				F14907E02ABAF55000DDFE56 /* Debug */,
				F14907E12ABAF55000DDFE56 /* Release */,
			);
			defaultConfigurationIsVisible = 0;
			defaultConfigurationName = Release;
		};
		F14907E22ABAF55000DDFE56 /* Build configuration list for PBXNativeTarget "EUDI Reference AppUITests" */ = {
			isa = XCConfigurationList;
			buildConfigurations = (
				F14907E32ABAF55000DDFE56 /* Debug */,
				F14907E42ABAF55000DDFE56 /* Release */,
			);
			defaultConfigurationIsVisible = 0;
			defaultConfigurationName = Release;
		};
/* End XCConfigurationList section */
	};
	rootObject = F14907B02ABAF54B00DDFE56 /* Project object */;
}
