// !$*UTF8*$!
{
	archiveVersion = 1;
	classes = {
	};
	objectVersion = 56;
	objects = {

/* Begin PBXBuildFile section */
		B00A7C642A1ABC1D00DF9A86 /* mdoc_holderApp.swift in Sources */ = {isa = PBXBuildFile; fileRef = B00A7C632A1ABC1D00DF9A86 /* mdoc_holderApp.swift */; };
		B00A7C662A1ABC1D00DF9A86 /* ShareView.swift in Sources */ = {isa = PBXBuildFile; fileRef = B00A7C652A1ABC1D00DF9A86 /* ShareView.swift */; };
		B00A7C682A1ABC1F00DF9A86 /* Assets.xcassets in Resources */ = {isa = PBXBuildFile; fileRef = B00A7C672A1ABC1F00DF9A86 /* Assets.xcassets */; };
		B00A7C6B2A1ABC1F00DF9A86 /* Preview Assets.xcassets in Resources */ = {isa = PBXBuildFile; fileRef = B00A7C6A2A1ABC1F00DF9A86 /* Preview Assets.xcassets */; };
		B00A7C7A2A1ABC1F00DF9A86 /* mdoc_holderTests.swift in Sources */ = {isa = PBXBuildFile; fileRef = B00A7C792A1ABC1F00DF9A86 /* mdoc_holderTests.swift */; };
		B00A7C842A1ABC1F00DF9A86 /* mdoc_holderUITests.swift in Sources */ = {isa = PBXBuildFile; fileRef = B00A7C832A1ABC1F00DF9A86 /* mdoc_holderUITests.swift */; };
		B00A7C862A1ABC1F00DF9A86 /* mdoc_holderUITestsLaunchTests.swift in Sources */ = {isa = PBXBuildFile; fileRef = B00A7C852A1ABC1F00DF9A86 /* mdoc_holderUITestsLaunchTests.swift */; };
		B00A7C982A1AC0A600DF9A86 /* sample_data.json in Resources */ = {isa = PBXBuildFile; fileRef = B00A7C972A1AC0A600DF9A86 /* sample_data.json */; };
		B00A7C9B2A1AC91B00DF9A86 /* scytales_root_ca.der in Resources */ = {isa = PBXBuildFile; fileRef = B00A7C992A1AC90200DF9A86 /* scytales_root_ca.der */; };
		B00AAA672A1C14C000B81C9F /* mdocAppData.swift in Sources */ = {isa = PBXBuildFile; fileRef = B00AAA662A1C14C000B81C9F /* mdocAppData.swift */; };
		B03B55782A48F72900EB067C /* Localizable.strings in Resources */ = {isa = PBXBuildFile; fileRef = B03B55762A48F72900EB067C /* Localizable.strings */; };
		B03B557A2A490BCE00EB067C /* DocDataView.swift in Sources */ = {isa = PBXBuildFile; fileRef = B03B55792A490BCE00EB067C /* DocDataView.swift */; };
		B0C0B9F12A269B9400DEEFFF /* SimulatorScreenshotDemoApp1.png in Resources */ = {isa = PBXBuildFile; fileRef = B0C0B9F02A269B9400DEEFFF /* SimulatorScreenshotDemoApp1.png */; };
		B0DF90932A48D906001ED98C /* MainHolderView.swift in Sources */ = {isa = PBXBuildFile; fileRef = B0DF90922A48D906001ED98C /* MainHolderView.swift */; };
		B0DF90962A48D990001ED98C /* ButtonControls.swift in Sources */ = {isa = PBXBuildFile; fileRef = B0DF90952A48D990001ED98C /* ButtonControls.swift */; };
		B0EA82E12A4BA37D00A1C859 /* MdocDataModel18013 in Frameworks */ = {isa = PBXBuildFile; productRef = B0EA82E02A4BA37D00A1C859 /* MdocDataModel18013 */; };
/* End PBXBuildFile section */

/* Begin PBXContainerItemProxy section */
		B00A7C762A1ABC1F00DF9A86 /* PBXContainerItemProxy */ = {
			isa = PBXContainerItemProxy;
			containerPortal = B00A7C582A1ABC1D00DF9A86 /* Project object */;
			proxyType = 1;
			remoteGlobalIDString = B00A7C5F2A1ABC1D00DF9A86;
			remoteInfo = "mdoc-holder";
		};
		B00A7C802A1ABC1F00DF9A86 /* PBXContainerItemProxy */ = {
			isa = PBXContainerItemProxy;
			containerPortal = B00A7C582A1ABC1D00DF9A86 /* Project object */;
			proxyType = 1;
			remoteGlobalIDString = B00A7C5F2A1ABC1D00DF9A86;
			remoteInfo = "mdoc-holder";
		};
/* End PBXContainerItemProxy section */

/* Begin PBXFileReference section */
		B00A7C602A1ABC1D00DF9A86 /* mdoc-holder.app */ = {isa = PBXFileReference; explicitFileType = wrapper.application; includeInIndex = 0; path = "mdoc-holder.app"; sourceTree = BUILT_PRODUCTS_DIR; };
		B00A7C632A1ABC1D00DF9A86 /* mdoc_holderApp.swift */ = {isa = PBXFileReference; lastKnownFileType = sourcecode.swift; path = mdoc_holderApp.swift; sourceTree = "<group>"; };
		B00A7C652A1ABC1D00DF9A86 /* ShareView.swift */ = {isa = PBXFileReference; lastKnownFileType = sourcecode.swift; path = ShareView.swift; sourceTree = "<group>"; };
		B00A7C672A1ABC1F00DF9A86 /* Assets.xcassets */ = {isa = PBXFileReference; lastKnownFileType = folder.assetcatalog; path = Assets.xcassets; sourceTree = "<group>"; };
		B00A7C6A2A1ABC1F00DF9A86 /* Preview Assets.xcassets */ = {isa = PBXFileReference; lastKnownFileType = folder.assetcatalog; path = "Preview Assets.xcassets"; sourceTree = "<group>"; };
		B00A7C752A1ABC1F00DF9A86 /* mdoc-holderTests.xctest */ = {isa = PBXFileReference; explicitFileType = wrapper.cfbundle; includeInIndex = 0; path = "mdoc-holderTests.xctest"; sourceTree = BUILT_PRODUCTS_DIR; };
		B00A7C792A1ABC1F00DF9A86 /* mdoc_holderTests.swift */ = {isa = PBXFileReference; lastKnownFileType = sourcecode.swift; path = mdoc_holderTests.swift; sourceTree = "<group>"; };
		B00A7C7F2A1ABC1F00DF9A86 /* mdoc-holderUITests.xctest */ = {isa = PBXFileReference; explicitFileType = wrapper.cfbundle; includeInIndex = 0; path = "mdoc-holderUITests.xctest"; sourceTree = BUILT_PRODUCTS_DIR; };
		B00A7C832A1ABC1F00DF9A86 /* mdoc_holderUITests.swift */ = {isa = PBXFileReference; lastKnownFileType = sourcecode.swift; path = mdoc_holderUITests.swift; sourceTree = "<group>"; };
		B00A7C852A1ABC1F00DF9A86 /* mdoc_holderUITestsLaunchTests.swift */ = {isa = PBXFileReference; lastKnownFileType = sourcecode.swift; path = mdoc_holderUITestsLaunchTests.swift; sourceTree = "<group>"; };
		B00A7C972A1AC0A600DF9A86 /* sample_data.json */ = {isa = PBXFileReference; fileEncoding = 4; lastKnownFileType = text.json; path = sample_data.json; sourceTree = "<group>"; };
		B00A7C992A1AC90200DF9A86 /* scytales_root_ca.der */ = {isa = PBXFileReference; lastKnownFileType = file; path = scytales_root_ca.der; sourceTree = "<group>"; };
		B00AAA662A1C14C000B81C9F /* mdocAppData.swift */ = {isa = PBXFileReference; lastKnownFileType = sourcecode.swift; path = mdocAppData.swift; sourceTree = "<group>"; };
		B03B55772A48F72900EB067C /* en */ = {isa = PBXFileReference; lastKnownFileType = text.plist.strings; name = en; path = en.lproj/Localizable.strings; sourceTree = "<group>"; };
		B03B55792A490BCE00EB067C /* DocDataView.swift */ = {isa = PBXFileReference; lastKnownFileType = sourcecode.swift; path = DocDataView.swift; sourceTree = "<group>"; };
		B04CD9572A1D5EFF008F1787 /* README.md */ = {isa = PBXFileReference; lastKnownFileType = net.daringfireball.markdown; path = README.md; sourceTree = "<group>"; };
		B0C0B9F02A269B9400DEEFFF /* SimulatorScreenshotDemoApp1.png */ = {isa = PBXFileReference; lastKnownFileType = image.png; path = SimulatorScreenshotDemoApp1.png; sourceTree = "<group>"; };
		B0DF90922A48D906001ED98C /* MainHolderView.swift */ = {isa = PBXFileReference; lastKnownFileType = sourcecode.swift; path = MainHolderView.swift; sourceTree = "<group>"; };
		B0DF90952A48D990001ED98C /* ButtonControls.swift */ = {isa = PBXFileReference; lastKnownFileType = sourcecode.swift; path = ButtonControls.swift; sourceTree = "<group>"; };
/* End PBXFileReference section */

/* Begin PBXFrameworksBuildPhase section */
		B00A7C5D2A1ABC1D00DF9A86 /* Frameworks */ = {
			isa = PBXFrameworksBuildPhase;
			buildActionMask = 2147483647;
			files = (
				B0EA82E12A4BA37D00A1C859 /* MdocDataModel18013 in Frameworks */,
			);
			runOnlyForDeploymentPostprocessing = 0;
		};
		B00A7C722A1ABC1F00DF9A86 /* Frameworks */ = {
			isa = PBXFrameworksBuildPhase;
			buildActionMask = 2147483647;
			files = (
			);
			runOnlyForDeploymentPostprocessing = 0;
		};
		B00A7C7C2A1ABC1F00DF9A86 /* Frameworks */ = {
			isa = PBXFrameworksBuildPhase;
			buildActionMask = 2147483647;
			files = (
			);
			runOnlyForDeploymentPostprocessing = 0;
		};
/* End PBXFrameworksBuildPhase section */

/* Begin PBXGroup section */
		B00A7C572A1ABC1D00DF9A86 = {
			isa = PBXGroup;
			children = (
				B04CD9572A1D5EFF008F1787 /* README.md */,
				B00A7C622A1ABC1D00DF9A86 /* mdoc-holder */,
				B00A7C782A1ABC1F00DF9A86 /* mdoc-holderTests */,
				B00A7C822A1ABC1F00DF9A86 /* mdoc-holderUITests */,
				B00A7C612A1ABC1D00DF9A86 /* Products */,
				B00A7C942A1ABCA600DF9A86 /* Frameworks */,
			);
			sourceTree = "<group>";
		};
		B00A7C612A1ABC1D00DF9A86 /* Products */ = {
			isa = PBXGroup;
			children = (
				B00A7C602A1ABC1D00DF9A86 /* mdoc-holder.app */,
				B00A7C752A1ABC1F00DF9A86 /* mdoc-holderTests.xctest */,
				B00A7C7F2A1ABC1F00DF9A86 /* mdoc-holderUITests.xctest */,
			);
			name = Products;
			sourceTree = "<group>";
		};
		B00A7C622A1ABC1D00DF9A86 /* mdoc-holder */ = {
			isa = PBXGroup;
			children = (
				B03B55752A48F72900EB067C /* Resources */,
				B00A7C9A2A1AC90800DF9A86 /* Sample_data */,
				B00A7C632A1ABC1D00DF9A86 /* mdoc_holderApp.swift */,
				B0DF90942A48D978001ED98C /* Views */,
				B00AAA662A1C14C000B81C9F /* mdocAppData.swift */,
				B00A7C672A1ABC1F00DF9A86 /* Assets.xcassets */,
				B00A7C692A1ABC1F00DF9A86 /* Preview Content */,
			);
			path = "mdoc-holder";
			sourceTree = "<group>";
		};
		B00A7C692A1ABC1F00DF9A86 /* Preview Content */ = {
			isa = PBXGroup;
			children = (
				B00A7C6A2A1ABC1F00DF9A86 /* Preview Assets.xcassets */,
			);
			path = "Preview Content";
			sourceTree = "<group>";
		};
		B00A7C782A1ABC1F00DF9A86 /* mdoc-holderTests */ = {
			isa = PBXGroup;
			children = (
				B0C0B9EF2A269B5900DEEFFF /* Screenshots */,
				B00A7C792A1ABC1F00DF9A86 /* mdoc_holderTests.swift */,
			);
			path = "mdoc-holderTests";
			sourceTree = "<group>";
		};
		B00A7C822A1ABC1F00DF9A86 /* mdoc-holderUITests */ = {
			isa = PBXGroup;
			children = (
				B00A7C832A1ABC1F00DF9A86 /* mdoc_holderUITests.swift */,
				B00A7C852A1ABC1F00DF9A86 /* mdoc_holderUITestsLaunchTests.swift */,
			);
			path = "mdoc-holderUITests";
			sourceTree = "<group>";
		};
		B00A7C942A1ABCA600DF9A86 /* Frameworks */ = {
			isa = PBXGroup;
			children = (
			);
			name = Frameworks;
			sourceTree = "<group>";
		};
		B00A7C9A2A1AC90800DF9A86 /* Sample_data */ = {
			isa = PBXGroup;
			children = (
				B00A7C972A1AC0A600DF9A86 /* sample_data.json */,
				B00A7C992A1AC90200DF9A86 /* scytales_root_ca.der */,
			);
			path = Sample_data;
			sourceTree = "<group>";
		};
		B03B55752A48F72900EB067C /* Resources */ = {
			isa = PBXGroup;
			children = (
				B03B55762A48F72900EB067C /* Localizable.strings */,
			);
			path = Resources;
			sourceTree = "<group>";
		};
		B0C0B9EF2A269B5900DEEFFF /* Screenshots */ = {
			isa = PBXGroup;
			children = (
				B0C0B9F02A269B9400DEEFFF /* SimulatorScreenshotDemoApp1.png */,
			);
			path = Screenshots;
			sourceTree = "<group>";
		};
		B0DF90942A48D978001ED98C /* Views */ = {
			isa = PBXGroup;
			children = (
				B00A7C652A1ABC1D00DF9A86 /* ShareView.swift */,
				B0DF90922A48D906001ED98C /* MainHolderView.swift */,
				B0DF90952A48D990001ED98C /* ButtonControls.swift */,
				B03B55792A490BCE00EB067C /* DocDataView.swift */,
			);
			path = Views;
			sourceTree = "<group>";
		};
/* End PBXGroup section */

/* Begin PBXNativeTarget section */
		B00A7C5F2A1ABC1D00DF9A86 /* mdoc-holder */ = {
			isa = PBXNativeTarget;
			buildConfigurationList = B00A7C892A1ABC1F00DF9A86 /* Build configuration list for PBXNativeTarget "mdoc-holder" */;
			buildPhases = (
				B00A7C5C2A1ABC1D00DF9A86 /* Sources */,
				B00A7C5D2A1ABC1D00DF9A86 /* Frameworks */,
				B00A7C5E2A1ABC1D00DF9A86 /* Resources */,
			);
			buildRules = (
			);
			dependencies = (
			);
			name = "mdoc-holder";
			packageProductDependencies = (
				B0EA82E02A4BA37D00A1C859 /* MdocDataModel18013 */,
			);
			productName = "mdoc-holder";
			productReference = B00A7C602A1ABC1D00DF9A86 /* mdoc-holder.app */;
			productType = "com.apple.product-type.application";
		};
		B00A7C742A1ABC1F00DF9A86 /* mdoc-holderTests */ = {
			isa = PBXNativeTarget;
			buildConfigurationList = B00A7C8C2A1ABC1F00DF9A86 /* Build configuration list for PBXNativeTarget "mdoc-holderTests" */;
			buildPhases = (
				B00A7C712A1ABC1F00DF9A86 /* Sources */,
				B00A7C722A1ABC1F00DF9A86 /* Frameworks */,
				B00A7C732A1ABC1F00DF9A86 /* Resources */,
			);
			buildRules = (
			);
			dependencies = (
				B00A7C772A1ABC1F00DF9A86 /* PBXTargetDependency */,
			);
			name = "mdoc-holderTests";
			productName = "mdoc-holderTests";
			productReference = B00A7C752A1ABC1F00DF9A86 /* mdoc-holderTests.xctest */;
			productType = "com.apple.product-type.bundle.unit-test";
		};
		B00A7C7E2A1ABC1F00DF9A86 /* mdoc-holderUITests */ = {
			isa = PBXNativeTarget;
			buildConfigurationList = B00A7C8F2A1ABC1F00DF9A86 /* Build configuration list for PBXNativeTarget "mdoc-holderUITests" */;
			buildPhases = (
				B00A7C7B2A1ABC1F00DF9A86 /* Sources */,
				B00A7C7C2A1ABC1F00DF9A86 /* Frameworks */,
				B00A7C7D2A1ABC1F00DF9A86 /* Resources */,
			);
			buildRules = (
			);
			dependencies = (
				B00A7C812A1ABC1F00DF9A86 /* PBXTargetDependency */,
			);
			name = "mdoc-holderUITests";
			productName = "mdoc-holderUITests";
			productReference = B00A7C7F2A1ABC1F00DF9A86 /* mdoc-holderUITests.xctest */;
			productType = "com.apple.product-type.bundle.ui-testing";
		};
/* End PBXNativeTarget section */

/* Begin PBXProject section */
		B00A7C582A1ABC1D00DF9A86 /* Project object */ = {
			isa = PBXProject;
			attributes = {
				BuildIndependentTargetsInParallel = 1;
				LastSwiftUpdateCheck = 1430;
				LastUpgradeCheck = 1430;
				TargetAttributes = {
					B00A7C5F2A1ABC1D00DF9A86 = {
						CreatedOnToolsVersion = 14.3;
					};
					B00A7C742A1ABC1F00DF9A86 = {
						CreatedOnToolsVersion = 14.3;
						TestTargetID = B00A7C5F2A1ABC1D00DF9A86;
					};
					B00A7C7E2A1ABC1F00DF9A86 = {
						CreatedOnToolsVersion = 14.3;
						TestTargetID = B00A7C5F2A1ABC1D00DF9A86;
					};
				};
			};
			buildConfigurationList = B00A7C5B2A1ABC1D00DF9A86 /* Build configuration list for PBXProject "mdoc-holder" */;
			compatibilityVersion = "Xcode 14.0";
			developmentRegion = en;
			hasScannedForEncodings = 0;
			knownRegions = (
				en,
				Base,
			);
			mainGroup = B00A7C572A1ABC1D00DF9A86;
			packageReferences = (
				B0EA82DF2A4BA37D00A1C859 /* XCRemoteSwiftPackageReference "eudi-lib-ios-iso18013-data-model" */,
			);
			productRefGroup = B00A7C612A1ABC1D00DF9A86 /* Products */;
			projectDirPath = "";
			projectRoot = "";
			targets = (
				B00A7C5F2A1ABC1D00DF9A86 /* mdoc-holder */,
				B00A7C742A1ABC1F00DF9A86 /* mdoc-holderTests */,
				B00A7C7E2A1ABC1F00DF9A86 /* mdoc-holderUITests */,
			);
		};
/* End PBXProject section */

/* Begin PBXResourcesBuildPhase section */
		B00A7C5E2A1ABC1D00DF9A86 /* Resources */ = {
			isa = PBXResourcesBuildPhase;
			buildActionMask = 2147483647;
			files = (
				B00A7C982A1AC0A600DF9A86 /* sample_data.json in Resources */,
				B03B55782A48F72900EB067C /* Localizable.strings in Resources */,
				B00A7C6B2A1ABC1F00DF9A86 /* Preview Assets.xcassets in Resources */,
				B00A7C682A1ABC1F00DF9A86 /* Assets.xcassets in Resources */,
				B00A7C9B2A1AC91B00DF9A86 /* scytales_root_ca.der in Resources */,
			);
			runOnlyForDeploymentPostprocessing = 0;
		};
		B00A7C732A1ABC1F00DF9A86 /* Resources */ = {
			isa = PBXResourcesBuildPhase;
			buildActionMask = 2147483647;
			files = (
				B0C0B9F12A269B9400DEEFFF /* SimulatorScreenshotDemoApp1.png in Resources */,
			);
			runOnlyForDeploymentPostprocessing = 0;
		};
		B00A7C7D2A1ABC1F00DF9A86 /* Resources */ = {
			isa = PBXResourcesBuildPhase;
			buildActionMask = 2147483647;
			files = (
			);
			runOnlyForDeploymentPostprocessing = 0;
		};
/* End PBXResourcesBuildPhase section */

/* Begin PBXSourcesBuildPhase section */
		B00A7C5C2A1ABC1D00DF9A86 /* Sources */ = {
			isa = PBXSourcesBuildPhase;
			buildActionMask = 2147483647;
			files = (
				B0DF90962A48D990001ED98C /* ButtonControls.swift in Sources */,
				B00A7C662A1ABC1D00DF9A86 /* ShareView.swift in Sources */,
				B0DF90932A48D906001ED98C /* MainHolderView.swift in Sources */,
				B03B557A2A490BCE00EB067C /* DocDataView.swift in Sources */,
				B00A7C642A1ABC1D00DF9A86 /* mdoc_holderApp.swift in Sources */,
				B00AAA672A1C14C000B81C9F /* mdocAppData.swift in Sources */,
			);
			runOnlyForDeploymentPostprocessing = 0;
		};
		B00A7C712A1ABC1F00DF9A86 /* Sources */ = {
			isa = PBXSourcesBuildPhase;
			buildActionMask = 2147483647;
			files = (
				B00A7C7A2A1ABC1F00DF9A86 /* mdoc_holderTests.swift in Sources */,
			);
			runOnlyForDeploymentPostprocessing = 0;
		};
		B00A7C7B2A1ABC1F00DF9A86 /* Sources */ = {
			isa = PBXSourcesBuildPhase;
			buildActionMask = 2147483647;
			files = (
				B00A7C842A1ABC1F00DF9A86 /* mdoc_holderUITests.swift in Sources */,
				B00A7C862A1ABC1F00DF9A86 /* mdoc_holderUITestsLaunchTests.swift in Sources */,
			);
			runOnlyForDeploymentPostprocessing = 0;
		};
/* End PBXSourcesBuildPhase section */

/* Begin PBXTargetDependency section */
		B00A7C772A1ABC1F00DF9A86 /* PBXTargetDependency */ = {
			isa = PBXTargetDependency;
			target = B00A7C5F2A1ABC1D00DF9A86 /* mdoc-holder */;
			targetProxy = B00A7C762A1ABC1F00DF9A86 /* PBXContainerItemProxy */;
		};
		B00A7C812A1ABC1F00DF9A86 /* PBXTargetDependency */ = {
			isa = PBXTargetDependency;
			target = B00A7C5F2A1ABC1D00DF9A86 /* mdoc-holder */;
			targetProxy = B00A7C802A1ABC1F00DF9A86 /* PBXContainerItemProxy */;
		};
/* End PBXTargetDependency section */

/* Begin PBXVariantGroup section */
		B03B55762A48F72900EB067C /* Localizable.strings */ = {
			isa = PBXVariantGroup;
			children = (
				B03B55772A48F72900EB067C /* en */,
			);
			name = Localizable.strings;
			sourceTree = "<group>";
		};
/* End PBXVariantGroup section */

/* Begin XCBuildConfiguration section */
		B00A7C872A1ABC1F00DF9A86 /* Debug */ = {
			isa = XCBuildConfiguration;
			buildSettings = {
				ALWAYS_SEARCH_USER_PATHS = NO;
				CLANG_ANALYZER_NONNULL = YES;
				CLANG_ANALYZER_NUMBER_OBJECT_CONVERSION = YES_AGGRESSIVE;
				CLANG_CXX_LANGUAGE_STANDARD = "gnu++20";
				CLANG_ENABLE_MODULES = YES;
				CLANG_ENABLE_OBJC_ARC = YES;
				CLANG_ENABLE_OBJC_WEAK = YES;
				CLANG_WARN_BLOCK_CAPTURE_AUTORELEASING = YES;
				CLANG_WARN_BOOL_CONVERSION = YES;
				CLANG_WARN_COMMA = YES;
				CLANG_WARN_CONSTANT_CONVERSION = YES;
				CLANG_WARN_DEPRECATED_OBJC_IMPLEMENTATIONS = YES;
				CLANG_WARN_DIRECT_OBJC_ISA_USAGE = YES_ERROR;
				CLANG_WARN_DOCUMENTATION_COMMENTS = YES;
				CLANG_WARN_EMPTY_BODY = YES;
				CLANG_WARN_ENUM_CONVERSION = YES;
				CLANG_WARN_INFINITE_RECURSION = YES;
				CLANG_WARN_INT_CONVERSION = YES;
				CLANG_WARN_NON_LITERAL_NULL_CONVERSION = YES;
				CLANG_WARN_OBJC_IMPLICIT_RETAIN_SELF = YES;
				CLANG_WARN_OBJC_LITERAL_CONVERSION = YES;
				CLANG_WARN_OBJC_ROOT_CLASS = YES_ERROR;
				CLANG_WARN_QUOTED_INCLUDE_IN_FRAMEWORK_HEADER = YES;
				CLANG_WARN_RANGE_LOOP_ANALYSIS = YES;
				CLANG_WARN_STRICT_PROTOTYPES = YES;
				CLANG_WARN_SUSPICIOUS_MOVE = YES;
				CLANG_WARN_UNGUARDED_AVAILABILITY = YES_AGGRESSIVE;
				CLANG_WARN_UNREACHABLE_CODE = YES;
				CLANG_WARN__DUPLICATE_METHOD_MATCH = YES;
				COPY_PHASE_STRIP = NO;
				DEBUG_INFORMATION_FORMAT = dwarf;
				ENABLE_STRICT_OBJC_MSGSEND = YES;
				ENABLE_TESTABILITY = YES;
				GCC_C_LANGUAGE_STANDARD = gnu11;
				GCC_DYNAMIC_NO_PIC = NO;
				GCC_NO_COMMON_BLOCKS = YES;
				GCC_OPTIMIZATION_LEVEL = 0;
				GCC_PREPROCESSOR_DEFINITIONS = (
					"DEBUG=1",
					"$(inherited)",
				);
				GCC_WARN_64_TO_32_BIT_CONVERSION = YES;
				GCC_WARN_ABOUT_RETURN_TYPE = YES_ERROR;
				GCC_WARN_UNDECLARED_SELECTOR = YES;
				GCC_WARN_UNINITIALIZED_AUTOS = YES_AGGRESSIVE;
				GCC_WARN_UNUSED_FUNCTION = YES;
				GCC_WARN_UNUSED_VARIABLE = YES;
				IPHONEOS_DEPLOYMENT_TARGET = 16.4;
				MTL_ENABLE_DEBUG_INFO = INCLUDE_SOURCE;
				MTL_FAST_MATH = YES;
				ONLY_ACTIVE_ARCH = YES;
				SDKROOT = iphoneos;
				SWIFT_ACTIVE_COMPILATION_CONDITIONS = DEBUG;
				SWIFT_OPTIMIZATION_LEVEL = "-Onone";
			};
			name = Debug;
		};
		B00A7C882A1ABC1F00DF9A86 /* Release */ = {
			isa = XCBuildConfiguration;
			buildSettings = {
				ALWAYS_SEARCH_USER_PATHS = NO;
				CLANG_ANALYZER_NONNULL = YES;
				CLANG_ANALYZER_NUMBER_OBJECT_CONVERSION = YES_AGGRESSIVE;
				CLANG_CXX_LANGUAGE_STANDARD = "gnu++20";
				CLANG_ENABLE_MODULES = YES;
				CLANG_ENABLE_OBJC_ARC = YES;
				CLANG_ENABLE_OBJC_WEAK = YES;
				CLANG_WARN_BLOCK_CAPTURE_AUTORELEASING = YES;
				CLANG_WARN_BOOL_CONVERSION = YES;
				CLANG_WARN_COMMA = YES;
				CLANG_WARN_CONSTANT_CONVERSION = YES;
				CLANG_WARN_DEPRECATED_OBJC_IMPLEMENTATIONS = YES;
				CLANG_WARN_DIRECT_OBJC_ISA_USAGE = YES_ERROR;
				CLANG_WARN_DOCUMENTATION_COMMENTS = YES;
				CLANG_WARN_EMPTY_BODY = YES;
				CLANG_WARN_ENUM_CONVERSION = YES;
				CLANG_WARN_INFINITE_RECURSION = YES;
				CLANG_WARN_INT_CONVERSION = YES;
				CLANG_WARN_NON_LITERAL_NULL_CONVERSION = YES;
				CLANG_WARN_OBJC_IMPLICIT_RETAIN_SELF = YES;
				CLANG_WARN_OBJC_LITERAL_CONVERSION = YES;
				CLANG_WARN_OBJC_ROOT_CLASS = YES_ERROR;
				CLANG_WARN_QUOTED_INCLUDE_IN_FRAMEWORK_HEADER = YES;
				CLANG_WARN_RANGE_LOOP_ANALYSIS = YES;
				CLANG_WARN_STRICT_PROTOTYPES = YES;
				CLANG_WARN_SUSPICIOUS_MOVE = YES;
				CLANG_WARN_UNGUARDED_AVAILABILITY = YES_AGGRESSIVE;
				CLANG_WARN_UNREACHABLE_CODE = YES;
				CLANG_WARN__DUPLICATE_METHOD_MATCH = YES;
				COPY_PHASE_STRIP = NO;
				DEBUG_INFORMATION_FORMAT = "dwarf-with-dsym";
				ENABLE_NS_ASSERTIONS = NO;
				ENABLE_STRICT_OBJC_MSGSEND = YES;
				GCC_C_LANGUAGE_STANDARD = gnu11;
				GCC_NO_COMMON_BLOCKS = YES;
				GCC_WARN_64_TO_32_BIT_CONVERSION = YES;
				GCC_WARN_ABOUT_RETURN_TYPE = YES_ERROR;
				GCC_WARN_UNDECLARED_SELECTOR = YES;
				GCC_WARN_UNINITIALIZED_AUTOS = YES_AGGRESSIVE;
				GCC_WARN_UNUSED_FUNCTION = YES;
				GCC_WARN_UNUSED_VARIABLE = YES;
				IPHONEOS_DEPLOYMENT_TARGET = 16.4;
				MTL_ENABLE_DEBUG_INFO = NO;
				MTL_FAST_MATH = YES;
				SDKROOT = iphoneos;
				SWIFT_COMPILATION_MODE = wholemodule;
				SWIFT_OPTIMIZATION_LEVEL = "-O";
				VALIDATE_PRODUCT = YES;
			};
			name = Release;
		};
		B00A7C8A2A1ABC1F00DF9A86 /* Debug */ = {
			isa = XCBuildConfiguration;
			buildSettings = {
				ASSETCATALOG_COMPILER_APPICON_NAME = AppIcon;
				ASSETCATALOG_COMPILER_GLOBAL_ACCENT_COLOR_NAME = AccentColor;
				CODE_SIGN_STYLE = Automatic;
				CURRENT_PROJECT_VERSION = 1;
				DEVELOPMENT_ASSET_PATHS = "\"mdoc-holder/Preview Content\"";
				DEVELOPMENT_TEAM = 5T7UHW36CL;
				ENABLE_PREVIEWS = YES;
				GENERATE_INFOPLIST_FILE = YES;
				INFOPLIST_KEY_UIApplicationSceneManifest_Generation = YES;
				INFOPLIST_KEY_UIApplicationSupportsIndirectInputEvents = YES;
				INFOPLIST_KEY_UILaunchScreen_Generation = YES;
				INFOPLIST_KEY_UISupportedInterfaceOrientations_iPad = "UIInterfaceOrientationPortrait UIInterfaceOrientationPortraitUpsideDown UIInterfaceOrientationLandscapeLeft UIInterfaceOrientationLandscapeRight";
				INFOPLIST_KEY_UISupportedInterfaceOrientations_iPhone = "UIInterfaceOrientationPortrait UIInterfaceOrientationLandscapeLeft UIInterfaceOrientationLandscapeRight";
				IPHONEOS_DEPLOYMENT_TARGET = 16.4;
				LD_RUNPATH_SEARCH_PATHS = (
					"$(inherited)",
					"@executable_path/Frameworks",
				);
				MARKETING_VERSION = 1.0;
				PRODUCT_BUNDLE_IDENTIFIER = eu.eudiw.mdocholder;
				PRODUCT_NAME = "$(TARGET_NAME)";
				SWIFT_EMIT_LOC_STRINGS = YES;
				SWIFT_VERSION = 5.0;
				TARGETED_DEVICE_FAMILY = "1,2";
			};
			name = Debug;
		};
		B00A7C8B2A1ABC1F00DF9A86 /* Release */ = {
			isa = XCBuildConfiguration;
			buildSettings = {
				ASSETCATALOG_COMPILER_APPICON_NAME = AppIcon;
				ASSETCATALOG_COMPILER_GLOBAL_ACCENT_COLOR_NAME = AccentColor;
				CODE_SIGN_STYLE = Automatic;
				CURRENT_PROJECT_VERSION = 1;
				DEVELOPMENT_ASSET_PATHS = "\"mdoc-holder/Preview Content\"";
				DEVELOPMENT_TEAM = 5T7UHW36CL;
				ENABLE_PREVIEWS = YES;
				GENERATE_INFOPLIST_FILE = YES;
				INFOPLIST_KEY_UIApplicationSceneManifest_Generation = YES;
				INFOPLIST_KEY_UIApplicationSupportsIndirectInputEvents = YES;
				INFOPLIST_KEY_UILaunchScreen_Generation = YES;
				INFOPLIST_KEY_UISupportedInterfaceOrientations_iPad = "UIInterfaceOrientationPortrait UIInterfaceOrientationPortraitUpsideDown UIInterfaceOrientationLandscapeLeft UIInterfaceOrientationLandscapeRight";
				INFOPLIST_KEY_UISupportedInterfaceOrientations_iPhone = "UIInterfaceOrientationPortrait UIInterfaceOrientationLandscapeLeft UIInterfaceOrientationLandscapeRight";
				IPHONEOS_DEPLOYMENT_TARGET = 16.4;
				LD_RUNPATH_SEARCH_PATHS = (
					"$(inherited)",
					"@executable_path/Frameworks",
				);
				MARKETING_VERSION = 1.0;
				PRODUCT_BUNDLE_IDENTIFIER = eu.eudiw.mdocholder;
				PRODUCT_NAME = "$(TARGET_NAME)";
				SWIFT_EMIT_LOC_STRINGS = YES;
				SWIFT_VERSION = 5.0;
				TARGETED_DEVICE_FAMILY = "1,2";
			};
			name = Release;
		};
		B00A7C8D2A1ABC1F00DF9A86 /* Debug */ = {
			isa = XCBuildConfiguration;
			buildSettings = {
				ALWAYS_EMBED_SWIFT_STANDARD_LIBRARIES = YES;
				BUNDLE_LOADER = "$(TEST_HOST)";
				CODE_SIGN_STYLE = Automatic;
				CURRENT_PROJECT_VERSION = 1;
				DEVELOPMENT_TEAM = 5T7UHW36CL;
				GENERATE_INFOPLIST_FILE = YES;
				IPHONEOS_DEPLOYMENT_TARGET = 16.4;
				MARKETING_VERSION = 1.0;
				PRODUCT_BUNDLE_IDENTIFIER = "niscy.eudiw.mdoc-holderTests";
				PRODUCT_NAME = "$(TARGET_NAME)";
				SWIFT_EMIT_LOC_STRINGS = NO;
				SWIFT_VERSION = 5.0;
				TARGETED_DEVICE_FAMILY = "1,2";
				TEST_HOST = "$(BUILT_PRODUCTS_DIR)/mdoc-holder.app/$(BUNDLE_EXECUTABLE_FOLDER_PATH)/mdoc-holder";
			};
			name = Debug;
		};
		B00A7C8E2A1ABC1F00DF9A86 /* Release */ = {
			isa = XCBuildConfiguration;
			buildSettings = {
				ALWAYS_EMBED_SWIFT_STANDARD_LIBRARIES = YES;
				BUNDLE_LOADER = "$(TEST_HOST)";
				CODE_SIGN_STYLE = Automatic;
				CURRENT_PROJECT_VERSION = 1;
				DEVELOPMENT_TEAM = 5T7UHW36CL;
				GENERATE_INFOPLIST_FILE = YES;
				IPHONEOS_DEPLOYMENT_TARGET = 16.4;
				MARKETING_VERSION = 1.0;
				PRODUCT_BUNDLE_IDENTIFIER = "niscy.eudiw.mdoc-holderTests";
				PRODUCT_NAME = "$(TARGET_NAME)";
				SWIFT_EMIT_LOC_STRINGS = NO;
				SWIFT_VERSION = 5.0;
				TARGETED_DEVICE_FAMILY = "1,2";
				TEST_HOST = "$(BUILT_PRODUCTS_DIR)/mdoc-holder.app/$(BUNDLE_EXECUTABLE_FOLDER_PATH)/mdoc-holder";
			};
			name = Release;
		};
		B00A7C902A1ABC1F00DF9A86 /* Debug */ = {
			isa = XCBuildConfiguration;
			buildSettings = {
				ALWAYS_EMBED_SWIFT_STANDARD_LIBRARIES = YES;
				CODE_SIGN_STYLE = Automatic;
				CURRENT_PROJECT_VERSION = 1;
				DEVELOPMENT_TEAM = 5T7UHW36CL;
				GENERATE_INFOPLIST_FILE = YES;
				MARKETING_VERSION = 1.0;
				PRODUCT_BUNDLE_IDENTIFIER = "niscy.eudiw.mdoc-holderUITests";
				PRODUCT_NAME = "$(TARGET_NAME)";
				SWIFT_EMIT_LOC_STRINGS = NO;
				SWIFT_VERSION = 5.0;
				TARGETED_DEVICE_FAMILY = "1,2";
				TEST_TARGET_NAME = "mdoc-holder";
			};
			name = Debug;
		};
		B00A7C912A1ABC1F00DF9A86 /* Release */ = {
			isa = XCBuildConfiguration;
			buildSettings = {
				ALWAYS_EMBED_SWIFT_STANDARD_LIBRARIES = YES;
				CODE_SIGN_STYLE = Automatic;
				CURRENT_PROJECT_VERSION = 1;
				DEVELOPMENT_TEAM = 5T7UHW36CL;
				GENERATE_INFOPLIST_FILE = YES;
				MARKETING_VERSION = 1.0;
				PRODUCT_BUNDLE_IDENTIFIER = "niscy.eudiw.mdoc-holderUITests";
				PRODUCT_NAME = "$(TARGET_NAME)";
				SWIFT_EMIT_LOC_STRINGS = NO;
				SWIFT_VERSION = 5.0;
				TARGETED_DEVICE_FAMILY = "1,2";
				TEST_TARGET_NAME = "mdoc-holder";
			};
			name = Release;
		};
/* End XCBuildConfiguration section */

/* Begin XCConfigurationList section */
		B00A7C5B2A1ABC1D00DF9A86 /* Build configuration list for PBXProject "mdoc-holder" */ = {
			isa = XCConfigurationList;
			buildConfigurations = (
				B00A7C872A1ABC1F00DF9A86 /* Debug */,
				B00A7C882A1ABC1F00DF9A86 /* Release */,
			);
			defaultConfigurationIsVisible = 0;
			defaultConfigurationName = Release;
		};
		B00A7C892A1ABC1F00DF9A86 /* Build configuration list for PBXNativeTarget "mdoc-holder" */ = {
			isa = XCConfigurationList;
			buildConfigurations = (
				B00A7C8A2A1ABC1F00DF9A86 /* Debug */,
				B00A7C8B2A1ABC1F00DF9A86 /* Release */,
			);
			defaultConfigurationIsVisible = 0;
			defaultConfigurationName = Release;
		};
		B00A7C8C2A1ABC1F00DF9A86 /* Build configuration list for PBXNativeTarget "mdoc-holderTests" */ = {
			isa = XCConfigurationList;
			buildConfigurations = (
				B00A7C8D2A1ABC1F00DF9A86 /* Debug */,
				B00A7C8E2A1ABC1F00DF9A86 /* Release */,
			);
			defaultConfigurationIsVisible = 0;
			defaultConfigurationName = Release;
		};
		B00A7C8F2A1ABC1F00DF9A86 /* Build configuration list for PBXNativeTarget "mdoc-holderUITests" */ = {
			isa = XCConfigurationList;
			buildConfigurations = (
				B00A7C902A1ABC1F00DF9A86 /* Debug */,
				B00A7C912A1ABC1F00DF9A86 /* Release */,
			);
			defaultConfigurationIsVisible = 0;
			defaultConfigurationName = Release;
		};
/* End XCConfigurationList section */

/* Begin XCRemoteSwiftPackageReference section */
		B0EA82DF2A4BA37D00A1C859 /* XCRemoteSwiftPackageReference "eudi-lib-ios-iso18013-data-model" */ = {
			isa = XCRemoteSwiftPackageReference;
			repositoryURL = "https://github.com/niscy-eudiw/eudi-lib-ios-iso18013-data-model";
			requirement = {
				branch = develop;
				kind = branch;
			};
		};
/* End XCRemoteSwiftPackageReference section */

/* Begin XCSwiftPackageProductDependency section */
		B0EA82E02A4BA37D00A1C859 /* MdocDataModel18013 */ = {
			isa = XCSwiftPackageProductDependency;
			package = B0EA82DF2A4BA37D00A1C859 /* XCRemoteSwiftPackageReference "eudi-lib-ios-iso18013-data-model" */;
			productName = MdocDataModel18013;
		};
/* End XCSwiftPackageProductDependency section */
	};
	rootObject = B00A7C582A1ABC1D00DF9A86 /* Project object */;
}
