// !$*UTF8*$!
{
	archiveVersion = 1;
	classes = {
	};
	objectVersion = 56;
	objects = {

/* Begin PBXBuildFile section */
		F02921632B8E07870076A58B /* WalletDemoRelease.xcconfig in Resources */ = {isa = PBXBuildFile; fileRef = F02921612B8E07870076A58B /* WalletDemoRelease.xcconfig */; };
		F02921642B8E07870076A58B /* WalletDevRelease.xcconfig in Resources */ = {isa = PBXBuildFile; fileRef = F02921622B8E07870076A58B /* WalletDevRelease.xcconfig */; };
		F02AE38F2BA6E45F00C25C59 /* logic-assembly in Resources */ = {isa = PBXBuildFile; fileRef = F02AE38E2BA6E45F00C25C59 /* logic-assembly */; };
		F02AE3912BA6E59600C25C59 /* logic-assembly in Frameworks */ = {isa = PBXBuildFile; productRef = F02AE3902BA6E59600C25C59 /* logic-assembly */; };
		F05E9F382AFABBC200891E8F /* feature-presentation in Resources */ = {isa = PBXBuildFile; fileRef = F05E9F372AFABBC200891E8F /* feature-presentation */; };
		F06325102AC598370004601F /* logic-test in Resources */ = {isa = PBXBuildFile; fileRef = F063250F2AC598370004601F /* logic-test */; };
		F06325122AC59AF50004601F /* feature-test in Resources */ = {isa = PBXBuildFile; fileRef = F06325112AC59AF50004601F /* feature-test */; };
		F069CC3F2AFAC0AD0033AAC5 /* feature-proximity in Resources */ = {isa = PBXBuildFile; fileRef = F069CC3D2AFAC0AD0033AAC5 /* feature-proximity */; };
		F069CC402AFAC0AD0033AAC5 /* feature-issuance in Resources */ = {isa = PBXBuildFile; fileRef = F069CC3E2AFAC0AD0033AAC5 /* feature-issuance */; };
		F0A013982AC35ECA00065EAD /* logic-business in Resources */ = {isa = PBXBuildFile; fileRef = F0A013922AC35ECA00065EAD /* logic-business */; };
		F0A013992AC35ECA00065EAD /* logic-api in Resources */ = {isa = PBXBuildFile; fileRef = F0A013932AC35ECA00065EAD /* logic-api */; };
		F0A0139A2AC35ECA00065EAD /* feature-startup in Resources */ = {isa = PBXBuildFile; fileRef = F0A013942AC35ECA00065EAD /* feature-startup */; };
		F0A0139C2AC35ECA00065EAD /* logic-ui in Resources */ = {isa = PBXBuildFile; fileRef = F0A013962AC35ECA00065EAD /* logic-ui */; };
		F0BFE9B72AD557290062826F /* feature-common in Resources */ = {isa = PBXBuildFile; fileRef = F0BFE9B62AD557290062826F /* feature-common */; };
		F0C6207E2B6A6246007F903F /* logic-analytics in Resources */ = {isa = PBXBuildFile; fileRef = F0C6207D2B6A6246007F903F /* logic-analytics */; };
		F0FFD1E72D82DBB20044B5C1 /* pid_issuer_caee01.der in Resources */ = {isa = PBXBuildFile; fileRef = F0FFD1E12D82DBB20044B5C1 /* pid_issuer_caee01.der */; };
		F0FFD1E82D82DBB20044B5C1 /* pid_issuer_caeu01.der in Resources */ = {isa = PBXBuildFile; fileRef = F0FFD1E22D82DBB20044B5C1 /* pid_issuer_caeu01.der */; };
		F0FFD1E92D82DBB20044B5C1 /* pid_issuer_caut01.der in Resources */ = {isa = PBXBuildFile; fileRef = F0FFD1E62D82DBB20044B5C1 /* pid_issuer_caut01.der */; };
		F0FFD1EA2D82DBB20044B5C1 /* pid_issuer_capt01.der in Resources */ = {isa = PBXBuildFile; fileRef = F0FFD1E52D82DBB20044B5C1 /* pid_issuer_capt01.der */; };
		F0FFD1EB2D82DBB20044B5C1 /* pid_issuer_cacz01.der in Resources */ = {isa = PBXBuildFile; fileRef = F0FFD1E02D82DBB20044B5C1 /* pid_issuer_cacz01.der */; };
		F0FFD1EC2D82DBB20044B5C1 /* pid_issuer_calu01.der in Resources */ = {isa = PBXBuildFile; fileRef = F0FFD1E32D82DBB20044B5C1 /* pid_issuer_calu01.der */; };
		F0FFD1ED2D82DBB20044B5C1 /* pid_issuer_canl01.der in Resources */ = {isa = PBXBuildFile; fileRef = F0FFD1E42D82DBB20044B5C1 /* pid_issuer_canl01.der */; };
		F12E940F2ABC6C000086EC93 /* AppDelegate.swift in Sources */ = {isa = PBXBuildFile; fileRef = F12E940E2ABC6C000086EC93 /* AppDelegate.swift */; };
		F14907BC2ABAF54B00DDFE56 /* Application.swift in Sources */ = {isa = PBXBuildFile; fileRef = F14907BB2ABAF54B00DDFE56 /* Application.swift */; };
		F14907C02ABAF55000DDFE56 /* Assets.xcassets in Resources */ = {isa = PBXBuildFile; fileRef = F14907BF2ABAF55000DDFE56 /* Assets.xcassets */; };
		F14907C32ABAF55000DDFE56 /* Preview Assets.xcassets in Resources */ = {isa = PBXBuildFile; fileRef = F14907C22ABAF55000DDFE56 /* Preview Assets.xcassets */; };
		F1CACAE02AC3097100B40DED /* WalletDev.xcconfig in Resources */ = {isa = PBXBuildFile; fileRef = F1CACADF2AC3097100B40DED /* WalletDev.xcconfig */; };
		F1CACAE22AC3098C00B40DED /* WalletDemo.xcconfig in Resources */ = {isa = PBXBuildFile; fileRef = F1CACAE12AC3098C00B40DED /* WalletDemo.xcconfig */; };
/* End PBXBuildFile section */

/* Begin PBXFileReference section */
		08D9175E2D9D65E900FC7A15 /* ci_post_clone.sh */ = {isa = PBXFileReference; lastKnownFileType = text.script.sh; path = ci_post_clone.sh; sourceTree = "<group>"; };
		1198ECD72AC453F200F4E71A /* logic-resources */ = {isa = PBXFileReference; lastKnownFileType = wrapper; name = "logic-resources"; path = "Modules/logic-resources"; sourceTree = "<group>"; };
		F018D9F32D087C410015876D /* logic-storage */ = {isa = PBXFileReference; lastKnownFileType = wrapper; name = "logic-storage"; path = "Modules/logic-storage"; sourceTree = "<group>"; };
		F02921612B8E07870076A58B /* WalletDemoRelease.xcconfig */ = {isa = PBXFileReference; fileEncoding = 4; lastKnownFileType = text.xcconfig; path = WalletDemoRelease.xcconfig; sourceTree = "<group>"; };
		F02921622B8E07870076A58B /* WalletDevRelease.xcconfig */ = {isa = PBXFileReference; fileEncoding = 4; lastKnownFileType = text.xcconfig; path = WalletDevRelease.xcconfig; sourceTree = "<group>"; };
		F02AE38E2BA6E45F00C25C59 /* logic-assembly */ = {isa = PBXFileReference; lastKnownFileType = wrapper; name = "logic-assembly"; path = "Modules/logic-assembly"; sourceTree = "<group>"; };
		F05E9F372AFABBC200891E8F /* feature-presentation */ = {isa = PBXFileReference; lastKnownFileType = wrapper; name = "feature-presentation"; path = "Modules/feature-presentation"; sourceTree = "<group>"; };
		F063250F2AC598370004601F /* logic-test */ = {isa = PBXFileReference; lastKnownFileType = wrapper; name = "logic-test"; path = "Modules/logic-test"; sourceTree = "<group>"; };
		F06325112AC59AF50004601F /* feature-test */ = {isa = PBXFileReference; lastKnownFileType = wrapper; name = "feature-test"; path = "Modules/feature-test"; sourceTree = "<group>"; };
		F069CC3D2AFAC0AD0033AAC5 /* feature-proximity */ = {isa = PBXFileReference; lastKnownFileType = wrapper; name = "feature-proximity"; path = "Modules/feature-proximity"; sourceTree = "<group>"; };
		F069CC3E2AFAC0AD0033AAC5 /* feature-issuance */ = {isa = PBXFileReference; lastKnownFileType = wrapper; name = "feature-issuance"; path = "Modules/feature-issuance"; sourceTree = "<group>"; };
		F09E1EA22AC3443000779C25 /* Wallet.plist */ = {isa = PBXFileReference; lastKnownFileType = text.plist.xml; path = Wallet.plist; sourceTree = "<group>"; };
		F0A013922AC35ECA00065EAD /* logic-business */ = {isa = PBXFileReference; lastKnownFileType = wrapper; name = "logic-business"; path = "Modules/logic-business"; sourceTree = "<group>"; };
		F0A013932AC35ECA00065EAD /* logic-api */ = {isa = PBXFileReference; lastKnownFileType = wrapper; name = "logic-api"; path = "Modules/logic-api"; sourceTree = "<group>"; };
		F0A013942AC35ECA00065EAD /* feature-startup */ = {isa = PBXFileReference; lastKnownFileType = wrapper; name = "feature-startup"; path = "Modules/feature-startup"; sourceTree = "<group>"; };
		F0A013962AC35ECA00065EAD /* logic-ui */ = {isa = PBXFileReference; lastKnownFileType = wrapper; name = "logic-ui"; path = "Modules/logic-ui"; sourceTree = "<group>"; };
		F0A0BE922AC35925002BE0F5 /* EudiWallet.xctestplan */ = {isa = PBXFileReference; lastKnownFileType = text; path = EudiWallet.xctestplan; sourceTree = "<group>"; };
		F0B440782B9B42B600031137 /* logic-core */ = {isa = PBXFileReference; lastKnownFileType = wrapper; name = "logic-core"; path = "Modules/logic-core"; sourceTree = "<group>"; };
		F0BFE9B62AD557290062826F /* feature-common */ = {isa = PBXFileReference; lastKnownFileType = wrapper; name = "feature-common"; path = "Modules/feature-common"; sourceTree = "<group>"; };
		F0C6207D2B6A6246007F903F /* logic-analytics */ = {isa = PBXFileReference; lastKnownFileType = wrapper; name = "logic-analytics"; path = "Modules/logic-analytics"; sourceTree = "<group>"; };
		F0DF43F42BA083DF003498ED /* logic-authentication */ = {isa = PBXFileReference; lastKnownFileType = wrapper; name = "logic-authentication"; path = "Modules/logic-authentication"; sourceTree = "<group>"; };
		F0FFD1E02D82DBB20044B5C1 /* pid_issuer_cacz01.der */ = {isa = PBXFileReference; lastKnownFileType = file; path = pid_issuer_cacz01.der; sourceTree = "<group>"; };
		F0FFD1E12D82DBB20044B5C1 /* pid_issuer_caee01.der */ = {isa = PBXFileReference; lastKnownFileType = file; path = pid_issuer_caee01.der; sourceTree = "<group>"; };
		F0FFD1E22D82DBB20044B5C1 /* pid_issuer_caeu01.der */ = {isa = PBXFileReference; lastKnownFileType = file; path = pid_issuer_caeu01.der; sourceTree = "<group>"; };
		F0FFD1E32D82DBB20044B5C1 /* pid_issuer_calu01.der */ = {isa = PBXFileReference; lastKnownFileType = file; path = pid_issuer_calu01.der; sourceTree = "<group>"; };
		F0FFD1E42D82DBB20044B5C1 /* pid_issuer_canl01.der */ = {isa = PBXFileReference; lastKnownFileType = file; path = pid_issuer_canl01.der; sourceTree = "<group>"; };
		F0FFD1E52D82DBB20044B5C1 /* pid_issuer_capt01.der */ = {isa = PBXFileReference; lastKnownFileType = file; path = pid_issuer_capt01.der; sourceTree = "<group>"; };
		F0FFD1E62D82DBB20044B5C1 /* pid_issuer_caut01.der */ = {isa = PBXFileReference; lastKnownFileType = file; path = pid_issuer_caut01.der; sourceTree = "<group>"; };
		F12E940E2ABC6C000086EC93 /* AppDelegate.swift */ = {isa = PBXFileReference; lastKnownFileType = sourcecode.swift; path = AppDelegate.swift; sourceTree = "<group>"; };
		F14907B82ABAF54B00DDFE56 /* EudiWallet.app */ = {isa = PBXFileReference; explicitFileType = wrapper.application; includeInIndex = 0; path = EudiWallet.app; sourceTree = BUILT_PRODUCTS_DIR; };
		F14907BB2ABAF54B00DDFE56 /* Application.swift */ = {isa = PBXFileReference; lastKnownFileType = sourcecode.swift; path = Application.swift; sourceTree = "<group>"; };
		F14907BF2ABAF55000DDFE56 /* Assets.xcassets */ = {isa = PBXFileReference; lastKnownFileType = folder.assetcatalog; path = Assets.xcassets; sourceTree = "<group>"; };
		F14907C22ABAF55000DDFE56 /* Preview Assets.xcassets */ = {isa = PBXFileReference; lastKnownFileType = folder.assetcatalog; path = "Preview Assets.xcassets"; sourceTree = "<group>"; };
		F1596BB02AD40EE000552D1B /* feature-dashboard */ = {isa = PBXFileReference; lastKnownFileType = wrapper; name = "feature-dashboard"; path = "Modules/feature-dashboard"; sourceTree = "<group>"; };
		F1CACADF2AC3097100B40DED /* WalletDev.xcconfig */ = {isa = PBXFileReference; lastKnownFileType = text.xcconfig; path = WalletDev.xcconfig; sourceTree = "<group>"; };
		F1CACAE12AC3098C00B40DED /* WalletDemo.xcconfig */ = {isa = PBXFileReference; lastKnownFileType = text.xcconfig; path = WalletDemo.xcconfig; sourceTree = "<group>"; };
/* End PBXFileReference section */

/* Begin PBXFrameworksBuildPhase section */
		F14907B52ABAF54B00DDFE56 /* Frameworks */ = {
			isa = PBXFrameworksBuildPhase;
			buildActionMask = 2147483647;
			files = (
				F02AE3912BA6E59600C25C59 /* logic-assembly in Frameworks */,
			);
			runOnlyForDeploymentPostprocessing = 0;
		};
/* End PBXFrameworksBuildPhase section */

/* Begin PBXGroup section */
		08D9175D2D9D65C100FC7A15 /* ci_scripts */ = {
			isa = PBXGroup;
			children = (
				08D9175E2D9D65E900FC7A15 /* ci_post_clone.sh */,
			);
			path = ci_scripts;
			sourceTree = "<group>";
		};
		F09E1EA02AC33A6800779C25 /* Config */ = {
			isa = PBXGroup;
			children = (
				F02921612B8E07870076A58B /* WalletDemoRelease.xcconfig */,
				F02921622B8E07870076A58B /* WalletDevRelease.xcconfig */,
				F1CACADF2AC3097100B40DED /* WalletDev.xcconfig */,
				F1CACAE12AC3098C00B40DED /* WalletDemo.xcconfig */,
			);
			path = Config;
			sourceTree = "<group>";
		};
		F0FFD1DF2D82DB8C0044B5C1 /* Certificate */ = {
			isa = PBXGroup;
			children = (
				F0FFD1E02D82DBB20044B5C1 /* pid_issuer_cacz01.der */,
				F0FFD1E12D82DBB20044B5C1 /* pid_issuer_caee01.der */,
				F0FFD1E22D82DBB20044B5C1 /* pid_issuer_caeu01.der */,
				F0FFD1E32D82DBB20044B5C1 /* pid_issuer_calu01.der */,
				F0FFD1E42D82DBB20044B5C1 /* pid_issuer_canl01.der */,
				F0FFD1E52D82DBB20044B5C1 /* pid_issuer_capt01.der */,
				F0FFD1E62D82DBB20044B5C1 /* pid_issuer_caut01.der */,
			);
			path = Certificate;
			sourceTree = "<group>";
		};
		F14907AF2ABAF54B00DDFE56 = {
			isa = PBXGroup;
			children = (
				08D9175D2D9D65C100FC7A15 /* ci_scripts */,
				F0A0BE922AC35925002BE0F5 /* EudiWallet.xctestplan */,
				F14907BA2ABAF54B00DDFE56 /* Wallet */,
				F14908692ABC467600DDFE56 /* Packages */,
				F14907B92ABAF54B00DDFE56 /* Products */,
				F14908182ABC3D0400DDFE56 /* Frameworks */,
			);
			sourceTree = "<group>";
		};
		F14907B92ABAF54B00DDFE56 /* Products */ = {
			isa = PBXGroup;
			children = (
				F14907B82ABAF54B00DDFE56 /* EudiWallet.app */,
			);
			name = Products;
			sourceTree = "<group>";
		};
		F14907BA2ABAF54B00DDFE56 /* Wallet */ = {
			isa = PBXGroup;
			children = (
				F0FFD1DF2D82DB8C0044B5C1 /* Certificate */,
				F09E1EA02AC33A6800779C25 /* Config */,
				F14907BB2ABAF54B00DDFE56 /* Application.swift */,
				F12E940E2ABC6C000086EC93 /* AppDelegate.swift */,
				F14907BF2ABAF55000DDFE56 /* Assets.xcassets */,
				F14907C12ABAF55000DDFE56 /* Preview Content */,
				F09E1EA22AC3443000779C25 /* Wallet.plist */,
			);
			path = Wallet;
			sourceTree = "<group>";
		};
		F14907C12ABAF55000DDFE56 /* Preview Content */ = {
			isa = PBXGroup;
			children = (
				F14907C22ABAF55000DDFE56 /* Preview Assets.xcassets */,
			);
			path = "Preview Content";
			sourceTree = "<group>";
		};
		F14908182ABC3D0400DDFE56 /* Frameworks */ = {
			isa = PBXGroup;
			children = (
			);
			name = Frameworks;
			sourceTree = "<group>";
		};
		F14908692ABC467600DDFE56 /* Packages */ = {
			isa = PBXGroup;
			children = (
				F018D9F32D087C410015876D /* logic-storage */,
				F02AE38E2BA6E45F00C25C59 /* logic-assembly */,
				F0DF43F42BA083DF003498ED /* logic-authentication */,
				F0B440782B9B42B600031137 /* logic-core */,
				F0C6207D2B6A6246007F903F /* logic-analytics */,
				F069CC3E2AFAC0AD0033AAC5 /* feature-issuance */,
				F069CC3D2AFAC0AD0033AAC5 /* feature-proximity */,
				F05E9F372AFABBC200891E8F /* feature-presentation */,
				F1596BB02AD40EE000552D1B /* feature-dashboard */,
				F0BFE9B62AD557290062826F /* feature-common */,
				1198ECD72AC453F200F4E71A /* logic-resources */,
				F06325112AC59AF50004601F /* feature-test */,
				F063250F2AC598370004601F /* logic-test */,
				F0A013942AC35ECA00065EAD /* feature-startup */,
				F0A013932AC35ECA00065EAD /* logic-api */,
				F0A013922AC35ECA00065EAD /* logic-business */,
				F0A013962AC35ECA00065EAD /* logic-ui */,
			);
			name = Packages;
			sourceTree = "<group>";
		};
/* End PBXGroup section */

/* Begin PBXNativeTarget section */
		F14907B72ABAF54B00DDFE56 /* EudiWallet */ = {
			isa = PBXNativeTarget;
			buildConfigurationList = F14907DC2ABAF55000DDFE56 /* Build configuration list for PBXNativeTarget "EudiWallet" */;
			buildPhases = (
				F14907B42ABAF54B00DDFE56 /* Sources */,
				F14907B52ABAF54B00DDFE56 /* Frameworks */,
				F14907B62ABAF54B00DDFE56 /* Resources */,
				F09E1EA52AC3468300779C25 /* Swift Lint */,
			);
			buildRules = (
			);
			dependencies = (
			);
			name = EudiWallet;
			packageProductDependencies = (
				F02AE3902BA6E59600C25C59 /* logic-assembly */,
			);
			productName = "EUDI Reference App";
			productReference = F14907B82ABAF54B00DDFE56 /* EudiWallet.app */;
			productType = "com.apple.product-type.application";
		};
/* End PBXNativeTarget section */

/* Begin PBXProject section */
		F14907B02ABAF54B00DDFE56 /* Project object */ = {
			isa = PBXProject;
			attributes = {
				BuildIndependentTargetsInParallel = YES;
				LastSwiftUpdateCheck = 1500;
				LastUpgradeCheck = 1620;
				TargetAttributes = {
					F14907B72ABAF54B00DDFE56 = {
						CreatedOnToolsVersion = 15.0;
					};
				};
			};
			buildConfigurationList = F14907B32ABAF54B00DDFE56 /* Build configuration list for PBXProject "EudiReferenceWallet" */;
			compatibilityVersion = "Xcode 14.0";
			developmentRegion = en;
			hasScannedForEncodings = 0;
			knownRegions = (
				en,
				Base,
			);
			mainGroup = F14907AF2ABAF54B00DDFE56;
			productRefGroup = F14907B92ABAF54B00DDFE56 /* Products */;
			projectDirPath = "";
			projectRoot = "";
			targets = (
				F14907B72ABAF54B00DDFE56 /* EudiWallet */,
			);
		};
/* End PBXProject section */

/* Begin PBXResourcesBuildPhase section */
		F14907B62ABAF54B00DDFE56 /* Resources */ = {
			isa = PBXResourcesBuildPhase;
			buildActionMask = 2147483647;
			files = (
				F02AE38F2BA6E45F00C25C59 /* logic-assembly in Resources */,
				F06325122AC59AF50004601F /* feature-test in Resources */,
				F14907C32ABAF55000DDFE56 /* Preview Assets.xcassets in Resources */,
				F0A013982AC35ECA00065EAD /* logic-business in Resources */,
				F069CC402AFAC0AD0033AAC5 /* feature-issuance in Resources */,
				F14907C02ABAF55000DDFE56 /* Assets.xcassets in Resources */,
				F06325102AC598370004601F /* logic-test in Resources */,
				F0C6207E2B6A6246007F903F /* logic-analytics in Resources */,
				F02921632B8E07870076A58B /* WalletDemoRelease.xcconfig in Resources */,
				F1CACAE02AC3097100B40DED /* WalletDev.xcconfig in Resources */,
				F0A013992AC35ECA00065EAD /* logic-api in Resources */,
				F0A0139A2AC35ECA00065EAD /* feature-startup in Resources */,
				F1CACAE22AC3098C00B40DED /* WalletDemo.xcconfig in Resources */,
				F0BFE9B72AD557290062826F /* feature-common in Resources */,
				F0A0139C2AC35ECA00065EAD /* logic-ui in Resources */,
				F02921642B8E07870076A58B /* WalletDevRelease.xcconfig in Resources */,
				F05E9F382AFABBC200891E8F /* feature-presentation in Resources */,
				F0FFD1E72D82DBB20044B5C1 /* pid_issuer_caee01.der in Resources */,
				F0FFD1E82D82DBB20044B5C1 /* pid_issuer_caeu01.der in Resources */,
				F0FFD1E92D82DBB20044B5C1 /* pid_issuer_caut01.der in Resources */,
				F0FFD1EA2D82DBB20044B5C1 /* pid_issuer_capt01.der in Resources */,
				F0FFD1EB2D82DBB20044B5C1 /* pid_issuer_cacz01.der in Resources */,
				F0FFD1EC2D82DBB20044B5C1 /* pid_issuer_calu01.der in Resources */,
				F0FFD1ED2D82DBB20044B5C1 /* pid_issuer_canl01.der in Resources */,
				F069CC3F2AFAC0AD0033AAC5 /* feature-proximity in Resources */,
			);
			runOnlyForDeploymentPostprocessing = 0;
		};
/* End PBXResourcesBuildPhase section */

/* Begin PBXShellScriptBuildPhase section */
		F09E1EA52AC3468300779C25 /* Swift Lint */ = {
			isa = PBXShellScriptBuildPhase;
			alwaysOutOfDate = 1;
			buildActionMask = 2147483647;
			files = (
			);
			inputFileListPaths = (
			);
			inputPaths = (
			);
			name = "Swift Lint";
			outputFileListPaths = (
			);
			outputPaths = (
			);
			runOnlyForDeploymentPostprocessing = 0;
			shellPath = /bin/sh;
			shellScript = "# Type a script or drag a script file from your workspace to insert its path.\nexport PATH=\"$PATH:/opt/homebrew/bin\"\nif which swiftlint > /dev/null; then\n  swiftlint --fix && swiftlint\nelse\n  echo \"warning: SwiftLint not installed, download from https://github.com/realm/SwiftLint\"\nfi\n";
		};
/* End PBXShellScriptBuildPhase section */

/* Begin PBXSourcesBuildPhase section */
		F14907B42ABAF54B00DDFE56 /* Sources */ = {
			isa = PBXSourcesBuildPhase;
			buildActionMask = 2147483647;
			files = (
				F12E940F2ABC6C000086EC93 /* AppDelegate.swift in Sources */,
				F14907BC2ABAF54B00DDFE56 /* Application.swift in Sources */,
			);
			runOnlyForDeploymentPostprocessing = 0;
		};
/* End PBXSourcesBuildPhase section */

/* Begin XCBuildConfiguration section */
		F0E39F512B7A678200F162E9 /* Debug Demo */ = {
			isa = XCBuildConfiguration;
			buildSettings = {
				ALWAYS_SEARCH_USER_PATHS = NO;
				ASSETCATALOG_COMPILER_GENERATE_SWIFT_ASSET_SYMBOL_EXTENSIONS = YES;
				CLANG_ANALYZER_NONNULL = YES;
				CLANG_ANALYZER_NUMBER_OBJECT_CONVERSION = YES_AGGRESSIVE;
				CLANG_CXX_LANGUAGE_STANDARD = "gnu++20";
				CLANG_ENABLE_MODULES = YES;
				CLANG_ENABLE_OBJC_ARC = YES;
				CLANG_ENABLE_OBJC_WEAK = YES;
				CLANG_WARN_BLOCK_CAPTURE_AUTORELEASING = YES;
				CLANG_WARN_BOOL_CONVERSION = YES;
				CLANG_WARN_COMMA = YES;
				CLANG_WARN_CONSTANT_CONVERSION = YES;
				CLANG_WARN_DEPRECATED_OBJC_IMPLEMENTATIONS = YES;
				CLANG_WARN_DIRECT_OBJC_ISA_USAGE = YES_ERROR;
				CLANG_WARN_DOCUMENTATION_COMMENTS = YES;
				CLANG_WARN_EMPTY_BODY = YES;
				CLANG_WARN_ENUM_CONVERSION = YES;
				CLANG_WARN_INFINITE_RECURSION = YES;
				CLANG_WARN_INT_CONVERSION = YES;
				CLANG_WARN_NON_LITERAL_NULL_CONVERSION = YES;
				CLANG_WARN_OBJC_IMPLICIT_RETAIN_SELF = YES;
				CLANG_WARN_OBJC_LITERAL_CONVERSION = YES;
				CLANG_WARN_OBJC_ROOT_CLASS = YES_ERROR;
				CLANG_WARN_QUOTED_INCLUDE_IN_FRAMEWORK_HEADER = YES;
				CLANG_WARN_RANGE_LOOP_ANALYSIS = YES;
				CLANG_WARN_STRICT_PROTOTYPES = YES;
				CLANG_WARN_SUSPICIOUS_MOVE = YES;
				CLANG_WARN_UNGUARDED_AVAILABILITY = YES_AGGRESSIVE;
				CLANG_WARN_UNREACHABLE_CODE = YES;
				CLANG_WARN__DUPLICATE_METHOD_MATCH = YES;
				COPY_PHASE_STRIP = NO;
				DEBUG_INFORMATION_FORMAT = dwarf;
				ENABLE_STRICT_OBJC_MSGSEND = YES;
				ENABLE_TESTABILITY = YES;
				ENABLE_USER_SCRIPT_SANDBOXING = YES;
				GCC_C_LANGUAGE_STANDARD = gnu17;
				GCC_DYNAMIC_NO_PIC = NO;
				GCC_NO_COMMON_BLOCKS = YES;
				GCC_OPTIMIZATION_LEVEL = 0;
				GCC_PREPROCESSOR_DEFINITIONS = (
					"DEBUG=1",
					"$(inherited)",
				);
				GCC_WARN_64_TO_32_BIT_CONVERSION = YES;
				GCC_WARN_ABOUT_RETURN_TYPE = YES_ERROR;
				GCC_WARN_UNDECLARED_SELECTOR = YES;
				GCC_WARN_UNINITIALIZED_AUTOS = YES_AGGRESSIVE;
				GCC_WARN_UNUSED_FUNCTION = YES;
				GCC_WARN_UNUSED_VARIABLE = YES;
				IPHONEOS_DEPLOYMENT_TARGET = 16.6;
				LOCALIZATION_PREFERS_STRING_CATALOGS = YES;
				MTL_ENABLE_DEBUG_INFO = INCLUDE_SOURCE;
				MTL_FAST_MATH = YES;
				ONLY_ACTIVE_ARCH = YES;
				SDKROOT = iphoneos;
				SWIFT_ACTIVE_COMPILATION_CONDITIONS = "DEBUG $(inherited)";
				SWIFT_OPTIMIZATION_LEVEL = "-Onone";
			};
			name = "Debug Demo";
		};
		F0E39F522B7A678200F162E9 /* Debug Demo */ = {
			isa = XCBuildConfiguration;
			baseConfigurationReference = F1CACAE12AC3098C00B40DED /* WalletDemo.xcconfig */;
			buildSettings = {
				ASSETCATALOG_COMPILER_APPICON_NAME = AppIcon;
				ASSETCATALOG_COMPILER_GLOBAL_ACCENT_COLOR_NAME = AccentColor;
				CODE_SIGN_IDENTITY = "Apple Development";
				CODE_SIGN_STYLE = Automatic;
				CURRENT_PROJECT_VERSION = 1;
				DEBUG_INFORMATION_FORMAT = "dwarf-with-dsym";
				DEVELOPMENT_ASSET_PATHS = "Wallet/Preview\\ Content";
				DEVELOPMENT_TEAM = 9NR5K6K6B5;
				ENABLE_PREVIEWS = YES;
				ENABLE_TESTING_SEARCH_PATHS = YES;
				ENABLE_USER_SCRIPT_SANDBOXING = NO;
				GENERATE_INFOPLIST_FILE = YES;
				INFOPLIST_FILE = Wallet/Wallet.plist;
				INFOPLIST_KEY_CFBundleDisplayName = "Demo lommebok";
				INFOPLIST_KEY_LSApplicationCategoryType = "public.app-category.productivity";
				INFOPLIST_KEY_NSBluetoothAlwaysUsageDescription = "Share mdoc using BLE peripheral mode";
				INFOPLIST_KEY_NSCameraUsageDescription = "Scan QR codes in web pages";
				INFOPLIST_KEY_NSFaceIDUsageDescription = "Allow Face ID to access stored credentials";
				INFOPLIST_KEY_UIApplicationSceneManifest_Generation = YES;
				INFOPLIST_KEY_UIApplicationSupportsIndirectInputEvents = YES;
				INFOPLIST_KEY_UILaunchScreen_Generation = YES;
				INFOPLIST_KEY_UISupportedInterfaceOrientations = UIInterfaceOrientationPortrait;
				INFOPLIST_KEY_UISupportedInterfaceOrientations_iPad = "UIInterfaceOrientationLandscapeLeft UIInterfaceOrientationLandscapeRight UIInterfaceOrientationPortrait";
				IPHONEOS_DEPLOYMENT_TARGET = 16.0;
				LD_RUNPATH_SEARCH_PATHS = (
					"$(inherited)",
					"@executable_path/Frameworks",
				);
				MARKETING_VERSION = 1.0.0;
				PRODUCT_BUNDLE_IDENTIFIER = "net.eidas2sandkasse.demo-lommebok";
				PRODUCT_NAME = "$(TARGET_NAME)";
				PROVISIONING_PROFILE_SPECIFIER = "";
				SUPPORTED_PLATFORMS = "iphoneos iphonesimulator";
				SUPPORTS_MACCATALYST = NO;
				SUPPORTS_MAC_DESIGNED_FOR_IPHONE_IPAD = NO;
				SWIFT_EMIT_LOC_STRINGS = YES;
				SWIFT_VERSION = 5.0;
				TARGETED_DEVICE_FAMILY = 1;
			};
			name = "Debug Demo";
		};
		F0E39F532B7A678D00F162E9 /* Release Demo */ = {
			isa = XCBuildConfiguration;
			buildSettings = {
				ALWAYS_SEARCH_USER_PATHS = NO;
				ASSETCATALOG_COMPILER_GENERATE_SWIFT_ASSET_SYMBOL_EXTENSIONS = YES;
				CLANG_ANALYZER_NONNULL = YES;
				CLANG_ANALYZER_NUMBER_OBJECT_CONVERSION = YES_AGGRESSIVE;
				CLANG_CXX_LANGUAGE_STANDARD = "gnu++20";
				CLANG_ENABLE_MODULES = YES;
				CLANG_ENABLE_OBJC_ARC = YES;
				CLANG_ENABLE_OBJC_WEAK = YES;
				CLANG_WARN_BLOCK_CAPTURE_AUTORELEASING = YES;
				CLANG_WARN_BOOL_CONVERSION = YES;
				CLANG_WARN_COMMA = YES;
				CLANG_WARN_CONSTANT_CONVERSION = YES;
				CLANG_WARN_DEPRECATED_OBJC_IMPLEMENTATIONS = YES;
				CLANG_WARN_DIRECT_OBJC_ISA_USAGE = YES_ERROR;
				CLANG_WARN_DOCUMENTATION_COMMENTS = YES;
				CLANG_WARN_EMPTY_BODY = YES;
				CLANG_WARN_ENUM_CONVERSION = YES;
				CLANG_WARN_INFINITE_RECURSION = YES;
				CLANG_WARN_INT_CONVERSION = YES;
				CLANG_WARN_NON_LITERAL_NULL_CONVERSION = YES;
				CLANG_WARN_OBJC_IMPLICIT_RETAIN_SELF = YES;
				CLANG_WARN_OBJC_LITERAL_CONVERSION = YES;
				CLANG_WARN_OBJC_ROOT_CLASS = YES_ERROR;
				CLANG_WARN_QUOTED_INCLUDE_IN_FRAMEWORK_HEADER = YES;
				CLANG_WARN_RANGE_LOOP_ANALYSIS = YES;
				CLANG_WARN_STRICT_PROTOTYPES = YES;
				CLANG_WARN_SUSPICIOUS_MOVE = YES;
				CLANG_WARN_UNGUARDED_AVAILABILITY = YES_AGGRESSIVE;
				CLANG_WARN_UNREACHABLE_CODE = YES;
				CLANG_WARN__DUPLICATE_METHOD_MATCH = YES;
				COPY_PHASE_STRIP = NO;
				DEBUG_INFORMATION_FORMAT = "dwarf-with-dsym";
				ENABLE_NS_ASSERTIONS = NO;
				ENABLE_STRICT_OBJC_MSGSEND = YES;
				ENABLE_USER_SCRIPT_SANDBOXING = YES;
				GCC_C_LANGUAGE_STANDARD = gnu17;
				GCC_NO_COMMON_BLOCKS = YES;
				GCC_WARN_64_TO_32_BIT_CONVERSION = YES;
				GCC_WARN_ABOUT_RETURN_TYPE = YES_ERROR;
				GCC_WARN_UNDECLARED_SELECTOR = YES;
				GCC_WARN_UNINITIALIZED_AUTOS = YES_AGGRESSIVE;
				GCC_WARN_UNUSED_FUNCTION = YES;
				GCC_WARN_UNUSED_VARIABLE = YES;
				IPHONEOS_DEPLOYMENT_TARGET = 16.6;
				LOCALIZATION_PREFERS_STRING_CATALOGS = YES;
				MTL_ENABLE_DEBUG_INFO = NO;
				MTL_FAST_MATH = YES;
				SDKROOT = iphoneos;
				SWIFT_COMPILATION_MODE = wholemodule;
				VALIDATE_PRODUCT = YES;
			};
			name = "Release Demo";
		};
		F0E39F542B7A678D00F162E9 /* Release Demo */ = {
			isa = XCBuildConfiguration;
			baseConfigurationReference = F02921612B8E07870076A58B /* WalletDemoRelease.xcconfig */;
			buildSettings = {
				ASSETCATALOG_COMPILER_APPICON_NAME = AppIcon;
				ASSETCATALOG_COMPILER_GLOBAL_ACCENT_COLOR_NAME = AccentColor;
				CODE_SIGN_IDENTITY = "Apple Development";
				CODE_SIGN_STYLE = Automatic;
				CURRENT_PROJECT_VERSION = 1;
				DEVELOPMENT_ASSET_PATHS = "Wallet/Preview\\ Content";
				DEVELOPMENT_TEAM = 9NR5K6K6B5;
				ENABLE_PREVIEWS = YES;
				ENABLE_TESTING_SEARCH_PATHS = YES;
				ENABLE_USER_SCRIPT_SANDBOXING = NO;
				GENERATE_INFOPLIST_FILE = YES;
				INFOPLIST_FILE = Wallet/Wallet.plist;
				INFOPLIST_KEY_CFBundleDisplayName = "Demo lommebok";
				INFOPLIST_KEY_LSApplicationCategoryType = "public.app-category.productivity";
				INFOPLIST_KEY_NSBluetoothAlwaysUsageDescription = "Share mdoc using BLE peripheral mode";
				INFOPLIST_KEY_NSCameraUsageDescription = "Scan QR codes in web pages";
				INFOPLIST_KEY_NSFaceIDUsageDescription = "Allow Face ID to access stored credentials";
				INFOPLIST_KEY_UIApplicationSceneManifest_Generation = YES;
				INFOPLIST_KEY_UIApplicationSupportsIndirectInputEvents = YES;
				INFOPLIST_KEY_UILaunchScreen_Generation = YES;
				INFOPLIST_KEY_UISupportedInterfaceOrientations = UIInterfaceOrientationPortrait;
				INFOPLIST_KEY_UISupportedInterfaceOrientations_iPad = "UIInterfaceOrientationLandscapeLeft UIInterfaceOrientationLandscapeRight UIInterfaceOrientationPortrait";
				IPHONEOS_DEPLOYMENT_TARGET = 16.0;
				LD_RUNPATH_SEARCH_PATHS = (
					"$(inherited)",
					"@executable_path/Frameworks",
				);
				MARKETING_VERSION = 1.0.0;
				PRODUCT_BUNDLE_IDENTIFIER = "net.eidas2sandkasse.demo-lommebok";
				PRODUCT_NAME = "$(TARGET_NAME)";
				PROVISIONING_PROFILE_SPECIFIER = "";
				SUPPORTED_PLATFORMS = "iphoneos iphonesimulator";
				SUPPORTS_MACCATALYST = NO;
				SUPPORTS_MAC_DESIGNED_FOR_IPHONE_IPAD = NO;
				SWIFT_EMIT_LOC_STRINGS = YES;
				SWIFT_VERSION = 5.0;
				TARGETED_DEVICE_FAMILY = 1;
			};
			name = "Release Demo";
		};
		F14907DA2ABAF55000DDFE56 /* Debug Dev */ = {
			isa = XCBuildConfiguration;
			buildSettings = {
				ALWAYS_SEARCH_USER_PATHS = NO;
				ASSETCATALOG_COMPILER_GENERATE_SWIFT_ASSET_SYMBOL_EXTENSIONS = YES;
				CLANG_ANALYZER_NONNULL = YES;
				CLANG_ANALYZER_NUMBER_OBJECT_CONVERSION = YES_AGGRESSIVE;
				CLANG_CXX_LANGUAGE_STANDARD = "gnu++20";
				CLANG_ENABLE_MODULES = YES;
				CLANG_ENABLE_OBJC_ARC = YES;
				CLANG_ENABLE_OBJC_WEAK = YES;
				CLANG_WARN_BLOCK_CAPTURE_AUTORELEASING = YES;
				CLANG_WARN_BOOL_CONVERSION = YES;
				CLANG_WARN_COMMA = YES;
				CLANG_WARN_CONSTANT_CONVERSION = YES;
				CLANG_WARN_DEPRECATED_OBJC_IMPLEMENTATIONS = YES;
				CLANG_WARN_DIRECT_OBJC_ISA_USAGE = YES_ERROR;
				CLANG_WARN_DOCUMENTATION_COMMENTS = YES;
				CLANG_WARN_EMPTY_BODY = YES;
				CLANG_WARN_ENUM_CONVERSION = YES;
				CLANG_WARN_INFINITE_RECURSION = YES;
				CLANG_WARN_INT_CONVERSION = YES;
				CLANG_WARN_NON_LITERAL_NULL_CONVERSION = YES;
				CLANG_WARN_OBJC_IMPLICIT_RETAIN_SELF = YES;
				CLANG_WARN_OBJC_LITERAL_CONVERSION = YES;
				CLANG_WARN_OBJC_ROOT_CLASS = YES_ERROR;
				CLANG_WARN_QUOTED_INCLUDE_IN_FRAMEWORK_HEADER = YES;
				CLANG_WARN_RANGE_LOOP_ANALYSIS = YES;
				CLANG_WARN_STRICT_PROTOTYPES = YES;
				CLANG_WARN_SUSPICIOUS_MOVE = YES;
				CLANG_WARN_UNGUARDED_AVAILABILITY = YES_AGGRESSIVE;
				CLANG_WARN_UNREACHABLE_CODE = YES;
				CLANG_WARN__DUPLICATE_METHOD_MATCH = YES;
				COPY_PHASE_STRIP = NO;
				DEBUG_INFORMATION_FORMAT = dwarf;
				ENABLE_STRICT_OBJC_MSGSEND = YES;
				ENABLE_TESTABILITY = YES;
				ENABLE_USER_SCRIPT_SANDBOXING = YES;
				GCC_C_LANGUAGE_STANDARD = gnu17;
				GCC_DYNAMIC_NO_PIC = NO;
				GCC_NO_COMMON_BLOCKS = YES;
				GCC_OPTIMIZATION_LEVEL = 0;
				GCC_PREPROCESSOR_DEFINITIONS = (
					"DEBUG=1",
					"$(inherited)",
				);
				GCC_WARN_64_TO_32_BIT_CONVERSION = YES;
				GCC_WARN_ABOUT_RETURN_TYPE = YES_ERROR;
				GCC_WARN_UNDECLARED_SELECTOR = YES;
				GCC_WARN_UNINITIALIZED_AUTOS = YES_AGGRESSIVE;
				GCC_WARN_UNUSED_FUNCTION = YES;
				GCC_WARN_UNUSED_VARIABLE = YES;
				IPHONEOS_DEPLOYMENT_TARGET = 16.6;
				LOCALIZATION_PREFERS_STRING_CATALOGS = YES;
				MTL_ENABLE_DEBUG_INFO = INCLUDE_SOURCE;
				MTL_FAST_MATH = YES;
				ONLY_ACTIVE_ARCH = YES;
				SDKROOT = iphoneos;
				SWIFT_ACTIVE_COMPILATION_CONDITIONS = "DEBUG $(inherited)";
				SWIFT_OPTIMIZATION_LEVEL = "-Onone";
			};
			name = "Debug Dev";
		};
		F14907DB2ABAF55000DDFE56 /* Release Dev */ = {
			isa = XCBuildConfiguration;
			buildSettings = {
				ALWAYS_SEARCH_USER_PATHS = NO;
				ASSETCATALOG_COMPILER_GENERATE_SWIFT_ASSET_SYMBOL_EXTENSIONS = YES;
				CLANG_ANALYZER_NONNULL = YES;
				CLANG_ANALYZER_NUMBER_OBJECT_CONVERSION = YES_AGGRESSIVE;
				CLANG_CXX_LANGUAGE_STANDARD = "gnu++20";
				CLANG_ENABLE_MODULES = YES;
				CLANG_ENABLE_OBJC_ARC = YES;
				CLANG_ENABLE_OBJC_WEAK = YES;
				CLANG_WARN_BLOCK_CAPTURE_AUTORELEASING = YES;
				CLANG_WARN_BOOL_CONVERSION = YES;
				CLANG_WARN_COMMA = YES;
				CLANG_WARN_CONSTANT_CONVERSION = YES;
				CLANG_WARN_DEPRECATED_OBJC_IMPLEMENTATIONS = YES;
				CLANG_WARN_DIRECT_OBJC_ISA_USAGE = YES_ERROR;
				CLANG_WARN_DOCUMENTATION_COMMENTS = YES;
				CLANG_WARN_EMPTY_BODY = YES;
				CLANG_WARN_ENUM_CONVERSION = YES;
				CLANG_WARN_INFINITE_RECURSION = YES;
				CLANG_WARN_INT_CONVERSION = YES;
				CLANG_WARN_NON_LITERAL_NULL_CONVERSION = YES;
				CLANG_WARN_OBJC_IMPLICIT_RETAIN_SELF = YES;
				CLANG_WARN_OBJC_LITERAL_CONVERSION = YES;
				CLANG_WARN_OBJC_ROOT_CLASS = YES_ERROR;
				CLANG_WARN_QUOTED_INCLUDE_IN_FRAMEWORK_HEADER = YES;
				CLANG_WARN_RANGE_LOOP_ANALYSIS = YES;
				CLANG_WARN_STRICT_PROTOTYPES = YES;
				CLANG_WARN_SUSPICIOUS_MOVE = YES;
				CLANG_WARN_UNGUARDED_AVAILABILITY = YES_AGGRESSIVE;
				CLANG_WARN_UNREACHABLE_CODE = YES;
				CLANG_WARN__DUPLICATE_METHOD_MATCH = YES;
				COPY_PHASE_STRIP = NO;
				DEBUG_INFORMATION_FORMAT = "dwarf-with-dsym";
				ENABLE_NS_ASSERTIONS = NO;
				ENABLE_STRICT_OBJC_MSGSEND = YES;
				ENABLE_USER_SCRIPT_SANDBOXING = YES;
				GCC_C_LANGUAGE_STANDARD = gnu17;
				GCC_NO_COMMON_BLOCKS = YES;
				GCC_WARN_64_TO_32_BIT_CONVERSION = YES;
				GCC_WARN_ABOUT_RETURN_TYPE = YES_ERROR;
				GCC_WARN_UNDECLARED_SELECTOR = YES;
				GCC_WARN_UNINITIALIZED_AUTOS = YES_AGGRESSIVE;
				GCC_WARN_UNUSED_FUNCTION = YES;
				GCC_WARN_UNUSED_VARIABLE = YES;
				IPHONEOS_DEPLOYMENT_TARGET = 16.6;
				LOCALIZATION_PREFERS_STRING_CATALOGS = YES;
				MTL_ENABLE_DEBUG_INFO = NO;
				MTL_FAST_MATH = YES;
				SDKROOT = iphoneos;
				SWIFT_COMPILATION_MODE = wholemodule;
				VALIDATE_PRODUCT = YES;
			};
			name = "Release Dev";
		};
		F14907DD2ABAF55000DDFE56 /* Debug Dev */ = {
			isa = XCBuildConfiguration;
			baseConfigurationReference = F1CACADF2AC3097100B40DED /* WalletDev.xcconfig */;
			buildSettings = {
				ASSETCATALOG_COMPILER_APPICON_NAME = AppIconDev;
				ASSETCATALOG_COMPILER_GLOBAL_ACCENT_COLOR_NAME = AccentColor;
				CODE_SIGN_IDENTITY = "Apple Development";
				CODE_SIGN_STYLE = Automatic;
				CURRENT_PROJECT_VERSION = 1;
				DEBUG_INFORMATION_FORMAT = "dwarf-with-dsym";
				DEVELOPMENT_ASSET_PATHS = "Wallet/Preview\\ Content";
				DEVELOPMENT_TEAM = 9NR5K6K6B5;
				ENABLE_PREVIEWS = YES;
				ENABLE_TESTING_SEARCH_PATHS = YES;
				ENABLE_USER_SCRIPT_SANDBOXING = NO;
				GENERATE_INFOPLIST_FILE = YES;
				INFOPLIST_FILE = Wallet/Wallet.plist;
				INFOPLIST_KEY_CFBundleDisplayName = "Demo lommebok";
				INFOPLIST_KEY_LSApplicationCategoryType = "public.app-category.productivity";
				INFOPLIST_KEY_NSBluetoothAlwaysUsageDescription = "Share mdoc using BLE peripheral mode";
				INFOPLIST_KEY_NSCameraUsageDescription = "Scan QR codes in web pages";
				INFOPLIST_KEY_NSFaceIDUsageDescription = "Allow Face ID to access stored credentials";
				INFOPLIST_KEY_UIApplicationSceneManifest_Generation = YES;
				INFOPLIST_KEY_UIApplicationSupportsIndirectInputEvents = YES;
				INFOPLIST_KEY_UILaunchScreen_Generation = YES;
				INFOPLIST_KEY_UISupportedInterfaceOrientations = UIInterfaceOrientationPortrait;
				INFOPLIST_KEY_UISupportedInterfaceOrientations_iPad = "UIInterfaceOrientationLandscapeLeft UIInterfaceOrientationLandscapeRight UIInterfaceOrientationPortrait";
				IPHONEOS_DEPLOYMENT_TARGET = 16.0;
				LD_RUNPATH_SEARCH_PATHS = (
					"$(inherited)",
					"@executable_path/Frameworks",
				);
				MARKETING_VERSION = 1.0.0;
				PRODUCT_BUNDLE_IDENTIFIER = "net.eidas2sandkasse.demo-lommebok.dev";
				PRODUCT_NAME = "$(TARGET_NAME)";
				PROVISIONING_PROFILE_SPECIFIER = "";
				SUPPORTED_PLATFORMS = "iphoneos iphonesimulator";
				SUPPORTS_MACCATALYST = NO;
				SUPPORTS_MAC_DESIGNED_FOR_IPHONE_IPAD = NO;
				SWIFT_EMIT_LOC_STRINGS = YES;
				SWIFT_VERSION = 5.0;
				TARGETED_DEVICE_FAMILY = 1;
			};
			name = "Debug Dev";
		};
		F14907DE2ABAF55000DDFE56 /* Release Dev */ = {
			isa = XCBuildConfiguration;
			baseConfigurationReference = F02921622B8E07870076A58B /* WalletDevRelease.xcconfig */;
			buildSettings = {
				ASSETCATALOG_COMPILER_APPICON_NAME = AppIconDev;
				ASSETCATALOG_COMPILER_GLOBAL_ACCENT_COLOR_NAME = AccentColor;
				CODE_SIGN_IDENTITY = "Apple Development";
				CODE_SIGN_STYLE = Automatic;
				CURRENT_PROJECT_VERSION = 1;
				DEVELOPMENT_ASSET_PATHS = "Wallet/Preview\\ Content";
				DEVELOPMENT_TEAM = 9NR5K6K6B5;
				ENABLE_PREVIEWS = YES;
				ENABLE_TESTING_SEARCH_PATHS = YES;
				ENABLE_USER_SCRIPT_SANDBOXING = NO;
				GENERATE_INFOPLIST_FILE = YES;
				INFOPLIST_FILE = Wallet/Wallet.plist;
				INFOPLIST_KEY_CFBundleDisplayName = "Demo lommebok";
				INFOPLIST_KEY_LSApplicationCategoryType = "public.app-category.productivity";
				INFOPLIST_KEY_NSBluetoothAlwaysUsageDescription = "Share mdoc using BLE peripheral mode";
				INFOPLIST_KEY_NSCameraUsageDescription = "Scan QR codes in web pages";
				INFOPLIST_KEY_NSFaceIDUsageDescription = "Allow Face ID to access stored credentials";
				INFOPLIST_KEY_UIApplicationSceneManifest_Generation = YES;
				INFOPLIST_KEY_UIApplicationSupportsIndirectInputEvents = YES;
				INFOPLIST_KEY_UILaunchScreen_Generation = YES;
				INFOPLIST_KEY_UISupportedInterfaceOrientations = UIInterfaceOrientationPortrait;
				INFOPLIST_KEY_UISupportedInterfaceOrientations_iPad = "UIInterfaceOrientationLandscapeLeft UIInterfaceOrientationLandscapeRight UIInterfaceOrientationPortrait";
				IPHONEOS_DEPLOYMENT_TARGET = 16.0;
				LD_RUNPATH_SEARCH_PATHS = (
					"$(inherited)",
					"@executable_path/Frameworks",
				);
				MARKETING_VERSION = 1.0.0;
				PRODUCT_BUNDLE_IDENTIFIER = "net.eidas2sandkasse.demo-lommebok.dev";
				PRODUCT_NAME = "$(TARGET_NAME)";
				PROVISIONING_PROFILE_SPECIFIER = "";
				SUPPORTED_PLATFORMS = "iphoneos iphonesimulator";
				SUPPORTS_MACCATALYST = NO;
				SUPPORTS_MAC_DESIGNED_FOR_IPHONE_IPAD = NO;
				SWIFT_EMIT_LOC_STRINGS = YES;
				SWIFT_VERSION = 5.0;
				TARGETED_DEVICE_FAMILY = 1;
			};
			name = "Release Dev";
		};
/* End XCBuildConfiguration section */

/* Begin XCConfigurationList section */
		F14907B32ABAF54B00DDFE56 /* Build configuration list for PBXProject "EudiReferenceWallet" */ = {
			isa = XCConfigurationList;
			buildConfigurations = (
				F14907DA2ABAF55000DDFE56 /* Debug Dev */,
				F0E39F512B7A678200F162E9 /* Debug Demo */,
				F14907DB2ABAF55000DDFE56 /* Release Dev */,
				F0E39F532B7A678D00F162E9 /* Release Demo */,
			);
			defaultConfigurationIsVisible = 0;
			defaultConfigurationName = "Release Demo";
		};
		F14907DC2ABAF55000DDFE56 /* Build configuration list for PBXNativeTarget "EudiWallet" */ = {
			isa = XCConfigurationList;
			buildConfigurations = (
				F14907DD2ABAF55000DDFE56 /* Debug Dev */,
				F0E39F522B7A678200F162E9 /* Debug Demo */,
				F14907DE2ABAF55000DDFE56 /* Release Dev */,
				F0E39F542B7A678D00F162E9 /* Release Demo */,
			);
			defaultConfigurationIsVisible = 0;
			defaultConfigurationName = "Release Demo";
		};
/* End XCConfigurationList section */

/* Begin XCSwiftPackageProductDependency section */
		F02AE3902BA6E59600C25C59 /* logic-assembly */ = {
			isa = XCSwiftPackageProductDependency;
			productName = "logic-assembly";
		};
/* End XCSwiftPackageProductDependency section */
	};
	rootObject = F14907B02ABAF54B00DDFE56 /* Project object */;
}
