{
  "pins" : [
    {
      "identity" : "asn1decoder",
      "kind" : "remoteSourceControl",
      "location" : "https://github.com/filom/ASN1Decoder",
      "state" : {
        "revision" : "65953a42a0f039f53c73e48fd88c02809f7db607",
        "version" : "1.8.0"
      }
    },
    {
      "identity" : "eudi-lib-ios-iso18013-data-model",
      "kind" : "remoteSourceControl",
      "location" : "https://github.com/eu-digital-identity-wallet/eudi-lib-ios-iso18013-data-model",
      "state" : {
        "branch" : "develop",
        "revision" : "cd5d6434539e44e9743070e3cf80327115b717ed"
      }
    },
    {
      "identity" : "eudi-lib-ios-iso18013-data-transfer",
      "kind" : "remoteSourceControl",
      "location" : "https://github.com/eu-digital-identity-wallet/eudi-lib-ios-iso18013-data-transfer",
      "state" : {
        "branch" : "develop",
        "revision" : "2ab6de0adcfb6780e4a897d56d957300bcfa66e5"
      }
    },
    {
      "identity" : "eudi-lib-ios-iso18013-security",
      "kind" : "remoteSourceControl",
      "location" : "https://github.com/eu-digital-identity-wallet/eudi-lib-ios-iso18013-security",
      "state" : {
        "branch" : "develop",
        "revision" : "b88c54e26675acae6337e4bdc7e261b4ddce3c63"
      }
    },
    {
      "identity" : "swift-log",
      "kind" : "remoteSourceControl",
      "location" : "https://github.com/apple/swift-log.git",
      "state" : {
        "branch" : "main",
        "revision" : "cb28750240a9389e0023ee3e3cb6c83ce0960f5c"
      }
    },
    {
      "identity" : "swiftcbor",
      "kind" : "remoteSourceControl",
      "location" : "https://github.com/valpackett/SwiftCBOR.git",
      "state" : {
        "branch" : "master",
        "revision" : "edc01765cf6b3685bb622bb09242ef5964fb991b"
      }
    }
  ],
  "version" : 2
}
