{
  "pins" : [
    {
      "identity" : "asn1decoder",
      "kind" : "remoteSourceControl",
      "location" : "https://github.com/filom/ASN1Decoder",
      "state" : {
        "revision" : "d30708c89cbbf8f0f27122a53fbd98d0cda079fd",
        "version" : "1.9.0"
      }
    },
    {
      "identity" : "eudi-lib-ios-iso18013-data-model",
      "kind" : "remoteSourceControl",
      "location" : "https://github.com/eu-digital-identity-wallet/eudi-lib-ios-iso18013-data-model",
      "state" : {
        "branch" : "develop",
        "revision" : "57e48f640f88d08a48b04b613afb04fc45073bac"
      }
    },
    {
      "identity" : "eudi-lib-ios-iso18013-data-transfer",
      "kind" : "remoteSourceControl",
      "location" : "https://github.com/eu-digital-identity-wallet/eudi-lib-ios-iso18013-data-transfer",
      "state" : {
        "branch" : "develop",
        "revision" : "0456b38f470da77d347d32d74ae1a31f26b74b00"
      }
    },
    {
      "identity" : "eudi-lib-ios-iso18013-security",
      "kind" : "remoteSourceControl",
      "location" : "https://github.com/eu-digital-identity-wallet/eudi-lib-ios-iso18013-security",
      "state" : {
        "branch" : "develop",
        "revision" : "4dc6f39d4143a8a65ba3e17d2298ca8e6410ffab"
      }
    },
    {
      "identity" : "swift-log",
      "kind" : "remoteSourceControl",
      "location" : "https://github.com/apple/swift-log.git",
      "state" : {
        "branch" : "main",
        "revision" : "cb28750240a9389e0023ee3e3cb6c83ce0960f5c"
      }
    },
    {
      "identity" : "swiftcbor",
      "kind" : "remoteSourceControl",
      "location" : "https://github.com/valpackett/SwiftCBOR.git",
      "state" : {
        "branch" : "master",
        "revision" : "edc01765cf6b3685bb622bb09242ef5964fb991b"
      }
    }
  ],
  "version" : 2
}
